// !$*UTF8*$!
{
	archiveVersion = 1;
	classes = {
	};
	objectVersion = 46;
	objects = {

/* Begin PBXBuildFile section */
		1BB210CB97C6448882332D33 /* libPods.a in Frameworks */ = {isa = PBXBuildFile; fileRef = 5159A749A730432CA2E880E2 /* libPods.a */; };
		EA6BAF0A19B6F60F00688104 /* YPActivitiesApi.m in Sources */ = {isa = PBXBuildFile; fileRef = EA6BAE7F19B6F60F00688104 /* YPActivitiesApi.m */; };
		EA6BAF0B19B6F60F00688104 /* YPActivity.m in Sources */ = {isa = PBXBuildFile; fileRef = EA6BAE8119B6F60F00688104 /* YPActivity.m */; };
		EA6BAF0C19B6F60F00688104 /* YPActivityEvent.m in Sources */ = {isa = PBXBuildFile; fileRef = EA6BAE8319B6F60F00688104 /* YPActivityEvent.m */; };
		EA6BAF0D19B6F60F00688104 /* YPActivityeventsApi.m in Sources */ = {isa = PBXBuildFile; fileRef = EA6BAE8519B6F60F00688104 /* YPActivityeventsApi.m */; };
		EA6BAF0E19B6F60F00688104 /* YPActivityInvitationStatusResult.m in Sources */ = {isa = PBXBuildFile; fileRef = EA6BAE8719B6F60F00688104 /* YPActivityInvitationStatusResult.m */; };
		EA6BAF0F19B6F60F00688104 /* YPActivityValidationResult.m in Sources */ = {isa = PBXBuildFile; fileRef = EA6BAE8919B6F60F00688104 /* YPActivityValidationResult.m */; };
		EA6BAF1019B6F60F00688104 /* YPAddress.m in Sources */ = {isa = PBXBuildFile; fileRef = EA6BAE8B19B6F60F00688104 /* YPAddress.m */; };
		EA6BAF1119B6F60F00688104 /* YPAnswer.m in Sources */ = {isa = PBXBuildFile; fileRef = EA6BAE8D19B6F60F00688104 /* YPAnswer.m */; };
		EA6BAF1219B6F60F00688104 /* YPApiClient.m in Sources */ = {isa = PBXBuildFile; fileRef = EA6BAE8F19B6F60F00688104 /* YPApiClient.m */; };
		EA6BAF1319B6F60F00688104 /* YPAssessment.m in Sources */ = {isa = PBXBuildFile; fileRef = EA6BAE9119B6F60F00688104 /* YPAssessment.m */; };
		EA6BAF1419B6F60F00688104 /* YPAssessmentQuestion.m in Sources */ = {isa = PBXBuildFile; fileRef = EA6BAE9319B6F60F00688104 /* YPAssessmentQuestion.m */; };
		EA6BAF1519B6F60F00688104 /* YPAssessmentResult.m in Sources */ = {isa = PBXBuildFile; fileRef = EA6BAE9519B6F60F00688104 /* YPAssessmentResult.m */; };
		EA6BAF1619B6F60F00688104 /* YPAssessmentResultAnswer.m in Sources */ = {isa = PBXBuildFile; fileRef = EA6BAE9719B6F60F00688104 /* YPAssessmentResultAnswer.m */; };
		EA6BAF1719B6F60F00688104 /* YPAssessmentsApi.m in Sources */ = {isa = PBXBuildFile; fileRef = EA6BAE9919B6F60F00688104 /* YPAssessmentsApi.m */; };
		EA6BAF1819B6F60F00688104 /* YPAuthApi.m in Sources */ = {isa = PBXBuildFile; fileRef = EA6BAE9B19B6F60F00688104 /* YPAuthApi.m */; };
		EA6BAF1919B6F61000688104 /* YPCampaign.m in Sources */ = {isa = PBXBuildFile; fileRef = EA6BAE9D19B6F60F00688104 /* YPCampaign.m */; };
		EA6BAF1A19B6F61000688104 /* YPCampaignsApi.m in Sources */ = {isa = PBXBuildFile; fileRef = EA6BAE9F19B6F60F00688104 /* YPCampaignsApi.m */; };
		EA6BAF1B19B6F61000688104 /* YPCoachmessagesApi.m in Sources */ = {isa = PBXBuildFile; fileRef = EA6BAEA119B6F60F00688104 /* YPCoachmessagesApi.m */; };
		EA6BAF1C19B6F61000688104 /* YPContact.m in Sources */ = {isa = PBXBuildFile; fileRef = EA6BAEA319B6F60F00688104 /* YPContact.m */; };
		EA6BAF1D19B6F61000688104 /* YPDate.m in Sources */ = {isa = PBXBuildFile; fileRef = EA6BAEA519B6F60F00688104 /* YPDate.m */; };
		EA6BAF1E19B6F61000688104 /* YPEmail.m in Sources */ = {isa = PBXBuildFile; fileRef = EA6BAEA719B6F60F00688104 /* YPEmail.m */; };
		EA6BAF1F19B6F61000688104 /* YPEmailObject.m in Sources */ = {isa = PBXBuildFile; fileRef = EA6BAEA919B6F60F00688104 /* YPEmailObject.m */; };
		EA6BAF2019B6F61000688104 /* YPEndby.m in Sources */ = {isa = PBXBuildFile; fileRef = EA6BAEAB19B6F60F00688104 /* YPEndby.m */; };
		EA6BAF2119B6F61000688104 /* YPError.m in Sources */ = {isa = PBXBuildFile; fileRef = EA6BAEAD19B6F60F00688104 /* YPError.m */; };
		EA6BAF2219B6F61000688104 /* YPErrorApi.m in Sources */ = {isa = PBXBuildFile; fileRef = EA6BAEAF19B6F60F00688104 /* YPErrorApi.m */; };
		EA6BAF2319B6F61000688104 /* YPErrorObject.m in Sources */ = {isa = PBXBuildFile; fileRef = EA6BAEB119B6F60F00688104 /* YPErrorObject.m */; };
		EA6BAF2419B6F61000688104 /* YPFeedback.m in Sources */ = {isa = PBXBuildFile; fileRef = EA6BAEB319B6F60F00688104 /* YPFeedback.m */; };
		EA6BAF2519B6F61000688104 /* YPFeedbackApi.m in Sources */ = {isa = PBXBuildFile; fileRef = EA6BAEB519B6F60F00688104 /* YPFeedbackApi.m */; };
		EA6BAF2619B6F61000688104 /* YPFile.m in Sources */ = {isa = PBXBuildFile; fileRef = EA6BAEB719B6F60F00688104 /* YPFile.m */; };
		EA6BAF2719B6F61000688104 /* YPFocus.m in Sources */ = {isa = PBXBuildFile; fileRef = EA6BAEB919B6F60F00688104 /* YPFocus.m */; };
		EA6BAF2819B6F61000688104 /* YPHomeAddress.m in Sources */ = {isa = PBXBuildFile; fileRef = EA6BAEBB19B6F60F00688104 /* YPHomeAddress.m */; };
		EA6BAF2919B6F61000688104 /* YPI18nString.m in Sources */ = {isa = PBXBuildFile; fileRef = EA6BAEBD19B6F60F00688104 /* YPI18nString.m */; };
		EA6BAF2A19B6F61000688104 /* YPIdea.m in Sources */ = {isa = PBXBuildFile; fileRef = EA6BAEBF19B6F60F00688104 /* YPIdea.m */; };
		EA6BAF2B19B6F61000688104 /* YPIdeasApi.m in Sources */ = {isa = PBXBuildFile; fileRef = EA6BAEC119B6F60F00688104 /* YPIdeasApi.m */; };
		EA6BAF2C19B6F61000688104 /* YPInvitation.m in Sources */ = {isa = PBXBuildFile; fileRef = EA6BAEC319B6F60F00688104 /* YPInvitation.m */; };
		EA6BAF2D19B6F61000688104 /* YPInvitationsApi.m in Sources */ = {isa = PBXBuildFile; fileRef = EA6BAEC519B6F60F00688104 /* YPInvitationsApi.m */; };
		EA6BAF2E19B6F61000688104 /* YPLoginApi.m in Sources */ = {isa = PBXBuildFile; fileRef = EA6BAEC719B6F60F00688104 /* YPLoginApi.m */; };
		EA6BAF2F19B6F61000688104 /* YPMainEvent.m in Sources */ = {isa = PBXBuildFile; fileRef = EA6BAEC919B6F60F00688104 /* YPMainEvent.m */; };
		EA6BAF3019B6F61000688104 /* YPMessage.m in Sources */ = {isa = PBXBuildFile; fileRef = EA6BAECB19B6F60F00688104 /* YPMessage.m */; };
		EA6BAF3119B6F61000688104 /* YPMessagesApi.m in Sources */ = {isa = PBXBuildFile; fileRef = EA6BAECD19B6F60F00688104 /* YPMessagesApi.m */; };
		EA6BAF3219B6F61000688104 /* YPNotification.m in Sources */ = {isa = PBXBuildFile; fileRef = EA6BAECF19B6F60F00688104 /* YPNotification.m */; };
		EA6BAF3319B6F61000688104 /* YPNotificationsApi.m in Sources */ = {isa = PBXBuildFile; fileRef = EA6BAED119B6F60F00688104 /* YPNotificationsApi.m */; };
		EA6BAF3419B6F61000688104 /* YPObject.m in Sources */ = {isa = PBXBuildFile; fileRef = EA6BAED319B6F60F00688104 /* YPObject.m */; };
		EA6BAF3519B6F61000688104 /* YPObjectId.m in Sources */ = {isa = PBXBuildFile; fileRef = EA6BAED519B6F60F00688104 /* YPObjectId.m */; };
		EA6BAF3619B6F61000688104 /* YPOffersApi.m in Sources */ = {isa = PBXBuildFile; fileRef = EA6BAED719B6F60F00688104 /* YPOffersApi.m */; };
		EA6BAF3719B6F61000688104 /* YPOrganization.m in Sources */ = {isa = PBXBuildFile; fileRef = EA6BAED919B6F60F00688104 /* YPOrganization.m */; };
		EA6BAF3819B6F61000688104 /* YPOrganizationsApi.m in Sources */ = {isa = PBXBuildFile; fileRef = EA6BAEDB19B6F60F00688104 /* YPOrganizationsApi.m */; };
		EA6BAF3919B6F61000688104 /* YPPaymentCode.m in Sources */ = {isa = PBXBuildFile; fileRef = EA6BAEDD19B6F60F00688104 /* YPPaymentCode.m */; };
		EA6BAF3A19B6F61000688104 /* YPPaymentcodesApi.m in Sources */ = {isa = PBXBuildFile; fileRef = EA6BAEDF19B6F60F00688104 /* YPPaymentcodesApi.m */; };
		EA6BAF3B19B6F61000688104 /* YPPingApi.m in Sources */ = {isa = PBXBuildFile; fileRef = EA6BAEE119B6F60F00688104 /* YPPingApi.m */; };
		EA6BAF3C19B6F61000688104 /* YPPrefs.m in Sources */ = {isa = PBXBuildFile; fileRef = EA6BAEE319B6F60F00688104 /* YPPrefs.m */; };
		EA6BAF3D19B6F61000688104 /* YPProfile.m in Sources */ = {isa = PBXBuildFile; fileRef = EA6BAEE519B6F60F00688104 /* YPProfile.m */; };
		EA6BAF3E19B6F61000688104 /* YPProfilesApi.m in Sources */ = {isa = PBXBuildFile; fileRef = EA6BAEE719B6F60F00688104 /* YPProfilesApi.m */; };
		EA6BAF3F19B6F61000688104 /* YPRecommendation.m in Sources */ = {isa = PBXBuildFile; fileRef = EA6BAEE919B6F60F00688104 /* YPRecommendation.m */; };
		EA6BAF4019B6F61000688104 /* YPRecommendationsApi.m in Sources */ = {isa = PBXBuildFile; fileRef = EA6BAEEB19B6F60F00688104 /* YPRecommendationsApi.m */; };
		EA6BAF4119B6F61000688104 /* YPRecurrence.m in Sources */ = {isa = PBXBuildFile; fileRef = EA6BAEED19B6F60F00688104 /* YPRecurrence.m */; };
		EA6BAF4219B6F61000688104 /* YPRefDoc.m in Sources */ = {isa = PBXBuildFile; fileRef = EA6BAEEF19B6F60F00688104 /* YPRefDoc.m */; };
		EA6BAF4319B6F61000688104 /* YPRejectedActivitie.m in Sources */ = {isa = PBXBuildFile; fileRef = EA6BAEF119B6F60F00688104 /* YPRejectedActivitie.m */; };
		EA6BAF4419B6F61000688104 /* YPRejectedIdea.m in Sources */ = {isa = PBXBuildFile; fileRef = EA6BAEF319B6F60F00688104 /* YPRejectedIdea.m */; };
		EA6BAF4519B6F61000688104 /* YPSocialInteraction.m in Sources */ = {isa = PBXBuildFile; fileRef = EA6BAEF519B6F60F00688104 /* YPSocialInteraction.m */; };
		EA6BAF4619B6F61000688104 /* YPSocialInteractionsApi.m in Sources */ = {isa = PBXBuildFile; fileRef = EA6BAEF719B6F60F00688104 /* YPSocialInteractionsApi.m */; };
		EA6BAF4719B6F61000688104 /* YPStarredIdea.m in Sources */ = {isa = PBXBuildFile; fileRef = EA6BAEF919B6F60F00688104 /* YPStarredIdea.m */; };
		EA6BAF4819B6F61000688104 /* YPStatsApi.m in Sources */ = {isa = PBXBuildFile; fileRef = EA6BAEFB19B6F60F00688104 /* YPStatsApi.m */; };
		EA6BAF4919B6F61000688104 /* YPTargetSpace.m in Sources */ = {isa = PBXBuildFile; fileRef = EA6BAEFD19B6F60F00688104 /* YPTargetSpace.m */; };
		EA6BAF4A19B6F61000688104 /* YPTopic.m in Sources */ = {isa = PBXBuildFile; fileRef = EA6BAEFF19B6F60F00688104 /* YPTopic.m */; };
		EA6BAF4B19B6F61000688104 /* YPTopicsApi.m in Sources */ = {isa = PBXBuildFile; fileRef = EA6BAF0119B6F60F00688104 /* YPTopicsApi.m */; };
		EA6BAF4C19B6F61000688104 /* YPUser.m in Sources */ = {isa = PBXBuildFile; fileRef = EA6BAF0319B6F60F00688104 /* YPUser.m */; };
		EA6BAF4D19B6F61000688104 /* YPUsernameEmail.m in Sources */ = {isa = PBXBuildFile; fileRef = EA6BAF0519B6F60F00688104 /* YPUsernameEmail.m */; };
		EA6BAF4E19B6F61000688104 /* YPUsersApi.m in Sources */ = {isa = PBXBuildFile; fileRef = EA6BAF0719B6F60F00688104 /* YPUsersApi.m */; };
		EA6BAF4F19B6F61000688104 /* YPWorkAddress.m in Sources */ = {isa = PBXBuildFile; fileRef = EA6BAF0919B6F60F00688104 /* YPWorkAddress.m */; };
		EABD476D1946F92800492B20 /* Foundation.framework in Frameworks */ = {isa = PBXBuildFile; fileRef = EABD476C1946F92800492B20 /* Foundation.framework */; };
		EABD476F1946F92800492B20 /* CoreGraphics.framework in Frameworks */ = {isa = PBXBuildFile; fileRef = EABD476E1946F92800492B20 /* CoreGraphics.framework */; };
		EABD47711946F92800492B20 /* UIKit.framework in Frameworks */ = {isa = PBXBuildFile; fileRef = EABD47701946F92800492B20 /* UIKit.framework */; };
		EABD47771946F92800492B20 /* InfoPlist.strings in Resources */ = {isa = PBXBuildFile; fileRef = EABD47751946F92800492B20 /* InfoPlist.strings */; };
		EABD47791946F92800492B20 /* main.m in Sources */ = {isa = PBXBuildFile; fileRef = EABD47781946F92800492B20 /* main.m */; };
		EABD477D1946F92800492B20 /* YPAppDelegate.m in Sources */ = {isa = PBXBuildFile; fileRef = EABD477C1946F92800492B20 /* YPAppDelegate.m */; };
		EABD47801946F92800492B20 /* Main_iPhone.storyboard in Resources */ = {isa = PBXBuildFile; fileRef = EABD477E1946F92800492B20 /* Main_iPhone.storyboard */; };
		EABD47831946F92800492B20 /* Main_iPad.storyboard in Resources */ = {isa = PBXBuildFile; fileRef = EABD47811946F92800492B20 /* Main_iPad.storyboard */; };
		EABD47861946F92800492B20 /* YPViewController.m in Sources */ = {isa = PBXBuildFile; fileRef = EABD47851946F92800492B20 /* YPViewController.m */; };
		EABD47881946F92800492B20 /* Images.xcassets in Resources */ = {isa = PBXBuildFile; fileRef = EABD47871946F92800492B20 /* Images.xcassets */; };
		EABD478F1946F92800492B20 /* XCTest.framework in Frameworks */ = {isa = PBXBuildFile; fileRef = EABD478E1946F92800492B20 /* XCTest.framework */; };
		EABD47901946F92800492B20 /* Foundation.framework in Frameworks */ = {isa = PBXBuildFile; fileRef = EABD476C1946F92800492B20 /* Foundation.framework */; };
		EABD47911946F92800492B20 /* UIKit.framework in Frameworks */ = {isa = PBXBuildFile; fileRef = EABD47701946F92800492B20 /* UIKit.framework */; };
		EABD47991946F92800492B20 /* InfoPlist.strings in Resources */ = {isa = PBXBuildFile; fileRef = EABD47971946F92800492B20 /* InfoPlist.strings */; };
		EABD479B1946F92800492B20 /* YPLoginSampleTests.m in Sources */ = {isa = PBXBuildFile; fileRef = EABD479A1946F92800492B20 /* YPLoginSampleTests.m */; };
		EABD485E1946F97000492B20 /* SystemConfiguration.framework in Frameworks */ = {isa = PBXBuildFile; fileRef = EABD485D1946F97000492B20 /* SystemConfiguration.framework */; };
/* End PBXBuildFile section */

/* Begin PBXContainerItemProxy section */
		EABD47921946F92800492B20 /* PBXContainerItemProxy */ = {
			isa = PBXContainerItemProxy;
			containerPortal = EABD47611946F92800492B20 /* Project object */;
			proxyType = 1;
			remoteGlobalIDString = EABD47681946F92800492B20;
			remoteInfo = YPLoginSample;
		};
/* End PBXContainerItemProxy section */

/* Begin PBXFileReference section */
		5159A749A730432CA2E880E2 /* libPods.a */ = {isa = PBXFileReference; explicitFileType = archive.ar; includeInIndex = 0; path = libPods.a; sourceTree = BUILT_PRODUCTS_DIR; };
		CBD58A5C395D4C1B8ACB6310 /* Pods.xcconfig */ = {isa = PBXFileReference; includeInIndex = 1; lastKnownFileType = text.xcconfig; name = Pods.xcconfig; path = Pods/Pods.xcconfig; sourceTree = "<group>"; };
		EA6BAE7E19B6F60F00688104 /* YPActivitiesApi.h */ = {isa = PBXFileReference; fileEncoding = 4; lastKnownFileType = sourcecode.c.h; name = YPActivitiesApi.h; path = ../../../src/YPActivitiesApi.h; sourceTree = "<group>"; };
		EA6BAE7F19B6F60F00688104 /* YPActivitiesApi.m */ = {isa = PBXFileReference; fileEncoding = 4; lastKnownFileType = sourcecode.c.objc; name = YPActivitiesApi.m; path = ../../../src/YPActivitiesApi.m; sourceTree = "<group>"; };
		EA6BAE8019B6F60F00688104 /* YPActivity.h */ = {isa = PBXFileReference; fileEncoding = 4; lastKnownFileType = sourcecode.c.h; name = YPActivity.h; path = ../../../src/YPActivity.h; sourceTree = "<group>"; };
		EA6BAE8119B6F60F00688104 /* YPActivity.m */ = {isa = PBXFileReference; fileEncoding = 4; lastKnownFileType = sourcecode.c.objc; name = YPActivity.m; path = ../../../src/YPActivity.m; sourceTree = "<group>"; };
		EA6BAE8219B6F60F00688104 /* YPActivityEvent.h */ = {isa = PBXFileReference; fileEncoding = 4; lastKnownFileType = sourcecode.c.h; name = YPActivityEvent.h; path = ../../../src/YPActivityEvent.h; sourceTree = "<group>"; };
		EA6BAE8319B6F60F00688104 /* YPActivityEvent.m */ = {isa = PBXFileReference; fileEncoding = 4; lastKnownFileType = sourcecode.c.objc; name = YPActivityEvent.m; path = ../../../src/YPActivityEvent.m; sourceTree = "<group>"; };
		EA6BAE8419B6F60F00688104 /* YPActivityeventsApi.h */ = {isa = PBXFileReference; fileEncoding = 4; lastKnownFileType = sourcecode.c.h; name = YPActivityeventsApi.h; path = ../../../src/YPActivityeventsApi.h; sourceTree = "<group>"; };
		EA6BAE8519B6F60F00688104 /* YPActivityeventsApi.m */ = {isa = PBXFileReference; fileEncoding = 4; lastKnownFileType = sourcecode.c.objc; name = YPActivityeventsApi.m; path = ../../../src/YPActivityeventsApi.m; sourceTree = "<group>"; };
		EA6BAE8619B6F60F00688104 /* YPActivityInvitationStatusResult.h */ = {isa = PBXFileReference; fileEncoding = 4; lastKnownFileType = sourcecode.c.h; name = YPActivityInvitationStatusResult.h; path = ../../../src/YPActivityInvitationStatusResult.h; sourceTree = "<group>"; };
		EA6BAE8719B6F60F00688104 /* YPActivityInvitationStatusResult.m */ = {isa = PBXFileReference; fileEncoding = 4; lastKnownFileType = sourcecode.c.objc; name = YPActivityInvitationStatusResult.m; path = ../../../src/YPActivityInvitationStatusResult.m; sourceTree = "<group>"; };
		EA6BAE8819B6F60F00688104 /* YPActivityValidationResult.h */ = {isa = PBXFileReference; fileEncoding = 4; lastKnownFileType = sourcecode.c.h; name = YPActivityValidationResult.h; path = ../../../src/YPActivityValidationResult.h; sourceTree = "<group>"; };
		EA6BAE8919B6F60F00688104 /* YPActivityValidationResult.m */ = {isa = PBXFileReference; fileEncoding = 4; lastKnownFileType = sourcecode.c.objc; name = YPActivityValidationResult.m; path = ../../../src/YPActivityValidationResult.m; sourceTree = "<group>"; };
		EA6BAE8A19B6F60F00688104 /* YPAddress.h */ = {isa = PBXFileReference; fileEncoding = 4; lastKnownFileType = sourcecode.c.h; name = YPAddress.h; path = ../../../src/YPAddress.h; sourceTree = "<group>"; };
		EA6BAE8B19B6F60F00688104 /* YPAddress.m */ = {isa = PBXFileReference; fileEncoding = 4; lastKnownFileType = sourcecode.c.objc; name = YPAddress.m; path = ../../../src/YPAddress.m; sourceTree = "<group>"; };
		EA6BAE8C19B6F60F00688104 /* YPAnswer.h */ = {isa = PBXFileReference; fileEncoding = 4; lastKnownFileType = sourcecode.c.h; name = YPAnswer.h; path = ../../../src/YPAnswer.h; sourceTree = "<group>"; };
		EA6BAE8D19B6F60F00688104 /* YPAnswer.m */ = {isa = PBXFileReference; fileEncoding = 4; lastKnownFileType = sourcecode.c.objc; name = YPAnswer.m; path = ../../../src/YPAnswer.m; sourceTree = "<group>"; };
		EA6BAE8E19B6F60F00688104 /* YPApiClient.h */ = {isa = PBXFileReference; fileEncoding = 4; lastKnownFileType = sourcecode.c.h; name = YPApiClient.h; path = ../../../src/YPApiClient.h; sourceTree = "<group>"; };
		EA6BAE8F19B6F60F00688104 /* YPApiClient.m */ = {isa = PBXFileReference; fileEncoding = 4; lastKnownFileType = sourcecode.c.objc; name = YPApiClient.m; path = ../../../src/YPApiClient.m; sourceTree = "<group>"; };
		EA6BAE9019B6F60F00688104 /* YPAssessment.h */ = {isa = PBXFileReference; fileEncoding = 4; lastKnownFileType = sourcecode.c.h; name = YPAssessment.h; path = ../../../src/YPAssessment.h; sourceTree = "<group>"; };
		EA6BAE9119B6F60F00688104 /* YPAssessment.m */ = {isa = PBXFileReference; fileEncoding = 4; lastKnownFileType = sourcecode.c.objc; name = YPAssessment.m; path = ../../../src/YPAssessment.m; sourceTree = "<group>"; };
		EA6BAE9219B6F60F00688104 /* YPAssessmentQuestion.h */ = {isa = PBXFileReference; fileEncoding = 4; lastKnownFileType = sourcecode.c.h; name = YPAssessmentQuestion.h; path = ../../../src/YPAssessmentQuestion.h; sourceTree = "<group>"; };
		EA6BAE9319B6F60F00688104 /* YPAssessmentQuestion.m */ = {isa = PBXFileReference; fileEncoding = 4; lastKnownFileType = sourcecode.c.objc; name = YPAssessmentQuestion.m; path = ../../../src/YPAssessmentQuestion.m; sourceTree = "<group>"; };
		EA6BAE9419B6F60F00688104 /* YPAssessmentResult.h */ = {isa = PBXFileReference; fileEncoding = 4; lastKnownFileType = sourcecode.c.h; name = YPAssessmentResult.h; path = ../../../src/YPAssessmentResult.h; sourceTree = "<group>"; };
		EA6BAE9519B6F60F00688104 /* YPAssessmentResult.m */ = {isa = PBXFileReference; fileEncoding = 4; lastKnownFileType = sourcecode.c.objc; name = YPAssessmentResult.m; path = ../../../src/YPAssessmentResult.m; sourceTree = "<group>"; };
		EA6BAE9619B6F60F00688104 /* YPAssessmentResultAnswer.h */ = {isa = PBXFileReference; fileEncoding = 4; lastKnownFileType = sourcecode.c.h; name = YPAssessmentResultAnswer.h; path = ../../../src/YPAssessmentResultAnswer.h; sourceTree = "<group>"; };
		EA6BAE9719B6F60F00688104 /* YPAssessmentResultAnswer.m */ = {isa = PBXFileReference; fileEncoding = 4; lastKnownFileType = sourcecode.c.objc; name = YPAssessmentResultAnswer.m; path = ../../../src/YPAssessmentResultAnswer.m; sourceTree = "<group>"; };
		EA6BAE9819B6F60F00688104 /* YPAssessmentsApi.h */ = {isa = PBXFileReference; fileEncoding = 4; lastKnownFileType = sourcecode.c.h; name = YPAssessmentsApi.h; path = ../../../src/YPAssessmentsApi.h; sourceTree = "<group>"; };
		EA6BAE9919B6F60F00688104 /* YPAssessmentsApi.m */ = {isa = PBXFileReference; fileEncoding = 4; lastKnownFileType = sourcecode.c.objc; name = YPAssessmentsApi.m; path = ../../../src/YPAssessmentsApi.m; sourceTree = "<group>"; };
		EA6BAE9A19B6F60F00688104 /* YPAuthApi.h */ = {isa = PBXFileReference; fileEncoding = 4; lastKnownFileType = sourcecode.c.h; name = YPAuthApi.h; path = ../../../src/YPAuthApi.h; sourceTree = "<group>"; };
		EA6BAE9B19B6F60F00688104 /* YPAuthApi.m */ = {isa = PBXFileReference; fileEncoding = 4; lastKnownFileType = sourcecode.c.objc; name = YPAuthApi.m; path = ../../../src/YPAuthApi.m; sourceTree = "<group>"; };
		EA6BAE9C19B6F60F00688104 /* YPCampaign.h */ = {isa = PBXFileReference; fileEncoding = 4; lastKnownFileType = sourcecode.c.h; name = YPCampaign.h; path = ../../../src/YPCampaign.h; sourceTree = "<group>"; };
		EA6BAE9D19B6F60F00688104 /* YPCampaign.m */ = {isa = PBXFileReference; fileEncoding = 4; lastKnownFileType = sourcecode.c.objc; name = YPCampaign.m; path = ../../../src/YPCampaign.m; sourceTree = "<group>"; };
		EA6BAE9E19B6F60F00688104 /* YPCampaignsApi.h */ = {isa = PBXFileReference; fileEncoding = 4; lastKnownFileType = sourcecode.c.h; name = YPCampaignsApi.h; path = ../../../src/YPCampaignsApi.h; sourceTree = "<group>"; };
		EA6BAE9F19B6F60F00688104 /* YPCampaignsApi.m */ = {isa = PBXFileReference; fileEncoding = 4; lastKnownFileType = sourcecode.c.objc; name = YPCampaignsApi.m; path = ../../../src/YPCampaignsApi.m; sourceTree = "<group>"; };
		EA6BAEA019B6F60F00688104 /* YPCoachmessagesApi.h */ = {isa = PBXFileReference; fileEncoding = 4; lastKnownFileType = sourcecode.c.h; name = YPCoachmessagesApi.h; path = ../../../src/YPCoachmessagesApi.h; sourceTree = "<group>"; };
		EA6BAEA119B6F60F00688104 /* YPCoachmessagesApi.m */ = {isa = PBXFileReference; fileEncoding = 4; lastKnownFileType = sourcecode.c.objc; name = YPCoachmessagesApi.m; path = ../../../src/YPCoachmessagesApi.m; sourceTree = "<group>"; };
		EA6BAEA219B6F60F00688104 /* YPContact.h */ = {isa = PBXFileReference; fileEncoding = 4; lastKnownFileType = sourcecode.c.h; name = YPContact.h; path = ../../../src/YPContact.h; sourceTree = "<group>"; };
		EA6BAEA319B6F60F00688104 /* YPContact.m */ = {isa = PBXFileReference; fileEncoding = 4; lastKnownFileType = sourcecode.c.objc; name = YPContact.m; path = ../../../src/YPContact.m; sourceTree = "<group>"; };
		EA6BAEA419B6F60F00688104 /* YPDate.h */ = {isa = PBXFileReference; fileEncoding = 4; lastKnownFileType = sourcecode.c.h; name = YPDate.h; path = ../../../src/YPDate.h; sourceTree = "<group>"; };
		EA6BAEA519B6F60F00688104 /* YPDate.m */ = {isa = PBXFileReference; fileEncoding = 4; lastKnownFileType = sourcecode.c.objc; name = YPDate.m; path = ../../../src/YPDate.m; sourceTree = "<group>"; };
		EA6BAEA619B6F60F00688104 /* YPEmail.h */ = {isa = PBXFileReference; fileEncoding = 4; lastKnownFileType = sourcecode.c.h; name = YPEmail.h; path = ../../../src/YPEmail.h; sourceTree = "<group>"; };
		EA6BAEA719B6F60F00688104 /* YPEmail.m */ = {isa = PBXFileReference; fileEncoding = 4; lastKnownFileType = sourcecode.c.objc; name = YPEmail.m; path = ../../../src/YPEmail.m; sourceTree = "<group>"; };
		EA6BAEA819B6F60F00688104 /* YPEmailObject.h */ = {isa = PBXFileReference; fileEncoding = 4; lastKnownFileType = sourcecode.c.h; name = YPEmailObject.h; path = ../../../src/YPEmailObject.h; sourceTree = "<group>"; };
		EA6BAEA919B6F60F00688104 /* YPEmailObject.m */ = {isa = PBXFileReference; fileEncoding = 4; lastKnownFileType = sourcecode.c.objc; name = YPEmailObject.m; path = ../../../src/YPEmailObject.m; sourceTree = "<group>"; };
		EA6BAEAA19B6F60F00688104 /* YPEndby.h */ = {isa = PBXFileReference; fileEncoding = 4; lastKnownFileType = sourcecode.c.h; name = YPEndby.h; path = ../../../src/YPEndby.h; sourceTree = "<group>"; };
		EA6BAEAB19B6F60F00688104 /* YPEndby.m */ = {isa = PBXFileReference; fileEncoding = 4; lastKnownFileType = sourcecode.c.objc; name = YPEndby.m; path = ../../../src/YPEndby.m; sourceTree = "<group>"; };
		EA6BAEAC19B6F60F00688104 /* YPError.h */ = {isa = PBXFileReference; fileEncoding = 4; lastKnownFileType = sourcecode.c.h; name = YPError.h; path = ../../../src/YPError.h; sourceTree = "<group>"; };
		EA6BAEAD19B6F60F00688104 /* YPError.m */ = {isa = PBXFileReference; fileEncoding = 4; lastKnownFileType = sourcecode.c.objc; name = YPError.m; path = ../../../src/YPError.m; sourceTree = "<group>"; };
		EA6BAEAE19B6F60F00688104 /* YPErrorApi.h */ = {isa = PBXFileReference; fileEncoding = 4; lastKnownFileType = sourcecode.c.h; name = YPErrorApi.h; path = ../../../src/YPErrorApi.h; sourceTree = "<group>"; };
		EA6BAEAF19B6F60F00688104 /* YPErrorApi.m */ = {isa = PBXFileReference; fileEncoding = 4; lastKnownFileType = sourcecode.c.objc; name = YPErrorApi.m; path = ../../../src/YPErrorApi.m; sourceTree = "<group>"; };
		EA6BAEB019B6F60F00688104 /* YPErrorObject.h */ = {isa = PBXFileReference; fileEncoding = 4; lastKnownFileType = sourcecode.c.h; name = YPErrorObject.h; path = ../../../src/YPErrorObject.h; sourceTree = "<group>"; };
		EA6BAEB119B6F60F00688104 /* YPErrorObject.m */ = {isa = PBXFileReference; fileEncoding = 4; lastKnownFileType = sourcecode.c.objc; name = YPErrorObject.m; path = ../../../src/YPErrorObject.m; sourceTree = "<group>"; };
		EA6BAEB219B6F60F00688104 /* YPFeedback.h */ = {isa = PBXFileReference; fileEncoding = 4; lastKnownFileType = sourcecode.c.h; name = YPFeedback.h; path = ../../../src/YPFeedback.h; sourceTree = "<group>"; };
		EA6BAEB319B6F60F00688104 /* YPFeedback.m */ = {isa = PBXFileReference; fileEncoding = 4; lastKnownFileType = sourcecode.c.objc; name = YPFeedback.m; path = ../../../src/YPFeedback.m; sourceTree = "<group>"; };
		EA6BAEB419B6F60F00688104 /* YPFeedbackApi.h */ = {isa = PBXFileReference; fileEncoding = 4; lastKnownFileType = sourcecode.c.h; name = YPFeedbackApi.h; path = ../../../src/YPFeedbackApi.h; sourceTree = "<group>"; };
		EA6BAEB519B6F60F00688104 /* YPFeedbackApi.m */ = {isa = PBXFileReference; fileEncoding = 4; lastKnownFileType = sourcecode.c.objc; name = YPFeedbackApi.m; path = ../../../src/YPFeedbackApi.m; sourceTree = "<group>"; };
		EA6BAEB619B6F60F00688104 /* YPFile.h */ = {isa = PBXFileReference; fileEncoding = 4; lastKnownFileType = sourcecode.c.h; name = YPFile.h; path = ../../../src/YPFile.h; sourceTree = "<group>"; };
		EA6BAEB719B6F60F00688104 /* YPFile.m */ = {isa = PBXFileReference; fileEncoding = 4; lastKnownFileType = sourcecode.c.objc; name = YPFile.m; path = ../../../src/YPFile.m; sourceTree = "<group>"; };
		EA6BAEB819B6F60F00688104 /* YPFocus.h */ = {isa = PBXFileReference; fileEncoding = 4; lastKnownFileType = sourcecode.c.h; name = YPFocus.h; path = ../../../src/YPFocus.h; sourceTree = "<group>"; };
		EA6BAEB919B6F60F00688104 /* YPFocus.m */ = {isa = PBXFileReference; fileEncoding = 4; lastKnownFileType = sourcecode.c.objc; name = YPFocus.m; path = ../../../src/YPFocus.m; sourceTree = "<group>"; };
		EA6BAEBA19B6F60F00688104 /* YPHomeAddress.h */ = {isa = PBXFileReference; fileEncoding = 4; lastKnownFileType = sourcecode.c.h; name = YPHomeAddress.h; path = ../../../src/YPHomeAddress.h; sourceTree = "<group>"; };
		EA6BAEBB19B6F60F00688104 /* YPHomeAddress.m */ = {isa = PBXFileReference; fileEncoding = 4; lastKnownFileType = sourcecode.c.objc; name = YPHomeAddress.m; path = ../../../src/YPHomeAddress.m; sourceTree = "<group>"; };
		EA6BAEBC19B6F60F00688104 /* YPI18nString.h */ = {isa = PBXFileReference; fileEncoding = 4; lastKnownFileType = sourcecode.c.h; name = YPI18nString.h; path = ../../../src/YPI18nString.h; sourceTree = "<group>"; };
		EA6BAEBD19B6F60F00688104 /* YPI18nString.m */ = {isa = PBXFileReference; fileEncoding = 4; lastKnownFileType = sourcecode.c.objc; name = YPI18nString.m; path = ../../../src/YPI18nString.m; sourceTree = "<group>"; };
		EA6BAEBE19B6F60F00688104 /* YPIdea.h */ = {isa = PBXFileReference; fileEncoding = 4; lastKnownFileType = sourcecode.c.h; name = YPIdea.h; path = ../../../src/YPIdea.h; sourceTree = "<group>"; };
		EA6BAEBF19B6F60F00688104 /* YPIdea.m */ = {isa = PBXFileReference; fileEncoding = 4; lastKnownFileType = sourcecode.c.objc; name = YPIdea.m; path = ../../../src/YPIdea.m; sourceTree = "<group>"; };
		EA6BAEC019B6F60F00688104 /* YPIdeasApi.h */ = {isa = PBXFileReference; fileEncoding = 4; lastKnownFileType = sourcecode.c.h; name = YPIdeasApi.h; path = ../../../src/YPIdeasApi.h; sourceTree = "<group>"; };
		EA6BAEC119B6F60F00688104 /* YPIdeasApi.m */ = {isa = PBXFileReference; fileEncoding = 4; lastKnownFileType = sourcecode.c.objc; name = YPIdeasApi.m; path = ../../../src/YPIdeasApi.m; sourceTree = "<group>"; };
		EA6BAEC219B6F60F00688104 /* YPInvitation.h */ = {isa = PBXFileReference; fileEncoding = 4; lastKnownFileType = sourcecode.c.h; name = YPInvitation.h; path = ../../../src/YPInvitation.h; sourceTree = "<group>"; };
		EA6BAEC319B6F60F00688104 /* YPInvitation.m */ = {isa = PBXFileReference; fileEncoding = 4; lastKnownFileType = sourcecode.c.objc; name = YPInvitation.m; path = ../../../src/YPInvitation.m; sourceTree = "<group>"; };
		EA6BAEC419B6F60F00688104 /* YPInvitationsApi.h */ = {isa = PBXFileReference; fileEncoding = 4; lastKnownFileType = sourcecode.c.h; name = YPInvitationsApi.h; path = ../../../src/YPInvitationsApi.h; sourceTree = "<group>"; };
		EA6BAEC519B6F60F00688104 /* YPInvitationsApi.m */ = {isa = PBXFileReference; fileEncoding = 4; lastKnownFileType = sourcecode.c.objc; name = YPInvitationsApi.m; path = ../../../src/YPInvitationsApi.m; sourceTree = "<group>"; };
		EA6BAEC619B6F60F00688104 /* YPLoginApi.h */ = {isa = PBXFileReference; fileEncoding = 4; lastKnownFileType = sourcecode.c.h; name = YPLoginApi.h; path = ../../../src/YPLoginApi.h; sourceTree = "<group>"; };
		EA6BAEC719B6F60F00688104 /* YPLoginApi.m */ = {isa = PBXFileReference; fileEncoding = 4; lastKnownFileType = sourcecode.c.objc; name = YPLoginApi.m; path = ../../../src/YPLoginApi.m; sourceTree = "<group>"; };
		EA6BAEC819B6F60F00688104 /* YPMainEvent.h */ = {isa = PBXFileReference; fileEncoding = 4; lastKnownFileType = sourcecode.c.h; name = YPMainEvent.h; path = ../../../src/YPMainEvent.h; sourceTree = "<group>"; };
		EA6BAEC919B6F60F00688104 /* YPMainEvent.m */ = {isa = PBXFileReference; fileEncoding = 4; lastKnownFileType = sourcecode.c.objc; name = YPMainEvent.m; path = ../../../src/YPMainEvent.m; sourceTree = "<group>"; };
		EA6BAECA19B6F60F00688104 /* YPMessage.h */ = {isa = PBXFileReference; fileEncoding = 4; lastKnownFileType = sourcecode.c.h; name = YPMessage.h; path = ../../../src/YPMessage.h; sourceTree = "<group>"; };
		EA6BAECB19B6F60F00688104 /* YPMessage.m */ = {isa = PBXFileReference; fileEncoding = 4; lastKnownFileType = sourcecode.c.objc; name = YPMessage.m; path = ../../../src/YPMessage.m; sourceTree = "<group>"; };
		EA6BAECC19B6F60F00688104 /* YPMessagesApi.h */ = {isa = PBXFileReference; fileEncoding = 4; lastKnownFileType = sourcecode.c.h; name = YPMessagesApi.h; path = ../../../src/YPMessagesApi.h; sourceTree = "<group>"; };
		EA6BAECD19B6F60F00688104 /* YPMessagesApi.m */ = {isa = PBXFileReference; fileEncoding = 4; lastKnownFileType = sourcecode.c.objc; name = YPMessagesApi.m; path = ../../../src/YPMessagesApi.m; sourceTree = "<group>"; };
		EA6BAECE19B6F60F00688104 /* YPNotification.h */ = {isa = PBXFileReference; fileEncoding = 4; lastKnownFileType = sourcecode.c.h; name = YPNotification.h; path = ../../../src/YPNotification.h; sourceTree = "<group>"; };
		EA6BAECF19B6F60F00688104 /* YPNotification.m */ = {isa = PBXFileReference; fileEncoding = 4; lastKnownFileType = sourcecode.c.objc; name = YPNotification.m; path = ../../../src/YPNotification.m; sourceTree = "<group>"; };
		EA6BAED019B6F60F00688104 /* YPNotificationsApi.h */ = {isa = PBXFileReference; fileEncoding = 4; lastKnownFileType = sourcecode.c.h; name = YPNotificationsApi.h; path = ../../../src/YPNotificationsApi.h; sourceTree = "<group>"; };
		EA6BAED119B6F60F00688104 /* YPNotificationsApi.m */ = {isa = PBXFileReference; fileEncoding = 4; lastKnownFileType = sourcecode.c.objc; name = YPNotificationsApi.m; path = ../../../src/YPNotificationsApi.m; sourceTree = "<group>"; };
		EA6BAED219B6F60F00688104 /* YPObject.h */ = {isa = PBXFileReference; fileEncoding = 4; lastKnownFileType = sourcecode.c.h; name = YPObject.h; path = ../../../src/YPObject.h; sourceTree = "<group>"; };
		EA6BAED319B6F60F00688104 /* YPObject.m */ = {isa = PBXFileReference; fileEncoding = 4; lastKnownFileType = sourcecode.c.objc; name = YPObject.m; path = ../../../src/YPObject.m; sourceTree = "<group>"; };
		EA6BAED419B6F60F00688104 /* YPObjectId.h */ = {isa = PBXFileReference; fileEncoding = 4; lastKnownFileType = sourcecode.c.h; name = YPObjectId.h; path = ../../../src/YPObjectId.h; sourceTree = "<group>"; };
		EA6BAED519B6F60F00688104 /* YPObjectId.m */ = {isa = PBXFileReference; fileEncoding = 4; lastKnownFileType = sourcecode.c.objc; name = YPObjectId.m; path = ../../../src/YPObjectId.m; sourceTree = "<group>"; };
		EA6BAED619B6F60F00688104 /* YPOffersApi.h */ = {isa = PBXFileReference; fileEncoding = 4; lastKnownFileType = sourcecode.c.h; name = YPOffersApi.h; path = ../../../src/YPOffersApi.h; sourceTree = "<group>"; };
		EA6BAED719B6F60F00688104 /* YPOffersApi.m */ = {isa = PBXFileReference; fileEncoding = 4; lastKnownFileType = sourcecode.c.objc; name = YPOffersApi.m; path = ../../../src/YPOffersApi.m; sourceTree = "<group>"; };
		EA6BAED819B6F60F00688104 /* YPOrganization.h */ = {isa = PBXFileReference; fileEncoding = 4; lastKnownFileType = sourcecode.c.h; name = YPOrganization.h; path = ../../../src/YPOrganization.h; sourceTree = "<group>"; };
		EA6BAED919B6F60F00688104 /* YPOrganization.m */ = {isa = PBXFileReference; fileEncoding = 4; lastKnownFileType = sourcecode.c.objc; name = YPOrganization.m; path = ../../../src/YPOrganization.m; sourceTree = "<group>"; };
		EA6BAEDA19B6F60F00688104 /* YPOrganizationsApi.h */ = {isa = PBXFileReference; fileEncoding = 4; lastKnownFileType = sourcecode.c.h; name = YPOrganizationsApi.h; path = ../../../src/YPOrganizationsApi.h; sourceTree = "<group>"; };
		EA6BAEDB19B6F60F00688104 /* YPOrganizationsApi.m */ = {isa = PBXFileReference; fileEncoding = 4; lastKnownFileType = sourcecode.c.objc; name = YPOrganizationsApi.m; path = ../../../src/YPOrganizationsApi.m; sourceTree = "<group>"; };
		EA6BAEDC19B6F60F00688104 /* YPPaymentCode.h */ = {isa = PBXFileReference; fileEncoding = 4; lastKnownFileType = sourcecode.c.h; name = YPPaymentCode.h; path = ../../../src/YPPaymentCode.h; sourceTree = "<group>"; };
		EA6BAEDD19B6F60F00688104 /* YPPaymentCode.m */ = {isa = PBXFileReference; fileEncoding = 4; lastKnownFileType = sourcecode.c.objc; name = YPPaymentCode.m; path = ../../../src/YPPaymentCode.m; sourceTree = "<group>"; };
		EA6BAEDE19B6F60F00688104 /* YPPaymentcodesApi.h */ = {isa = PBXFileReference; fileEncoding = 4; lastKnownFileType = sourcecode.c.h; name = YPPaymentcodesApi.h; path = ../../../src/YPPaymentcodesApi.h; sourceTree = "<group>"; };
		EA6BAEDF19B6F60F00688104 /* YPPaymentcodesApi.m */ = {isa = PBXFileReference; fileEncoding = 4; lastKnownFileType = sourcecode.c.objc; name = YPPaymentcodesApi.m; path = ../../../src/YPPaymentcodesApi.m; sourceTree = "<group>"; };
		EA6BAEE019B6F60F00688104 /* YPPingApi.h */ = {isa = PBXFileReference; fileEncoding = 4; lastKnownFileType = sourcecode.c.h; name = YPPingApi.h; path = ../../../src/YPPingApi.h; sourceTree = "<group>"; };
		EA6BAEE119B6F60F00688104 /* YPPingApi.m */ = {isa = PBXFileReference; fileEncoding = 4; lastKnownFileType = sourcecode.c.objc; name = YPPingApi.m; path = ../../../src/YPPingApi.m; sourceTree = "<group>"; };
		EA6BAEE219B6F60F00688104 /* YPPrefs.h */ = {isa = PBXFileReference; fileEncoding = 4; lastKnownFileType = sourcecode.c.h; name = YPPrefs.h; path = ../../../src/YPPrefs.h; sourceTree = "<group>"; };
		EA6BAEE319B6F60F00688104 /* YPPrefs.m */ = {isa = PBXFileReference; fileEncoding = 4; lastKnownFileType = sourcecode.c.objc; name = YPPrefs.m; path = ../../../src/YPPrefs.m; sourceTree = "<group>"; };
		EA6BAEE419B6F60F00688104 /* YPProfile.h */ = {isa = PBXFileReference; fileEncoding = 4; lastKnownFileType = sourcecode.c.h; name = YPProfile.h; path = ../../../src/YPProfile.h; sourceTree = "<group>"; };
		EA6BAEE519B6F60F00688104 /* YPProfile.m */ = {isa = PBXFileReference; fileEncoding = 4; lastKnownFileType = sourcecode.c.objc; name = YPProfile.m; path = ../../../src/YPProfile.m; sourceTree = "<group>"; };
		EA6BAEE619B6F60F00688104 /* YPProfilesApi.h */ = {isa = PBXFileReference; fileEncoding = 4; lastKnownFileType = sourcecode.c.h; name = YPProfilesApi.h; path = ../../../src/YPProfilesApi.h; sourceTree = "<group>"; };
		EA6BAEE719B6F60F00688104 /* YPProfilesApi.m */ = {isa = PBXFileReference; fileEncoding = 4; lastKnownFileType = sourcecode.c.objc; name = YPProfilesApi.m; path = ../../../src/YPProfilesApi.m; sourceTree = "<group>"; };
		EA6BAEE819B6F60F00688104 /* YPRecommendation.h */ = {isa = PBXFileReference; fileEncoding = 4; lastKnownFileType = sourcecode.c.h; name = YPRecommendation.h; path = ../../../src/YPRecommendation.h; sourceTree = "<group>"; };
		EA6BAEE919B6F60F00688104 /* YPRecommendation.m */ = {isa = PBXFileReference; fileEncoding = 4; lastKnownFileType = sourcecode.c.objc; name = YPRecommendation.m; path = ../../../src/YPRecommendation.m; sourceTree = "<group>"; };
		EA6BAEEA19B6F60F00688104 /* YPRecommendationsApi.h */ = {isa = PBXFileReference; fileEncoding = 4; lastKnownFileType = sourcecode.c.h; name = YPRecommendationsApi.h; path = ../../../src/YPRecommendationsApi.h; sourceTree = "<group>"; };
		EA6BAEEB19B6F60F00688104 /* YPRecommendationsApi.m */ = {isa = PBXFileReference; fileEncoding = 4; lastKnownFileType = sourcecode.c.objc; name = YPRecommendationsApi.m; path = ../../../src/YPRecommendationsApi.m; sourceTree = "<group>"; };
		EA6BAEEC19B6F60F00688104 /* YPRecurrence.h */ = {isa = PBXFileReference; fileEncoding = 4; lastKnownFileType = sourcecode.c.h; name = YPRecurrence.h; path = ../../../src/YPRecurrence.h; sourceTree = "<group>"; };
		EA6BAEED19B6F60F00688104 /* YPRecurrence.m */ = {isa = PBXFileReference; fileEncoding = 4; lastKnownFileType = sourcecode.c.objc; name = YPRecurrence.m; path = ../../../src/YPRecurrence.m; sourceTree = "<group>"; };
		EA6BAEEE19B6F60F00688104 /* YPRefDoc.h */ = {isa = PBXFileReference; fileEncoding = 4; lastKnownFileType = sourcecode.c.h; name = YPRefDoc.h; path = ../../../src/YPRefDoc.h; sourceTree = "<group>"; };
		EA6BAEEF19B6F60F00688104 /* YPRefDoc.m */ = {isa = PBXFileReference; fileEncoding = 4; lastKnownFileType = sourcecode.c.objc; name = YPRefDoc.m; path = ../../../src/YPRefDoc.m; sourceTree = "<group>"; };
		EA6BAEF019B6F60F00688104 /* YPRejectedActivitie.h */ = {isa = PBXFileReference; fileEncoding = 4; lastKnownFileType = sourcecode.c.h; name = YPRejectedActivitie.h; path = ../../../src/YPRejectedActivitie.h; sourceTree = "<group>"; };
		EA6BAEF119B6F60F00688104 /* YPRejectedActivitie.m */ = {isa = PBXFileReference; fileEncoding = 4; lastKnownFileType = sourcecode.c.objc; name = YPRejectedActivitie.m; path = ../../../src/YPRejectedActivitie.m; sourceTree = "<group>"; };
		EA6BAEF219B6F60F00688104 /* YPRejectedIdea.h */ = {isa = PBXFileReference; fileEncoding = 4; lastKnownFileType = sourcecode.c.h; name = YPRejectedIdea.h; path = ../../../src/YPRejectedIdea.h; sourceTree = "<group>"; };
		EA6BAEF319B6F60F00688104 /* YPRejectedIdea.m */ = {isa = PBXFileReference; fileEncoding = 4; lastKnownFileType = sourcecode.c.objc; name = YPRejectedIdea.m; path = ../../../src/YPRejectedIdea.m; sourceTree = "<group>"; };
		EA6BAEF419B6F60F00688104 /* YPSocialInteraction.h */ = {isa = PBXFileReference; fileEncoding = 4; lastKnownFileType = sourcecode.c.h; name = YPSocialInteraction.h; path = ../../../src/YPSocialInteraction.h; sourceTree = "<group>"; };
		EA6BAEF519B6F60F00688104 /* YPSocialInteraction.m */ = {isa = PBXFileReference; fileEncoding = 4; lastKnownFileType = sourcecode.c.objc; name = YPSocialInteraction.m; path = ../../../src/YPSocialInteraction.m; sourceTree = "<group>"; };
		EA6BAEF619B6F60F00688104 /* YPSocialInteractionsApi.h */ = {isa = PBXFileReference; fileEncoding = 4; lastKnownFileType = sourcecode.c.h; name = YPSocialInteractionsApi.h; path = ../../../src/YPSocialInteractionsApi.h; sourceTree = "<group>"; };
		EA6BAEF719B6F60F00688104 /* YPSocialInteractionsApi.m */ = {isa = PBXFileReference; fileEncoding = 4; lastKnownFileType = sourcecode.c.objc; name = YPSocialInteractionsApi.m; path = ../../../src/YPSocialInteractionsApi.m; sourceTree = "<group>"; };
		EA6BAEF819B6F60F00688104 /* YPStarredIdea.h */ = {isa = PBXFileReference; fileEncoding = 4; lastKnownFileType = sourcecode.c.h; name = YPStarredIdea.h; path = ../../../src/YPStarredIdea.h; sourceTree = "<group>"; };
		EA6BAEF919B6F60F00688104 /* YPStarredIdea.m */ = {isa = PBXFileReference; fileEncoding = 4; lastKnownFileType = sourcecode.c.objc; name = YPStarredIdea.m; path = ../../../src/YPStarredIdea.m; sourceTree = "<group>"; };
		EA6BAEFA19B6F60F00688104 /* YPStatsApi.h */ = {isa = PBXFileReference; fileEncoding = 4; lastKnownFileType = sourcecode.c.h; name = YPStatsApi.h; path = ../../../src/YPStatsApi.h; sourceTree = "<group>"; };
		EA6BAEFB19B6F60F00688104 /* YPStatsApi.m */ = {isa = PBXFileReference; fileEncoding = 4; lastKnownFileType = sourcecode.c.objc; name = YPStatsApi.m; path = ../../../src/YPStatsApi.m; sourceTree = "<group>"; };
		EA6BAEFC19B6F60F00688104 /* YPTargetSpace.h */ = {isa = PBXFileReference; fileEncoding = 4; lastKnownFileType = sourcecode.c.h; name = YPTargetSpace.h; path = ../../../src/YPTargetSpace.h; sourceTree = "<group>"; };
		EA6BAEFD19B6F60F00688104 /* YPTargetSpace.m */ = {isa = PBXFileReference; fileEncoding = 4; lastKnownFileType = sourcecode.c.objc; name = YPTargetSpace.m; path = ../../../src/YPTargetSpace.m; sourceTree = "<group>"; };
		EA6BAEFE19B6F60F00688104 /* YPTopic.h */ = {isa = PBXFileReference; fileEncoding = 4; lastKnownFileType = sourcecode.c.h; name = YPTopic.h; path = ../../../src/YPTopic.h; sourceTree = "<group>"; };
		EA6BAEFF19B6F60F00688104 /* YPTopic.m */ = {isa = PBXFileReference; fileEncoding = 4; lastKnownFileType = sourcecode.c.objc; name = YPTopic.m; path = ../../../src/YPTopic.m; sourceTree = "<group>"; };
		EA6BAF0019B6F60F00688104 /* YPTopicsApi.h */ = {isa = PBXFileReference; fileEncoding = 4; lastKnownFileType = sourcecode.c.h; name = YPTopicsApi.h; path = ../../../src/YPTopicsApi.h; sourceTree = "<group>"; };
		EA6BAF0119B6F60F00688104 /* YPTopicsApi.m */ = {isa = PBXFileReference; fileEncoding = 4; lastKnownFileType = sourcecode.c.objc; name = YPTopicsApi.m; path = ../../../src/YPTopicsApi.m; sourceTree = "<group>"; };
		EA6BAF0219B6F60F00688104 /* YPUser.h */ = {isa = PBXFileReference; fileEncoding = 4; lastKnownFileType = sourcecode.c.h; name = YPUser.h; path = ../../../src/YPUser.h; sourceTree = "<group>"; };
		EA6BAF0319B6F60F00688104 /* YPUser.m */ = {isa = PBXFileReference; fileEncoding = 4; lastKnownFileType = sourcecode.c.objc; name = YPUser.m; path = ../../../src/YPUser.m; sourceTree = "<group>"; };
		EA6BAF0419B6F60F00688104 /* YPUsernameEmail.h */ = {isa = PBXFileReference; fileEncoding = 4; lastKnownFileType = sourcecode.c.h; name = YPUsernameEmail.h; path = ../../../src/YPUsernameEmail.h; sourceTree = "<group>"; };
		EA6BAF0519B6F60F00688104 /* YPUsernameEmail.m */ = {isa = PBXFileReference; fileEncoding = 4; lastKnownFileType = sourcecode.c.objc; name = YPUsernameEmail.m; path = ../../../src/YPUsernameEmail.m; sourceTree = "<group>"; };
		EA6BAF0619B6F60F00688104 /* YPUsersApi.h */ = {isa = PBXFileReference; fileEncoding = 4; lastKnownFileType = sourcecode.c.h; name = YPUsersApi.h; path = ../../../src/YPUsersApi.h; sourceTree = "<group>"; };
		EA6BAF0719B6F60F00688104 /* YPUsersApi.m */ = {isa = PBXFileReference; fileEncoding = 4; lastKnownFileType = sourcecode.c.objc; name = YPUsersApi.m; path = ../../../src/YPUsersApi.m; sourceTree = "<group>"; };
		EA6BAF0819B6F60F00688104 /* YPWorkAddress.h */ = {isa = PBXFileReference; fileEncoding = 4; lastKnownFileType = sourcecode.c.h; name = YPWorkAddress.h; path = ../../../src/YPWorkAddress.h; sourceTree = "<group>"; };
		EA6BAF0919B6F60F00688104 /* YPWorkAddress.m */ = {isa = PBXFileReference; fileEncoding = 4; lastKnownFileType = sourcecode.c.objc; name = YPWorkAddress.m; path = ../../../src/YPWorkAddress.m; sourceTree = "<group>"; };
		EABD47691946F92800492B20 /* YPLoginSample.app */ = {isa = PBXFileReference; explicitFileType = wrapper.application; includeInIndex = 0; path = YPLoginSample.app; sourceTree = BUILT_PRODUCTS_DIR; };
		EABD476C1946F92800492B20 /* Foundation.framework */ = {isa = PBXFileReference; lastKnownFileType = wrapper.framework; name = Foundation.framework; path = System/Library/Frameworks/Foundation.framework; sourceTree = SDKROOT; };
		EABD476E1946F92800492B20 /* CoreGraphics.framework */ = {isa = PBXFileReference; lastKnownFileType = wrapper.framework; name = CoreGraphics.framework; path = System/Library/Frameworks/CoreGraphics.framework; sourceTree = SDKROOT; };
		EABD47701946F92800492B20 /* UIKit.framework */ = {isa = PBXFileReference; lastKnownFileType = wrapper.framework; name = UIKit.framework; path = System/Library/Frameworks/UIKit.framework; sourceTree = SDKROOT; };
		EABD47741946F92800492B20 /* YPLoginSample-Info.plist */ = {isa = PBXFileReference; lastKnownFileType = text.plist.xml; path = "YPLoginSample-Info.plist"; sourceTree = "<group>"; };
		EABD47761946F92800492B20 /* en */ = {isa = PBXFileReference; lastKnownFileType = text.plist.strings; name = en; path = en.lproj/InfoPlist.strings; sourceTree = "<group>"; };
		EABD47781946F92800492B20 /* main.m */ = {isa = PBXFileReference; lastKnownFileType = sourcecode.c.objc; path = main.m; sourceTree = "<group>"; };
		EABD477A1946F92800492B20 /* YPLoginSample-Prefix.pch */ = {isa = PBXFileReference; lastKnownFileType = sourcecode.c.h; path = "YPLoginSample-Prefix.pch"; sourceTree = "<group>"; };
		EABD477B1946F92800492B20 /* YPAppDelegate.h */ = {isa = PBXFileReference; lastKnownFileType = sourcecode.c.h; path = YPAppDelegate.h; sourceTree = "<group>"; };
		EABD477C1946F92800492B20 /* YPAppDelegate.m */ = {isa = PBXFileReference; lastKnownFileType = sourcecode.c.objc; path = YPAppDelegate.m; sourceTree = "<group>"; };
		EABD477F1946F92800492B20 /* Base */ = {isa = PBXFileReference; lastKnownFileType = file.storyboard; name = Base; path = Base.lproj/Main_iPhone.storyboard; sourceTree = "<group>"; };
		EABD47821946F92800492B20 /* Base */ = {isa = PBXFileReference; lastKnownFileType = file.storyboard; name = Base; path = Base.lproj/Main_iPad.storyboard; sourceTree = "<group>"; };
		EABD47841946F92800492B20 /* YPViewController.h */ = {isa = PBXFileReference; lastKnownFileType = sourcecode.c.h; path = YPViewController.h; sourceTree = "<group>"; };
		EABD47851946F92800492B20 /* YPViewController.m */ = {isa = PBXFileReference; lastKnownFileType = sourcecode.c.objc; path = YPViewController.m; sourceTree = "<group>"; };
		EABD47871946F92800492B20 /* Images.xcassets */ = {isa = PBXFileReference; lastKnownFileType = folder.assetcatalog; path = Images.xcassets; sourceTree = "<group>"; };
		EABD478D1946F92800492B20 /* YPLoginSampleTests.xctest */ = {isa = PBXFileReference; explicitFileType = wrapper.cfbundle; includeInIndex = 0; path = YPLoginSampleTests.xctest; sourceTree = BUILT_PRODUCTS_DIR; };
		EABD478E1946F92800492B20 /* XCTest.framework */ = {isa = PBXFileReference; lastKnownFileType = wrapper.framework; name = XCTest.framework; path = Library/Frameworks/XCTest.framework; sourceTree = DEVELOPER_DIR; };
		EABD47961946F92800492B20 /* YPLoginSampleTests-Info.plist */ = {isa = PBXFileReference; lastKnownFileType = text.plist.xml; path = "YPLoginSampleTests-Info.plist"; sourceTree = "<group>"; };
		EABD47981946F92800492B20 /* en */ = {isa = PBXFileReference; lastKnownFileType = text.plist.strings; name = en; path = en.lproj/InfoPlist.strings; sourceTree = "<group>"; };
		EABD479A1946F92800492B20 /* YPLoginSampleTests.m */ = {isa = PBXFileReference; lastKnownFileType = sourcecode.c.objc; path = YPLoginSampleTests.m; sourceTree = "<group>"; };
		EABD485D1946F97000492B20 /* SystemConfiguration.framework */ = {isa = PBXFileReference; lastKnownFileType = wrapper.framework; name = SystemConfiguration.framework; path = System/Library/Frameworks/SystemConfiguration.framework; sourceTree = SDKROOT; };
/* End PBXFileReference section */

/* Begin PBXFrameworksBuildPhase section */
		EABD47661946F92800492B20 /* Frameworks */ = {
			isa = PBXFrameworksBuildPhase;
			buildActionMask = 2147483647;
			files = (
				EABD485E1946F97000492B20 /* SystemConfiguration.framework in Frameworks */,
				EABD476F1946F92800492B20 /* CoreGraphics.framework in Frameworks */,
				EABD47711946F92800492B20 /* UIKit.framework in Frameworks */,
				EABD476D1946F92800492B20 /* Foundation.framework in Frameworks */,
				1BB210CB97C6448882332D33 /* libPods.a in Frameworks */,
			);
			runOnlyForDeploymentPostprocessing = 0;
		};
		EABD478A1946F92800492B20 /* Frameworks */ = {
			isa = PBXFrameworksBuildPhase;
			buildActionMask = 2147483647;
			files = (
				EABD478F1946F92800492B20 /* XCTest.framework in Frameworks */,
				EABD47911946F92800492B20 /* UIKit.framework in Frameworks */,
				EABD47901946F92800492B20 /* Foundation.framework in Frameworks */,
			);
			runOnlyForDeploymentPostprocessing = 0;
		};
/* End PBXFrameworksBuildPhase section */

/* Begin PBXGroup section */
		EA33E4B819B5CA33005F0FC2 /* src */ = {
			isa = PBXGroup;
			children = (
				EA6BAE7E19B6F60F00688104 /* YPActivitiesApi.h */,
				EA6BAE7F19B6F60F00688104 /* YPActivitiesApi.m */,
				EA6BAE8019B6F60F00688104 /* YPActivity.h */,
				EA6BAE8119B6F60F00688104 /* YPActivity.m */,
				EA6BAE8219B6F60F00688104 /* YPActivityEvent.h */,
				EA6BAE8319B6F60F00688104 /* YPActivityEvent.m */,
				EA6BAE8419B6F60F00688104 /* YPActivityeventsApi.h */,
				EA6BAE8519B6F60F00688104 /* YPActivityeventsApi.m */,
				EA6BAE8619B6F60F00688104 /* YPActivityInvitationStatusResult.h */,
				EA6BAE8719B6F60F00688104 /* YPActivityInvitationStatusResult.m */,
				EA6BAE8819B6F60F00688104 /* YPActivityValidationResult.h */,
				EA6BAE8919B6F60F00688104 /* YPActivityValidationResult.m */,
				EA6BAE8A19B6F60F00688104 /* YPAddress.h */,
				EA6BAE8B19B6F60F00688104 /* YPAddress.m */,
				EA6BAE8C19B6F60F00688104 /* YPAnswer.h */,
				EA6BAE8D19B6F60F00688104 /* YPAnswer.m */,
				EA6BAE8E19B6F60F00688104 /* YPApiClient.h */,
				EA6BAE8F19B6F60F00688104 /* YPApiClient.m */,
				EA6BAE9019B6F60F00688104 /* YPAssessment.h */,
				EA6BAE9119B6F60F00688104 /* YPAssessment.m */,
				EA6BAE9219B6F60F00688104 /* YPAssessmentQuestion.h */,
				EA6BAE9319B6F60F00688104 /* YPAssessmentQuestion.m */,
				EA6BAE9419B6F60F00688104 /* YPAssessmentResult.h */,
				EA6BAE9519B6F60F00688104 /* YPAssessmentResult.m */,
				EA6BAE9619B6F60F00688104 /* YPAssessmentResultAnswer.h */,
				EA6BAE9719B6F60F00688104 /* YPAssessmentResultAnswer.m */,
				EA6BAE9819B6F60F00688104 /* YPAssessmentsApi.h */,
				EA6BAE9919B6F60F00688104 /* YPAssessmentsApi.m */,
				EA6BAE9A19B6F60F00688104 /* YPAuthApi.h */,
				EA6BAE9B19B6F60F00688104 /* YPAuthApi.m */,
				EA6BAE9C19B6F60F00688104 /* YPCampaign.h */,
				EA6BAE9D19B6F60F00688104 /* YPCampaign.m */,
				EA6BAE9E19B6F60F00688104 /* YPCampaignsApi.h */,
				EA6BAE9F19B6F60F00688104 /* YPCampaignsApi.m */,
				EA6BAEA019B6F60F00688104 /* YPCoachmessagesApi.h */,
				EA6BAEA119B6F60F00688104 /* YPCoachmessagesApi.m */,
				EA6BAEA219B6F60F00688104 /* YPContact.h */,
				EA6BAEA319B6F60F00688104 /* YPContact.m */,
				EA6BAEA419B6F60F00688104 /* YPDate.h */,
				EA6BAEA519B6F60F00688104 /* YPDate.m */,
				EA6BAEA619B6F60F00688104 /* YPEmail.h */,
				EA6BAEA719B6F60F00688104 /* YPEmail.m */,
				EA6BAEA819B6F60F00688104 /* YPEmailObject.h */,
				EA6BAEA919B6F60F00688104 /* YPEmailObject.m */,
				EA6BAEAA19B6F60F00688104 /* YPEndby.h */,
				EA6BAEAB19B6F60F00688104 /* YPEndby.m */,
				EA6BAEAC19B6F60F00688104 /* YPError.h */,
				EA6BAEAD19B6F60F00688104 /* YPError.m */,
				EA6BAEAE19B6F60F00688104 /* YPErrorApi.h */,
				EA6BAEAF19B6F60F00688104 /* YPErrorApi.m */,
				EA6BAEB019B6F60F00688104 /* YPErrorObject.h */,
				EA6BAEB119B6F60F00688104 /* YPErrorObject.m */,
				EA6BAEB219B6F60F00688104 /* YPFeedback.h */,
				EA6BAEB319B6F60F00688104 /* YPFeedback.m */,
				EA6BAEB419B6F60F00688104 /* YPFeedbackApi.h */,
				EA6BAEB519B6F60F00688104 /* YPFeedbackApi.m */,
				EA6BAEB619B6F60F00688104 /* YPFile.h */,
				EA6BAEB719B6F60F00688104 /* YPFile.m */,
				EA6BAEB819B6F60F00688104 /* YPFocus.h */,
				EA6BAEB919B6F60F00688104 /* YPFocus.m */,
				EA6BAEBA19B6F60F00688104 /* YPHomeAddress.h */,
				EA6BAEBB19B6F60F00688104 /* YPHomeAddress.m */,
				EA6BAEBC19B6F60F00688104 /* YPI18nString.h */,
				EA6BAEBD19B6F60F00688104 /* YPI18nString.m */,
				EA6BAEBE19B6F60F00688104 /* YPIdea.h */,
				EA6BAEBF19B6F60F00688104 /* YPIdea.m */,
				EA6BAEC019B6F60F00688104 /* YPIdeasApi.h */,
				EA6BAEC119B6F60F00688104 /* YPIdeasApi.m */,
				EA6BAEC219B6F60F00688104 /* YPInvitation.h */,
				EA6BAEC319B6F60F00688104 /* YPInvitation.m */,
				EA6BAEC419B6F60F00688104 /* YPInvitationsApi.h */,
				EA6BAEC519B6F60F00688104 /* YPInvitationsApi.m */,
				EA6BAEC619B6F60F00688104 /* YPLoginApi.h */,
				EA6BAEC719B6F60F00688104 /* YPLoginApi.m */,
				EA6BAEC819B6F60F00688104 /* YPMainEvent.h */,
				EA6BAEC919B6F60F00688104 /* YPMainEvent.m */,
				EA6BAECA19B6F60F00688104 /* YPMessage.h */,
				EA6BAECB19B6F60F00688104 /* YPMessage.m */,
				EA6BAECC19B6F60F00688104 /* YPMessagesApi.h */,
				EA6BAECD19B6F60F00688104 /* YPMessagesApi.m */,
				EA6BAECE19B6F60F00688104 /* YPNotification.h */,
				EA6BAECF19B6F60F00688104 /* YPNotification.m */,
				EA6BAED019B6F60F00688104 /* YPNotificationsApi.h */,
				EA6BAED119B6F60F00688104 /* YPNotificationsApi.m */,
				EA6BAED219B6F60F00688104 /* YPObject.h */,
				EA6BAED319B6F60F00688104 /* YPObject.m */,
				EA6BAED419B6F60F00688104 /* YPObjectId.h */,
				EA6BAED519B6F60F00688104 /* YPObjectId.m */,
				EA6BAED619B6F60F00688104 /* YPOffersApi.h */,
				EA6BAED719B6F60F00688104 /* YPOffersApi.m */,
				EA6BAED819B6F60F00688104 /* YPOrganization.h */,
				EA6BAED919B6F60F00688104 /* YPOrganization.m */,
				EA6BAEDA19B6F60F00688104 /* YPOrganizationsApi.h */,
				EA6BAEDB19B6F60F00688104 /* YPOrganizationsApi.m */,
				EA6BAEDC19B6F60F00688104 /* YPPaymentCode.h */,
				EA6BAEDD19B6F60F00688104 /* YPPaymentCode.m */,
				EA6BAEDE19B6F60F00688104 /* YPPaymentcodesApi.h */,
				EA6BAEDF19B6F60F00688104 /* YPPaymentcodesApi.m */,
				EA6BAEE019B6F60F00688104 /* YPPingApi.h */,
				EA6BAEE119B6F60F00688104 /* YPPingApi.m */,
				EA6BAEE219B6F60F00688104 /* YPPrefs.h */,
				EA6BAEE319B6F60F00688104 /* YPPrefs.m */,
				EA6BAEE419B6F60F00688104 /* YPProfile.h */,
				EA6BAEE519B6F60F00688104 /* YPProfile.m */,
				EA6BAEE619B6F60F00688104 /* YPProfilesApi.h */,
				EA6BAEE719B6F60F00688104 /* YPProfilesApi.m */,
				EA6BAEE819B6F60F00688104 /* YPRecommendation.h */,
				EA6BAEE919B6F60F00688104 /* YPRecommendation.m */,
				EA6BAEEA19B6F60F00688104 /* YPRecommendationsApi.h */,
				EA6BAEEB19B6F60F00688104 /* YPRecommendationsApi.m */,
				EA6BAEEC19B6F60F00688104 /* YPRecurrence.h */,
				EA6BAEED19B6F60F00688104 /* YPRecurrence.m */,
				EA6BAEEE19B6F60F00688104 /* YPRefDoc.h */,
				EA6BAEEF19B6F60F00688104 /* YPRefDoc.m */,
				EA6BAEF019B6F60F00688104 /* YPRejectedActivitie.h */,
				EA6BAEF119B6F60F00688104 /* YPRejectedActivitie.m */,
				EA6BAEF219B6F60F00688104 /* YPRejectedIdea.h */,
				EA6BAEF319B6F60F00688104 /* YPRejectedIdea.m */,
				EA6BAEF419B6F60F00688104 /* YPSocialInteraction.h */,
				EA6BAEF519B6F60F00688104 /* YPSocialInteraction.m */,
				EA6BAEF619B6F60F00688104 /* YPSocialInteractionsApi.h */,
				EA6BAEF719B6F60F00688104 /* YPSocialInteractionsApi.m */,
				EA6BAEF819B6F60F00688104 /* YPStarredIdea.h */,
				EA6BAEF919B6F60F00688104 /* YPStarredIdea.m */,
				EA6BAEFA19B6F60F00688104 /* YPStatsApi.h */,
				EA6BAEFB19B6F60F00688104 /* YPStatsApi.m */,
				EA6BAEFC19B6F60F00688104 /* YPTargetSpace.h */,
				EA6BAEFD19B6F60F00688104 /* YPTargetSpace.m */,
				EA6BAEFE19B6F60F00688104 /* YPTopic.h */,
				EA6BAEFF19B6F60F00688104 /* YPTopic.m */,
				EA6BAF0019B6F60F00688104 /* YPTopicsApi.h */,
				EA6BAF0119B6F60F00688104 /* YPTopicsApi.m */,
				EA6BAF0219B6F60F00688104 /* YPUser.h */,
				EA6BAF0319B6F60F00688104 /* YPUser.m */,
				EA6BAF0419B6F60F00688104 /* YPUsernameEmail.h */,
				EA6BAF0519B6F60F00688104 /* YPUsernameEmail.m */,
				EA6BAF0619B6F60F00688104 /* YPUsersApi.h */,
				EA6BAF0719B6F60F00688104 /* YPUsersApi.m */,
				EA6BAF0819B6F60F00688104 /* YPWorkAddress.h */,
				EA6BAF0919B6F60F00688104 /* YPWorkAddress.m */,
			);
			name = src;
			sourceTree = "<group>";
		};
		EABD47601946F92800492B20 = {
			isa = PBXGroup;
			children = (
				EABD47721946F92800492B20 /* YPLoginSample */,
				EABD47941946F92800492B20 /* YPLoginSampleTests */,
				EABD476B1946F92800492B20 /* Frameworks */,
				EABD476A1946F92800492B20 /* Products */,
				CBD58A5C395D4C1B8ACB6310 /* Pods.xcconfig */,
			);
			sourceTree = "<group>";
		};
		EABD476A1946F92800492B20 /* Products */ = {
			isa = PBXGroup;
			children = (
				EABD47691946F92800492B20 /* YPLoginSample.app */,
				EABD478D1946F92800492B20 /* YPLoginSampleTests.xctest */,
			);
			name = Products;
			sourceTree = "<group>";
		};
		EABD476B1946F92800492B20 /* Frameworks */ = {
			isa = PBXGroup;
			children = (
				EABD485D1946F97000492B20 /* SystemConfiguration.framework */,
				EABD476C1946F92800492B20 /* Foundation.framework */,
				EABD476E1946F92800492B20 /* CoreGraphics.framework */,
				EABD47701946F92800492B20 /* UIKit.framework */,
				EABD478E1946F92800492B20 /* XCTest.framework */,
				5159A749A730432CA2E880E2 /* libPods.a */,
			);
			name = Frameworks;
			sourceTree = "<group>";
		};
		EABD47721946F92800492B20 /* YPLoginSample */ = {
			isa = PBXGroup;
			children = (
				EA33E4B819B5CA33005F0FC2 /* src */,
				EABD477B1946F92800492B20 /* YPAppDelegate.h */,
				EABD477C1946F92800492B20 /* YPAppDelegate.m */,
				EABD477E1946F92800492B20 /* Main_iPhone.storyboard */,
				EABD47811946F92800492B20 /* Main_iPad.storyboard */,
				EABD47841946F92800492B20 /* YPViewController.h */,
				EABD47851946F92800492B20 /* YPViewController.m */,
				EABD47871946F92800492B20 /* Images.xcassets */,
				EABD47731946F92800492B20 /* Supporting Files */,
			);
			path = YPLoginSample;
			sourceTree = "<group>";
		};
		EABD47731946F92800492B20 /* Supporting Files */ = {
			isa = PBXGroup;
			children = (
				EABD47741946F92800492B20 /* YPLoginSample-Info.plist */,
				EABD47751946F92800492B20 /* InfoPlist.strings */,
				EABD47781946F92800492B20 /* main.m */,
				EABD477A1946F92800492B20 /* YPLoginSample-Prefix.pch */,
			);
			name = "Supporting Files";
			sourceTree = "<group>";
		};
		EABD47941946F92800492B20 /* YPLoginSampleTests */ = {
			isa = PBXGroup;
			children = (
				EABD479A1946F92800492B20 /* YPLoginSampleTests.m */,
				EABD47951946F92800492B20 /* Supporting Files */,
			);
			path = YPLoginSampleTests;
			sourceTree = "<group>";
		};
		EABD47951946F92800492B20 /* Supporting Files */ = {
			isa = PBXGroup;
			children = (
				EABD47961946F92800492B20 /* YPLoginSampleTests-Info.plist */,
				EABD47971946F92800492B20 /* InfoPlist.strings */,
			);
			name = "Supporting Files";
			sourceTree = "<group>";
		};
/* End PBXGroup section */

/* Begin PBXNativeTarget section */
		EABD47681946F92800492B20 /* YPLoginSample */ = {
			isa = PBXNativeTarget;
			buildConfigurationList = EABD479E1946F92800492B20 /* Build configuration list for PBXNativeTarget "YPLoginSample" */;
			buildPhases = (
				6420A2474554423584C882BC /* Check Pods Manifest.lock */,
				EABD47651946F92800492B20 /* Sources */,
				EABD47661946F92800492B20 /* Frameworks */,
				EABD47671946F92800492B20 /* Resources */,
				635C5DF8FF134389B70997B1 /* Copy Pods Resources */,
			);
			buildRules = (
			);
			dependencies = (
			);
			name = YPLoginSample;
			productName = YPLoginSample;
			productReference = EABD47691946F92800492B20 /* YPLoginSample.app */;
			productType = "com.apple.product-type.application";
		};
		EABD478C1946F92800492B20 /* YPLoginSampleTests */ = {
			isa = PBXNativeTarget;
			buildConfigurationList = EABD47A11946F92800492B20 /* Build configuration list for PBXNativeTarget "YPLoginSampleTests" */;
			buildPhases = (
				EABD47891946F92800492B20 /* Sources */,
				EABD478A1946F92800492B20 /* Frameworks */,
				EABD478B1946F92800492B20 /* Resources */,
			);
			buildRules = (
			);
			dependencies = (
				EABD47931946F92800492B20 /* PBXTargetDependency */,
			);
			name = YPLoginSampleTests;
			productName = YPLoginSampleTests;
			productReference = EABD478D1946F92800492B20 /* YPLoginSampleTests.xctest */;
			productType = "com.apple.product-type.bundle.unit-test";
		};
/* End PBXNativeTarget section */

/* Begin PBXProject section */
		EABD47611946F92800492B20 /* Project object */ = {
			isa = PBXProject;
			attributes = {
				CLASSPREFIX = YP;
				LastUpgradeCheck = 0510;
				ORGANIZATIONNAME = YouPers;
				TargetAttributes = {
					EABD478C1946F92800492B20 = {
						TestTargetID = EABD47681946F92800492B20;
					};
				};
			};
			buildConfigurationList = EABD47641946F92800492B20 /* Build configuration list for PBXProject "YPLoginSample" */;
			compatibilityVersion = "Xcode 3.2";
			developmentRegion = English;
			hasScannedForEncodings = 0;
			knownRegions = (
				en,
				Base,
			);
			mainGroup = EABD47601946F92800492B20;
			productRefGroup = EABD476A1946F92800492B20 /* Products */;
			projectDirPath = "";
			projectRoot = "";
			targets = (
				EABD47681946F92800492B20 /* YPLoginSample */,
				EABD478C1946F92800492B20 /* YPLoginSampleTests */,
			);
		};
/* End PBXProject section */

/* Begin PBXResourcesBuildPhase section */
		EABD47671946F92800492B20 /* Resources */ = {
			isa = PBXResourcesBuildPhase;
			buildActionMask = 2147483647;
			files = (
				EABD47831946F92800492B20 /* Main_iPad.storyboard in Resources */,
				EABD47881946F92800492B20 /* Images.xcassets in Resources */,
				EABD47801946F92800492B20 /* Main_iPhone.storyboard in Resources */,
				EABD47771946F92800492B20 /* InfoPlist.strings in Resources */,
			);
			runOnlyForDeploymentPostprocessing = 0;
		};
		EABD478B1946F92800492B20 /* Resources */ = {
			isa = PBXResourcesBuildPhase;
			buildActionMask = 2147483647;
			files = (
				EABD47991946F92800492B20 /* InfoPlist.strings in Resources */,
			);
			runOnlyForDeploymentPostprocessing = 0;
		};
/* End PBXResourcesBuildPhase section */

/* Begin PBXShellScriptBuildPhase section */
		635C5DF8FF134389B70997B1 /* Copy Pods Resources */ = {
			isa = PBXShellScriptBuildPhase;
			buildActionMask = 2147483647;
			files = (
			);
			inputPaths = (
			);
			name = "Copy Pods Resources";
			outputPaths = (
			);
			runOnlyForDeploymentPostprocessing = 0;
			shellPath = /bin/sh;
			shellScript = "\"${SRCROOT}/Pods/Pods-resources.sh\"\n";
			showEnvVarsInLog = 0;
		};
		6420A2474554423584C882BC /* Check Pods Manifest.lock */ = {
			isa = PBXShellScriptBuildPhase;
			buildActionMask = 2147483647;
			files = (
			);
			inputPaths = (
			);
			name = "Check Pods Manifest.lock";
			outputPaths = (
			);
			runOnlyForDeploymentPostprocessing = 0;
			shellPath = /bin/sh;
			shellScript = "diff \"${PODS_ROOT}/../Podfile.lock\" \"${PODS_ROOT}/Manifest.lock\" > /dev/null\nif [[ $? != 0 ]] ; then\n    cat << EOM\nerror: The sandbox is not in sync with the Podfile.lock. Run 'pod install' or update your CocoaPods installation.\nEOM\n    exit 1\nfi\n";
			showEnvVarsInLog = 0;
		};
/* End PBXShellScriptBuildPhase section */

/* Begin PBXSourcesBuildPhase section */
		EABD47651946F92800492B20 /* Sources */ = {
			isa = PBXSourcesBuildPhase;
			buildActionMask = 2147483647;
			files = (
				EA6BAF2519B6F61000688104 /* YPFeedbackApi.m in Sources */,
				EA6BAF4219B6F61000688104 /* YPRefDoc.m in Sources */,
				EA6BAF1419B6F60F00688104 /* YPAssessmentQuestion.m in Sources */,
				EA6BAF3119B6F61000688104 /* YPMessagesApi.m in Sources */,
				EA6BAF1D19B6F61000688104 /* YPDate.m in Sources */,
				EA6BAF4619B6F61000688104 /* YPSocialInteractionsApi.m in Sources */,
				EA6BAF2E19B6F61000688104 /* YPLoginApi.m in Sources */,
				EA6BAF0D19B6F60F00688104 /* YPActivityeventsApi.m in Sources */,
				EA6BAF1019B6F60F00688104 /* YPAddress.m in Sources */,
				EA6BAF1619B6F60F00688104 /* YPAssessmentResultAnswer.m in Sources */,
				EA6BAF3919B6F61000688104 /* YPPaymentCode.m in Sources */,
				EA6BAF4719B6F61000688104 /* YPStarredIdea.m in Sources */,
				EA6BAF2319B6F61000688104 /* YPErrorObject.m in Sources */,
				EA6BAF1E19B6F61000688104 /* YPEmail.m in Sources */,
				EA6BAF3D19B6F61000688104 /* YPProfile.m in Sources */,
				EA6BAF1F19B6F61000688104 /* YPEmailObject.m in Sources */,
				EA6BAF2B19B6F61000688104 /* YPIdeasApi.m in Sources */,
				EA6BAF3819B6F61000688104 /* YPOrganizationsApi.m in Sources */,
				EA6BAF4319B6F61000688104 /* YPRejectedActivitie.m in Sources */,
				EA6BAF1919B6F61000688104 /* YPCampaign.m in Sources */,
				EA6BAF4B19B6F61000688104 /* YPTopicsApi.m in Sources */,
				EA6BAF2219B6F61000688104 /* YPErrorApi.m in Sources */,
				EA6BAF0B19B6F60F00688104 /* YPActivity.m in Sources */,
				EA6BAF3719B6F61000688104 /* YPOrganization.m in Sources */,
				EA6BAF3B19B6F61000688104 /* YPPingApi.m in Sources */,
				EA6BAF2F19B6F61000688104 /* YPMainEvent.m in Sources */,
				EA6BAF3619B6F61000688104 /* YPOffersApi.m in Sources */,
				EA6BAF2C19B6F61000688104 /* YPInvitation.m in Sources */,
				EA6BAF4519B6F61000688104 /* YPSocialInteraction.m in Sources */,
				EA6BAF2819B6F61000688104 /* YPHomeAddress.m in Sources */,
				EA6BAF4919B6F61000688104 /* YPTargetSpace.m in Sources */,
				EA6BAF3C19B6F61000688104 /* YPPrefs.m in Sources */,
				EA6BAF3E19B6F61000688104 /* YPProfilesApi.m in Sources */,
				EA6BAF4A19B6F61000688104 /* YPTopic.m in Sources */,
				EA6BAF2619B6F61000688104 /* YPFile.m in Sources */,
				EA6BAF2919B6F61000688104 /* YPI18nString.m in Sources */,
				EA6BAF4819B6F61000688104 /* YPStatsApi.m in Sources */,
				EA6BAF2A19B6F61000688104 /* YPIdea.m in Sources */,
				EA6BAF3419B6F61000688104 /* YPObject.m in Sources */,
				EA6BAF0A19B6F60F00688104 /* YPActivitiesApi.m in Sources */,
				EA6BAF3F19B6F61000688104 /* YPRecommendation.m in Sources */,
				EA6BAF0C19B6F60F00688104 /* YPActivityEvent.m in Sources */,
				EA6BAF2019B6F61000688104 /* YPEndby.m in Sources */,
				EABD47861946F92800492B20 /* YPViewController.m in Sources */,
				EA6BAF2D19B6F61000688104 /* YPInvitationsApi.m in Sources */,
				EA6BAF2719B6F61000688104 /* YPFocus.m in Sources */,
				EA6BAF4F19B6F61000688104 /* YPWorkAddress.m in Sources */,
				EA6BAF0F19B6F60F00688104 /* YPActivityValidationResult.m in Sources */,
				EABD47791946F92800492B20 /* main.m in Sources */,
				EA6BAF3319B6F61000688104 /* YPNotificationsApi.m in Sources */,
				EA6BAF2419B6F61000688104 /* YPFeedback.m in Sources */,
				EA6BAF1719B6F60F00688104 /* YPAssessmentsApi.m in Sources */,
				EA6BAF4019B6F61000688104 /* YPRecommendationsApi.m in Sources */,
				EA6BAF1319B6F60F00688104 /* YPAssessment.m in Sources */,
				EA6BAF4119B6F61000688104 /* YPRecurrence.m in Sources */,
				EA6BAF1C19B6F61000688104 /* YPContact.m in Sources */,
				EA6BAF1A19B6F61000688104 /* YPCampaignsApi.m in Sources */,
				EA6BAF1119B6F60F00688104 /* YPAnswer.m in Sources */,
				EA6BAF3019B6F61000688104 /* YPMessage.m in Sources */,
				EA6BAF3519B6F61000688104 /* YPObjectId.m in Sources */,
				EA6BAF1B19B6F61000688104 /* YPCoachmessagesApi.m in Sources */,
				EA6BAF1819B6F60F00688104 /* YPAuthApi.m in Sources */,
				EA6BAF3A19B6F61000688104 /* YPPaymentcodesApi.m in Sources */,
				EABD477D1946F92800492B20 /* YPAppDelegate.m in Sources */,
				EA6BAF2119B6F61000688104 /* YPError.m in Sources */,
				EA6BAF4419B6F61000688104 /* YPRejectedIdea.m in Sources */,
				EA6BAF1519B6F60F00688104 /* YPAssessmentResult.m in Sources */,
				EA6BAF1219B6F60F00688104 /* YPApiClient.m in Sources */,
				EA6BAF0E19B6F60F00688104 /* YPActivityInvitationStatusResult.m in Sources */,
				EA6BAF4E19B6F61000688104 /* YPUsersApi.m in Sources */,
				EA6BAF4D19B6F61000688104 /* YPUsernameEmail.m in Sources */,
				EA6BAF3219B6F61000688104 /* YPNotification.m in Sources */,
				EA6BAF4C19B6F61000688104 /* YPUser.m in Sources */,
			);
			runOnlyForDeploymentPostprocessing = 0;
		};
		EABD47891946F92800492B20 /* Sources */ = {
			isa = PBXSourcesBuildPhase;
			buildActionMask = 2147483647;
			files = (
				EABD479B1946F92800492B20 /* YPLoginSampleTests.m in Sources */,
			);
			runOnlyForDeploymentPostprocessing = 0;
		};
/* End PBXSourcesBuildPhase section */

/* Begin PBXTargetDependency section */
		EABD47931946F92800492B20 /* PBXTargetDependency */ = {
			isa = PBXTargetDependency;
			target = EABD47681946F92800492B20 /* YPLoginSample */;
			targetProxy = EABD47921946F92800492B20 /* PBXContainerItemProxy */;
		};
/* End PBXTargetDependency section */

/* Begin PBXVariantGroup section */
		EABD47751946F92800492B20 /* InfoPlist.strings */ = {
			isa = PBXVariantGroup;
			children = (
				EABD47761946F92800492B20 /* en */,
			);
			name = InfoPlist.strings;
			sourceTree = "<group>";
		};
		EABD477E1946F92800492B20 /* Main_iPhone.storyboard */ = {
			isa = PBXVariantGroup;
			children = (
				EABD477F1946F92800492B20 /* Base */,
			);
			name = Main_iPhone.storyboard;
			sourceTree = "<group>";
		};
		EABD47811946F92800492B20 /* Main_iPad.storyboard */ = {
			isa = PBXVariantGroup;
			children = (
				EABD47821946F92800492B20 /* Base */,
			);
			name = Main_iPad.storyboard;
			sourceTree = "<group>";
		};
		EABD47971946F92800492B20 /* InfoPlist.strings */ = {
			isa = PBXVariantGroup;
			children = (
				EABD47981946F92800492B20 /* en */,
			);
			name = InfoPlist.strings;
			sourceTree = "<group>";
		};
/* End PBXVariantGroup section */

/* Begin XCBuildConfiguration section */
		EABD479C1946F92800492B20 /* Debug */ = {
			isa = XCBuildConfiguration;
			buildSettings = {
				ALWAYS_SEARCH_USER_PATHS = NO;
				CLANG_CXX_LANGUAGE_STANDARD = "gnu++0x";
				CLANG_CXX_LIBRARY = "libc++";
				CLANG_ENABLE_MODULES = YES;
				CLANG_ENABLE_OBJC_ARC = YES;
				CLANG_WARN_BOOL_CONVERSION = YES;
				CLANG_WARN_CONSTANT_CONVERSION = YES;
				CLANG_WARN_DIRECT_OBJC_ISA_USAGE = YES_ERROR;
				CLANG_WARN_EMPTY_BODY = YES;
				CLANG_WARN_ENUM_CONVERSION = YES;
				CLANG_WARN_INT_CONVERSION = YES;
				CLANG_WARN_OBJC_ROOT_CLASS = YES_ERROR;
				CLANG_WARN__DUPLICATE_METHOD_MATCH = YES;
				"CODE_SIGN_IDENTITY[sdk=iphoneos*]" = "iPhone Developer";
				COPY_PHASE_STRIP = NO;
				GCC_C_LANGUAGE_STANDARD = gnu99;
				GCC_DYNAMIC_NO_PIC = NO;
				GCC_OPTIMIZATION_LEVEL = 0;
				GCC_PREPROCESSOR_DEFINITIONS = (
					"DEBUG=1",
					"$(inherited)",
				);
				GCC_SYMBOLS_PRIVATE_EXTERN = NO;
				GCC_WARN_64_TO_32_BIT_CONVERSION = YES;
				GCC_WARN_ABOUT_RETURN_TYPE = YES_ERROR;
				GCC_WARN_UNDECLARED_SELECTOR = YES;
				GCC_WARN_UNINITIALIZED_AUTOS = YES_AGGRESSIVE;
				GCC_WARN_UNUSED_FUNCTION = YES;
				GCC_WARN_UNUSED_VARIABLE = YES;
				IPHONEOS_DEPLOYMENT_TARGET = 7.1;
				ONLY_ACTIVE_ARCH = YES;
				SDKROOT = iphoneos;
				TARGETED_DEVICE_FAMILY = "1,2";
			};
			name = Debug;
		};
		EABD479D1946F92800492B20 /* Release */ = {
			isa = XCBuildConfiguration;
			buildSettings = {
				ALWAYS_SEARCH_USER_PATHS = NO;
				CLANG_CXX_LANGUAGE_STANDARD = "gnu++0x";
				CLANG_CXX_LIBRARY = "libc++";
				CLANG_ENABLE_MODULES = YES;
				CLANG_ENABLE_OBJC_ARC = YES;
				CLANG_WARN_BOOL_CONVERSION = YES;
				CLANG_WARN_CONSTANT_CONVERSION = YES;
				CLANG_WARN_DIRECT_OBJC_ISA_USAGE = YES_ERROR;
				CLANG_WARN_EMPTY_BODY = YES;
				CLANG_WARN_ENUM_CONVERSION = YES;
				CLANG_WARN_INT_CONVERSION = YES;
				CLANG_WARN_OBJC_ROOT_CLASS = YES_ERROR;
				CLANG_WARN__DUPLICATE_METHOD_MATCH = YES;
				"CODE_SIGN_IDENTITY[sdk=iphoneos*]" = "iPhone Developer";
				COPY_PHASE_STRIP = YES;
				ENABLE_NS_ASSERTIONS = NO;
				GCC_C_LANGUAGE_STANDARD = gnu99;
				GCC_WARN_64_TO_32_BIT_CONVERSION = YES;
				GCC_WARN_ABOUT_RETURN_TYPE = YES_ERROR;
				GCC_WARN_UNDECLARED_SELECTOR = YES;
				GCC_WARN_UNINITIALIZED_AUTOS = YES_AGGRESSIVE;
				GCC_WARN_UNUSED_FUNCTION = YES;
				GCC_WARN_UNUSED_VARIABLE = YES;
				IPHONEOS_DEPLOYMENT_TARGET = 7.1;
				SDKROOT = iphoneos;
				TARGETED_DEVICE_FAMILY = "1,2";
				VALIDATE_PRODUCT = YES;
			};
			name = Release;
		};
		EABD479F1946F92800492B20 /* Debug */ = {
			isa = XCBuildConfiguration;
			baseConfigurationReference = CBD58A5C395D4C1B8ACB6310 /* Pods.xcconfig */;
			buildSettings = {
				ASSETCATALOG_COMPILER_APPICON_NAME = AppIcon;
				ASSETCATALOG_COMPILER_LAUNCHIMAGE_NAME = LaunchImage;
				GCC_PRECOMPILE_PREFIX_HEADER = YES;
				GCC_PREFIX_HEADER = "YPLoginSample/YPLoginSample-Prefix.pch";
				INFOPLIST_FILE = "YPLoginSample/YPLoginSample-Info.plist";
				PRODUCT_NAME = "$(TARGET_NAME)";
				WRAPPER_EXTENSION = app;
			};
			name = Debug;
		};
		EABD47A01946F92800492B20 /* Release */ = {
			isa = XCBuildConfiguration;
			baseConfigurationReference = CBD58A5C395D4C1B8ACB6310 /* Pods.xcconfig */;
			buildSettings = {
				ASSETCATALOG_COMPILER_APPICON_NAME = AppIcon;
				ASSETCATALOG_COMPILER_LAUNCHIMAGE_NAME = LaunchImage;
				GCC_PRECOMPILE_PREFIX_HEADER = YES;
				GCC_PREFIX_HEADER = "YPLoginSample/YPLoginSample-Prefix.pch";
				INFOPLIST_FILE = "YPLoginSample/YPLoginSample-Info.plist";
				PRODUCT_NAME = "$(TARGET_NAME)";
				WRAPPER_EXTENSION = app;
			};
			name = Release;
		};
		EABD47A21946F92800492B20 /* Debug */ = {
			isa = XCBuildConfiguration;
			buildSettings = {
				BUNDLE_LOADER = "$(BUILT_PRODUCTS_DIR)/YPLoginSample.app/YPLoginSample";
				FRAMEWORK_SEARCH_PATHS = (
					"$(SDKROOT)/Developer/Library/Frameworks",
					"$(inherited)",
					"$(DEVELOPER_FRAMEWORKS_DIR)",
				);
				GCC_PRECOMPILE_PREFIX_HEADER = YES;
				GCC_PREFIX_HEADER = "YPLoginSample/YPLoginSample-Prefix.pch";
				GCC_PREPROCESSOR_DEFINITIONS = (
					"DEBUG=1",
					"$(inherited)",
				);
				INFOPLIST_FILE = "YPLoginSampleTests/YPLoginSampleTests-Info.plist";
				PRODUCT_NAME = "$(TARGET_NAME)";
				TEST_HOST = "$(BUNDLE_LOADER)";
				WRAPPER_EXTENSION = xctest;
			};
			name = Debug;
		};
		EABD47A31946F92800492B20 /* Release */ = {
			isa = XCBuildConfiguration;
			buildSettings = {
				BUNDLE_LOADER = "$(BUILT_PRODUCTS_DIR)/YPLoginSample.app/YPLoginSample";
				FRAMEWORK_SEARCH_PATHS = (
					"$(SDKROOT)/Developer/Library/Frameworks",
					"$(inherited)",
					"$(DEVELOPER_FRAMEWORKS_DIR)",
				);
				GCC_PRECOMPILE_PREFIX_HEADER = YES;
				GCC_PREFIX_HEADER = "YPLoginSample/YPLoginSample-Prefix.pch";
				INFOPLIST_FILE = "YPLoginSampleTests/YPLoginSampleTests-Info.plist";
				PRODUCT_NAME = "$(TARGET_NAME)";
				TEST_HOST = "$(BUNDLE_LOADER)";
				WRAPPER_EXTENSION = xctest;
			};
			name = Release;
		};
/* End XCBuildConfiguration section */

/* Begin XCConfigurationList section */
		EABD47641946F92800492B20 /* Build configuration list for PBXProject "YPLoginSample" */ = {
			isa = XCConfigurationList;
			buildConfigurations = (
				EABD479C1946F92800492B20 /* Debug */,
				EABD479D1946F92800492B20 /* Release */,
			);
			defaultConfigurationIsVisible = 0;
			defaultConfigurationName = Release;
		};
		EABD479E1946F92800492B20 /* Build configuration list for PBXNativeTarget "YPLoginSample" */ = {
			isa = XCConfigurationList;
			buildConfigurations = (
				EABD479F1946F92800492B20 /* Debug */,
				EABD47A01946F92800492B20 /* Release */,
			);
			defaultConfigurationIsVisible = 0;
			defaultConfigurationName = Release;
		};
		EABD47A11946F92800492B20 /* Build configuration list for PBXNativeTarget "YPLoginSampleTests" */ = {
			isa = XCConfigurationList;
			buildConfigurations = (
				EABD47A21946F92800492B20 /* Debug */,
				EABD47A31946F92800492B20 /* Release */,
			);
			defaultConfigurationIsVisible = 0;
			defaultConfigurationName = Release;
		};
/* End XCConfigurationList section */
	};
	rootObject = EABD47611946F92800492B20 /* Project object */;
}
