<?xml version="1.0" encoding="UTF-8"?>
<!DOCTYPE plist PUBLIC "-//Apple//DTD PLIST 1.0//EN" "http://www.apple.com/DTDs/PropertyList-1.0.dtd">
<plist version="1.0">
<dict>
	<key>archiveVersion</key>
	<string>1</string>
	<key>classes</key>
	<dict/>
	<key>objectVersion</key>
	<string>46</string>
	<key>objects</key>
	<dict>
		<key>1BB210CB97C6448882332D33</key>
		<dict>
			<key>fileRef</key>
			<string>5159A749A730432CA2E880E2</string>
			<key>isa</key>
			<string>PBXBuildFile</string>
		</dict>
		<key>5159A749A730432CA2E880E2</key>
		<dict>
			<key>explicitFileType</key>
			<string>archive.ar</string>
			<key>includeInIndex</key>
			<string>0</string>
			<key>isa</key>
			<string>PBXFileReference</string>
			<key>path</key>
			<string>libPods.a</string>
			<key>sourceTree</key>
			<string>BUILT_PRODUCTS_DIR</string>
		</dict>
		<key>635C5DF8FF134389B70997B1</key>
		<dict>
			<key>buildActionMask</key>
			<string>2147483647</string>
			<key>files</key>
			<array/>
			<key>inputPaths</key>
			<array/>
			<key>isa</key>
			<string>PBXShellScriptBuildPhase</string>
			<key>name</key>
			<string>Copy Pods Resources</string>
			<key>outputPaths</key>
			<array/>
			<key>runOnlyForDeploymentPostprocessing</key>
			<string>0</string>
			<key>shellPath</key>
			<string>/bin/sh</string>
			<key>shellScript</key>
			<string>"${SRCROOT}/Pods/Pods-resources.sh"
</string>
			<key>showEnvVarsInLog</key>
			<string>0</string>
		</dict>
		<key>6420A2474554423584C882BC</key>
		<dict>
			<key>buildActionMask</key>
			<string>2147483647</string>
			<key>files</key>
			<array/>
			<key>inputPaths</key>
			<array/>
			<key>isa</key>
			<string>PBXShellScriptBuildPhase</string>
			<key>name</key>
			<string>Check Pods Manifest.lock</string>
			<key>outputPaths</key>
			<array/>
			<key>runOnlyForDeploymentPostprocessing</key>
			<string>0</string>
			<key>shellPath</key>
			<string>/bin/sh</string>
			<key>shellScript</key>
			<string>diff "${PODS_ROOT}/../Podfile.lock" "${PODS_ROOT}/Manifest.lock" &gt; /dev/null
if [[ $? != 0 ]] ; then
    cat &lt;&lt; EOM
error: The sandbox is not in sync with the Podfile.lock. Run 'pod install' or update your CocoaPods installation.
EOM
    exit 1
fi
</string>
			<key>showEnvVarsInLog</key>
			<string>0</string>
		</dict>
		<key>CBD58A5C395D4C1B8ACB6310</key>
		<dict>
			<key>includeInIndex</key>
			<string>1</string>
			<key>isa</key>
			<string>PBXFileReference</string>
			<key>lastKnownFileType</key>
			<string>text.xcconfig</string>
			<key>name</key>
			<string>Pods.xcconfig</string>
			<key>path</key>
			<string>Pods/Pods.xcconfig</string>
			<key>sourceTree</key>
			<string>&lt;group&gt;</string>
		</dict>
		<key>EABD47601946F92800492B20</key>
		<dict>
			<key>children</key>
			<array>
				<string>EABD47721946F92800492B20</string>
				<string>EABD47941946F92800492B20</string>
				<string>EABD476B1946F92800492B20</string>
				<string>EABD476A1946F92800492B20</string>
				<string>CBD58A5C395D4C1B8ACB6310</string>
			</array>
			<key>isa</key>
			<string>PBXGroup</string>
			<key>sourceTree</key>
			<string>&lt;group&gt;</string>
		</dict>
		<key>EABD47611946F92800492B20</key>
		<dict>
			<key>attributes</key>
			<dict>
				<key>CLASSPREFIX</key>
				<string>YP</string>
				<key>LastUpgradeCheck</key>
				<string>0510</string>
				<key>ORGANIZATIONNAME</key>
				<string>YouPers</string>
				<key>TargetAttributes</key>
				<dict>
					<key>EABD478C1946F92800492B20</key>
					<dict>
						<key>TestTargetID</key>
						<string>EABD47681946F92800492B20</string>
					</dict>
				</dict>
			</dict>
			<key>buildConfigurationList</key>
			<string>EABD47641946F92800492B20</string>
			<key>compatibilityVersion</key>
			<string>Xcode 3.2</string>
			<key>developmentRegion</key>
			<string>English</string>
			<key>hasScannedForEncodings</key>
			<string>0</string>
			<key>isa</key>
			<string>PBXProject</string>
			<key>knownRegions</key>
			<array>
				<string>en</string>
				<string>Base</string>
			</array>
			<key>mainGroup</key>
			<string>EABD47601946F92800492B20</string>
			<key>productRefGroup</key>
			<string>EABD476A1946F92800492B20</string>
			<key>projectDirPath</key>
			<string></string>
			<key>projectReferences</key>
			<array/>
			<key>projectRoot</key>
			<string></string>
			<key>targets</key>
			<array>
				<string>EABD47681946F92800492B20</string>
				<string>EABD478C1946F92800492B20</string>
			</array>
		</dict>
		<key>EABD47641946F92800492B20</key>
		<dict>
			<key>buildConfigurations</key>
			<array>
				<string>EABD479C1946F92800492B20</string>
				<string>EABD479D1946F92800492B20</string>
			</array>
			<key>defaultConfigurationIsVisible</key>
			<string>0</string>
			<key>defaultConfigurationName</key>
			<string>Release</string>
			<key>isa</key>
			<string>XCConfigurationList</string>
		</dict>
		<key>EABD47651946F92800492B20</key>
		<dict>
			<key>buildActionMask</key>
			<string>2147483647</string>
			<key>files</key>
			<array>
				<string>EABD48571946F95A00492B20</string>
				<string>EABD482A1946F95A00492B20</string>
				<string>EABD48211946F95A00492B20</string>
				<string>EABD483E1946F95A00492B20</string>
				<string>EABD48341946F95A00492B20</string>
				<string>EABD484A1946F95A00492B20</string>
				<string>EABD48261946F95A00492B20</string>
				<string>EABD483B1946F95A00492B20</string>
				<string>EABD48431946F95A00492B20</string>
				<string>EABD482C1946F95A00492B20</string>
				<string>EABD48371946F95A00492B20</string>
				<string>EABD484C1946F95A00492B20</string>
				<string>EABD48441946F95A00492B20</string>
				<string>EABD482F1946F95A00492B20</string>
				<string>EABD48451946F95A00492B20</string>
				<string>EABD48521946F95A00492B20</string>
				<string>EABD48591946F95A00492B20</string>
				<string>EABD48481946F95A00492B20</string>
				<string>EABD48231946F95A00492B20</string>
				<string>EABD48251946F95A00492B20</string>
				<string>EABD48581946F95A00492B20</string>
				<string>EABD48201946F95A00492B20</string>
				<string>EABD48411946F95A00492B20</string>
				<string>EABD485B1946F95A00492B20</string>
				<string>EABD48331946F95A00492B20</string>
				<string>EABD48561946F95A00492B20</string>
				<string>EABD48221946F95A00492B20</string>
				<string>EABD485A1946F95A00492B20</string>
				<string>EABD48511946F95A00492B20</string>
				<string>EABD484D1946F95A00492B20</string>
				<string>EABD48421946F95A00492B20</string>
				<string>EABD48401946F95A00492B20</string>
				<string>EABD48501946F95A00492B20</string>
				<string>EABD48541946F95A00492B20</string>
				<string>EABD48321946F95A00492B20</string>
				<string>EABD484F1946F95A00492B20</string>
				<string>EABD48311946F95A00492B20</string>
				<string>EABD48241946F95A00492B20</string>
				<string>EABD484E1946F95A00492B20</string>
				<string>EABD483F1946F95A00492B20</string>
				<string>EABD48391946F95A00492B20</string>
				<string>EABD47861946F92800492B20</string>
				<string>EABD482D1946F95A00492B20</string>
				<string>EABD48381946F95A00492B20</string>
				<string>EABD483D1946F95A00492B20</string>
				<string>EABD483C1946F95A00492B20</string>
				<string>EABD48301946F95A00492B20</string>
				<string>EABD48471946F95A00492B20</string>
				<string>EABD484B1946F95A00492B20</string>
				<string>EABD48291946F95A00492B20</string>
				<string>EABD482E1946F95A00492B20</string>
				<string>EABD48271946F95A00492B20</string>
				<string>EABD48491946F95A00492B20</string>
				<string>EABD48531946F95A00492B20</string>
				<string>EABD48551946F95A00492B20</string>
				<string>EABD483A1946F95A00492B20</string>
				<string>EABD47791946F92800492B20</string>
				<string>EABD48461946F95A00492B20</string>
				<string>EABD482B1946F95A00492B20</string>
				<string>EABD48361946F95A00492B20</string>
				<string>EABD485C1946F95A00492B20</string>
				<string>EABD48281946F95A00492B20</string>
				<string>EABD48351946F95A00492B20</string>
				<string>EABD477D1946F92800492B20</string>
			</array>
			<key>isa</key>
			<string>PBXSourcesBuildPhase</string>
			<key>runOnlyForDeploymentPostprocessing</key>
			<string>0</string>
		</dict>
		<key>EABD47661946F92800492B20</key>
		<dict>
			<key>buildActionMask</key>
			<string>2147483647</string>
			<key>files</key>
			<array>
				<string>EABD485E1946F97000492B20</string>
				<string>EABD476F1946F92800492B20</string>
				<string>EABD47711946F92800492B20</string>
				<string>EABD476D1946F92800492B20</string>
				<string>1BB210CB97C6448882332D33</string>
			</array>
			<key>isa</key>
			<string>PBXFrameworksBuildPhase</string>
			<key>runOnlyForDeploymentPostprocessing</key>
			<string>0</string>
		</dict>
		<key>EABD47671946F92800492B20</key>
		<dict>
			<key>buildActionMask</key>
			<string>2147483647</string>
			<key>files</key>
			<array>
				<string>EABD47831946F92800492B20</string>
				<string>EABD47881946F92800492B20</string>
				<string>EABD47801946F92800492B20</string>
				<string>EABD47771946F92800492B20</string>
			</array>
			<key>isa</key>
			<string>PBXResourcesBuildPhase</string>
			<key>runOnlyForDeploymentPostprocessing</key>
			<string>0</string>
		</dict>
		<key>EABD47681946F92800492B20</key>
		<dict>
			<key>buildConfigurationList</key>
			<string>EABD479E1946F92800492B20</string>
			<key>buildPhases</key>
			<array>
				<string>6420A2474554423584C882BC</string>
				<string>EABD47651946F92800492B20</string>
				<string>EABD47661946F92800492B20</string>
				<string>EABD47671946F92800492B20</string>
				<string>635C5DF8FF134389B70997B1</string>
			</array>
			<key>buildRules</key>
			<array/>
			<key>dependencies</key>
			<array/>
			<key>isa</key>
			<string>PBXNativeTarget</string>
			<key>name</key>
			<string>YPLoginSample</string>
			<key>productName</key>
			<string>YPLoginSample</string>
			<key>productReference</key>
			<string>EABD47691946F92800492B20</string>
			<key>productType</key>
			<string>com.apple.product-type.application</string>
		</dict>
		<key>EABD47691946F92800492B20</key>
		<dict>
			<key>explicitFileType</key>
			<string>wrapper.application</string>
			<key>includeInIndex</key>
			<string>0</string>
			<key>isa</key>
			<string>PBXFileReference</string>
			<key>path</key>
			<string>YPLoginSample.app</string>
			<key>sourceTree</key>
			<string>BUILT_PRODUCTS_DIR</string>
		</dict>
		<key>EABD476A1946F92800492B20</key>
		<dict>
			<key>children</key>
			<array>
				<string>EABD47691946F92800492B20</string>
				<string>EABD478D1946F92800492B20</string>
			</array>
			<key>isa</key>
			<string>PBXGroup</string>
			<key>name</key>
			<string>Products</string>
			<key>sourceTree</key>
			<string>&lt;group&gt;</string>
		</dict>
		<key>EABD476B1946F92800492B20</key>
		<dict>
			<key>children</key>
			<array>
				<string>EABD485D1946F97000492B20</string>
				<string>EABD476C1946F92800492B20</string>
				<string>EABD476E1946F92800492B20</string>
				<string>EABD47701946F92800492B20</string>
				<string>EABD478E1946F92800492B20</string>
				<string>5159A749A730432CA2E880E2</string>
			</array>
			<key>isa</key>
			<string>PBXGroup</string>
			<key>name</key>
			<string>Frameworks</string>
			<key>sourceTree</key>
			<string>&lt;group&gt;</string>
		</dict>
		<key>EABD476C1946F92800492B20</key>
		<dict>
			<key>isa</key>
			<string>PBXFileReference</string>
			<key>lastKnownFileType</key>
			<string>wrapper.framework</string>
			<key>name</key>
			<string>Foundation.framework</string>
			<key>path</key>
			<string>System/Library/Frameworks/Foundation.framework</string>
			<key>sourceTree</key>
			<string>SDKROOT</string>
		</dict>
		<key>EABD476D1946F92800492B20</key>
		<dict>
			<key>fileRef</key>
			<string>EABD476C1946F92800492B20</string>
			<key>isa</key>
			<string>PBXBuildFile</string>
		</dict>
		<key>EABD476E1946F92800492B20</key>
		<dict>
			<key>isa</key>
			<string>PBXFileReference</string>
			<key>lastKnownFileType</key>
			<string>wrapper.framework</string>
			<key>name</key>
			<string>CoreGraphics.framework</string>
			<key>path</key>
			<string>System/Library/Frameworks/CoreGraphics.framework</string>
			<key>sourceTree</key>
			<string>SDKROOT</string>
		</dict>
		<key>EABD476F1946F92800492B20</key>
		<dict>
			<key>fileRef</key>
			<string>EABD476E1946F92800492B20</string>
			<key>isa</key>
			<string>PBXBuildFile</string>
		</dict>
		<key>EABD47701946F92800492B20</key>
		<dict>
			<key>isa</key>
			<string>PBXFileReference</string>
			<key>lastKnownFileType</key>
			<string>wrapper.framework</string>
			<key>name</key>
			<string>UIKit.framework</string>
			<key>path</key>
			<string>System/Library/Frameworks/UIKit.framework</string>
			<key>sourceTree</key>
			<string>SDKROOT</string>
		</dict>
		<key>EABD47711946F92800492B20</key>
		<dict>
			<key>fileRef</key>
			<string>EABD47701946F92800492B20</string>
			<key>isa</key>
			<string>PBXBuildFile</string>
		</dict>
		<key>EABD47721946F92800492B20</key>
		<dict>
			<key>children</key>
			<array>
				<string>EABD47A51946F95A00492B20</string>
				<string>EABD477B1946F92800492B20</string>
				<string>EABD477C1946F92800492B20</string>
				<string>EABD477E1946F92800492B20</string>
				<string>EABD47811946F92800492B20</string>
				<string>EABD47841946F92800492B20</string>
				<string>EABD47851946F92800492B20</string>
				<string>EABD47871946F92800492B20</string>
				<string>EABD47731946F92800492B20</string>
			</array>
			<key>isa</key>
			<string>PBXGroup</string>
			<key>path</key>
			<string>YPLoginSample</string>
			<key>sourceTree</key>
			<string>&lt;group&gt;</string>
		</dict>
		<key>EABD47731946F92800492B20</key>
		<dict>
			<key>children</key>
			<array>
				<string>EABD47741946F92800492B20</string>
				<string>EABD47751946F92800492B20</string>
				<string>EABD47781946F92800492B20</string>
				<string>EABD477A1946F92800492B20</string>
			</array>
			<key>isa</key>
			<string>PBXGroup</string>
			<key>name</key>
			<string>Supporting Files</string>
			<key>sourceTree</key>
			<string>&lt;group&gt;</string>
		</dict>
		<key>EABD47741946F92800492B20</key>
		<dict>
			<key>isa</key>
			<string>PBXFileReference</string>
			<key>lastKnownFileType</key>
			<string>text.plist.xml</string>
			<key>path</key>
			<string>YPLoginSample-Info.plist</string>
			<key>sourceTree</key>
			<string>&lt;group&gt;</string>
		</dict>
		<key>EABD47751946F92800492B20</key>
		<dict>
			<key>children</key>
			<array>
				<string>EABD47761946F92800492B20</string>
			</array>
			<key>isa</key>
			<string>PBXVariantGroup</string>
			<key>name</key>
			<string>InfoPlist.strings</string>
			<key>sourceTree</key>
			<string>&lt;group&gt;</string>
		</dict>
		<key>EABD47761946F92800492B20</key>
		<dict>
			<key>isa</key>
			<string>PBXFileReference</string>
			<key>lastKnownFileType</key>
			<string>text.plist.strings</string>
			<key>name</key>
			<string>en</string>
			<key>path</key>
			<string>en.lproj/InfoPlist.strings</string>
			<key>sourceTree</key>
			<string>&lt;group&gt;</string>
		</dict>
		<key>EABD47771946F92800492B20</key>
		<dict>
			<key>fileRef</key>
			<string>EABD47751946F92800492B20</string>
			<key>isa</key>
			<string>PBXBuildFile</string>
		</dict>
		<key>EABD47781946F92800492B20</key>
		<dict>
			<key>isa</key>
			<string>PBXFileReference</string>
			<key>lastKnownFileType</key>
			<string>sourcecode.c.objc</string>
			<key>path</key>
			<string>main.m</string>
			<key>sourceTree</key>
			<string>&lt;group&gt;</string>
		</dict>
		<key>EABD47791946F92800492B20</key>
		<dict>
			<key>fileRef</key>
			<string>EABD47781946F92800492B20</string>
			<key>isa</key>
			<string>PBXBuildFile</string>
		</dict>
		<key>EABD477A1946F92800492B20</key>
		<dict>
			<key>isa</key>
			<string>PBXFileReference</string>
			<key>lastKnownFileType</key>
			<string>sourcecode.c.h</string>
			<key>path</key>
			<string>YPLoginSample-Prefix.pch</string>
			<key>sourceTree</key>
			<string>&lt;group&gt;</string>
		</dict>
		<key>EABD477B1946F92800492B20</key>
		<dict>
			<key>isa</key>
			<string>PBXFileReference</string>
			<key>lastKnownFileType</key>
			<string>sourcecode.c.h</string>
			<key>path</key>
			<string>YPAppDelegate.h</string>
			<key>sourceTree</key>
			<string>&lt;group&gt;</string>
		</dict>
		<key>EABD477C1946F92800492B20</key>
		<dict>
			<key>isa</key>
			<string>PBXFileReference</string>
			<key>lastKnownFileType</key>
			<string>sourcecode.c.objc</string>
			<key>path</key>
			<string>YPAppDelegate.m</string>
			<key>sourceTree</key>
			<string>&lt;group&gt;</string>
		</dict>
		<key>EABD477D1946F92800492B20</key>
		<dict>
			<key>fileRef</key>
			<string>EABD477C1946F92800492B20</string>
			<key>isa</key>
			<string>PBXBuildFile</string>
		</dict>
		<key>EABD477E1946F92800492B20</key>
		<dict>
			<key>children</key>
			<array>
				<string>EABD477F1946F92800492B20</string>
			</array>
			<key>isa</key>
			<string>PBXVariantGroup</string>
			<key>name</key>
			<string>Main_iPhone.storyboard</string>
			<key>sourceTree</key>
			<string>&lt;group&gt;</string>
		</dict>
		<key>EABD477F1946F92800492B20</key>
		<dict>
			<key>isa</key>
			<string>PBXFileReference</string>
			<key>lastKnownFileType</key>
			<string>file.storyboard</string>
			<key>name</key>
			<string>Base</string>
			<key>path</key>
			<string>Base.lproj/Main_iPhone.storyboard</string>
			<key>sourceTree</key>
			<string>&lt;group&gt;</string>
		</dict>
		<key>EABD47801946F92800492B20</key>
		<dict>
			<key>fileRef</key>
			<string>EABD477E1946F92800492B20</string>
			<key>isa</key>
			<string>PBXBuildFile</string>
		</dict>
		<key>EABD47811946F92800492B20</key>
		<dict>
			<key>children</key>
			<array>
				<string>EABD47821946F92800492B20</string>
			</array>
			<key>isa</key>
			<string>PBXVariantGroup</string>
			<key>name</key>
			<string>Main_iPad.storyboard</string>
			<key>sourceTree</key>
			<string>&lt;group&gt;</string>
		</dict>
		<key>EABD47821946F92800492B20</key>
		<dict>
			<key>isa</key>
			<string>PBXFileReference</string>
			<key>lastKnownFileType</key>
			<string>file.storyboard</string>
			<key>name</key>
			<string>Base</string>
			<key>path</key>
			<string>Base.lproj/Main_iPad.storyboard</string>
			<key>sourceTree</key>
			<string>&lt;group&gt;</string>
		</dict>
		<key>EABD47831946F92800492B20</key>
		<dict>
			<key>fileRef</key>
			<string>EABD47811946F92800492B20</string>
			<key>isa</key>
			<string>PBXBuildFile</string>
		</dict>
		<key>EABD47841946F92800492B20</key>
		<dict>
			<key>isa</key>
			<string>PBXFileReference</string>
			<key>lastKnownFileType</key>
			<string>sourcecode.c.h</string>
			<key>path</key>
			<string>YPViewController.h</string>
			<key>sourceTree</key>
			<string>&lt;group&gt;</string>
		</dict>
		<key>EABD47851946F92800492B20</key>
		<dict>
			<key>isa</key>
			<string>PBXFileReference</string>
			<key>lastKnownFileType</key>
			<string>sourcecode.c.objc</string>
			<key>path</key>
			<string>YPViewController.m</string>
			<key>sourceTree</key>
			<string>&lt;group&gt;</string>
		</dict>
		<key>EABD47861946F92800492B20</key>
		<dict>
			<key>fileRef</key>
			<string>EABD47851946F92800492B20</string>
			<key>isa</key>
			<string>PBXBuildFile</string>
		</dict>
		<key>EABD47871946F92800492B20</key>
		<dict>
			<key>isa</key>
			<string>PBXFileReference</string>
			<key>lastKnownFileType</key>
			<string>folder.assetcatalog</string>
			<key>path</key>
			<string>Images.xcassets</string>
			<key>sourceTree</key>
			<string>&lt;group&gt;</string>
		</dict>
		<key>EABD47881946F92800492B20</key>
		<dict>
			<key>fileRef</key>
			<string>EABD47871946F92800492B20</string>
			<key>isa</key>
			<string>PBXBuildFile</string>
		</dict>
		<key>EABD47891946F92800492B20</key>
		<dict>
			<key>buildActionMask</key>
			<string>2147483647</string>
			<key>files</key>
			<array>
				<string>EABD479B1946F92800492B20</string>
			</array>
			<key>isa</key>
			<string>PBXSourcesBuildPhase</string>
			<key>runOnlyForDeploymentPostprocessing</key>
			<string>0</string>
		</dict>
		<key>EABD478A1946F92800492B20</key>
		<dict>
			<key>buildActionMask</key>
			<string>2147483647</string>
			<key>files</key>
			<array>
				<string>EABD478F1946F92800492B20</string>
				<string>EABD47911946F92800492B20</string>
				<string>EABD47901946F92800492B20</string>
			</array>
			<key>isa</key>
			<string>PBXFrameworksBuildPhase</string>
			<key>runOnlyForDeploymentPostprocessing</key>
			<string>0</string>
		</dict>
		<key>EABD478B1946F92800492B20</key>
		<dict>
			<key>buildActionMask</key>
			<string>2147483647</string>
			<key>files</key>
			<array>
				<string>EABD47991946F92800492B20</string>
			</array>
			<key>isa</key>
			<string>PBXResourcesBuildPhase</string>
			<key>runOnlyForDeploymentPostprocessing</key>
			<string>0</string>
		</dict>
		<key>EABD478C1946F92800492B20</key>
		<dict>
			<key>buildConfigurationList</key>
			<string>EABD47A11946F92800492B20</string>
			<key>buildPhases</key>
			<array>
				<string>EABD47891946F92800492B20</string>
				<string>EABD478A1946F92800492B20</string>
				<string>EABD478B1946F92800492B20</string>
			</array>
			<key>buildRules</key>
			<array/>
			<key>dependencies</key>
			<array>
				<string>EABD47931946F92800492B20</string>
			</array>
			<key>isa</key>
			<string>PBXNativeTarget</string>
			<key>name</key>
			<string>YPLoginSampleTests</string>
			<key>productName</key>
			<string>YPLoginSampleTests</string>
			<key>productReference</key>
			<string>EABD478D1946F92800492B20</string>
			<key>productType</key>
			<string>com.apple.product-type.bundle.unit-test</string>
		</dict>
		<key>EABD478D1946F92800492B20</key>
		<dict>
			<key>explicitFileType</key>
			<string>wrapper.cfbundle</string>
			<key>includeInIndex</key>
			<string>0</string>
			<key>isa</key>
			<string>PBXFileReference</string>
			<key>path</key>
			<string>YPLoginSampleTests.xctest</string>
			<key>sourceTree</key>
			<string>BUILT_PRODUCTS_DIR</string>
		</dict>
		<key>EABD478E1946F92800492B20</key>
		<dict>
			<key>isa</key>
			<string>PBXFileReference</string>
			<key>lastKnownFileType</key>
			<string>wrapper.framework</string>
			<key>name</key>
			<string>XCTest.framework</string>
			<key>path</key>
			<string>Library/Frameworks/XCTest.framework</string>
			<key>sourceTree</key>
			<string>DEVELOPER_DIR</string>
		</dict>
		<key>EABD478F1946F92800492B20</key>
		<dict>
			<key>fileRef</key>
			<string>EABD478E1946F92800492B20</string>
			<key>isa</key>
			<string>PBXBuildFile</string>
		</dict>
		<key>EABD47901946F92800492B20</key>
		<dict>
			<key>fileRef</key>
			<string>EABD476C1946F92800492B20</string>
			<key>isa</key>
			<string>PBXBuildFile</string>
		</dict>
		<key>EABD47911946F92800492B20</key>
		<dict>
			<key>fileRef</key>
			<string>EABD47701946F92800492B20</string>
			<key>isa</key>
			<string>PBXBuildFile</string>
		</dict>
		<key>EABD47921946F92800492B20</key>
		<dict>
			<key>containerPortal</key>
			<string>EABD47611946F92800492B20</string>
			<key>isa</key>
			<string>PBXContainerItemProxy</string>
			<key>proxyType</key>
			<string>1</string>
			<key>remoteGlobalIDString</key>
			<string>EABD47681946F92800492B20</string>
			<key>remoteInfo</key>
			<string>YPLoginSample</string>
		</dict>
		<key>EABD47931946F92800492B20</key>
		<dict>
			<key>isa</key>
			<string>PBXTargetDependency</string>
			<key>target</key>
			<string>EABD47681946F92800492B20</string>
			<key>targetProxy</key>
			<string>EABD47921946F92800492B20</string>
		</dict>
		<key>EABD47941946F92800492B20</key>
		<dict>
			<key>children</key>
			<array>
				<string>EABD479A1946F92800492B20</string>
				<string>EABD47951946F92800492B20</string>
			</array>
			<key>isa</key>
			<string>PBXGroup</string>
			<key>path</key>
			<string>YPLoginSampleTests</string>
			<key>sourceTree</key>
			<string>&lt;group&gt;</string>
		</dict>
		<key>EABD47951946F92800492B20</key>
		<dict>
			<key>children</key>
			<array>
				<string>EABD47961946F92800492B20</string>
				<string>EABD47971946F92800492B20</string>
			</array>
			<key>isa</key>
			<string>PBXGroup</string>
			<key>name</key>
			<string>Supporting Files</string>
			<key>sourceTree</key>
			<string>&lt;group&gt;</string>
		</dict>
		<key>EABD47961946F92800492B20</key>
		<dict>
			<key>isa</key>
			<string>PBXFileReference</string>
			<key>lastKnownFileType</key>
			<string>text.plist.xml</string>
			<key>path</key>
			<string>YPLoginSampleTests-Info.plist</string>
			<key>sourceTree</key>
			<string>&lt;group&gt;</string>
		</dict>
		<key>EABD47971946F92800492B20</key>
		<dict>
			<key>children</key>
			<array>
				<string>EABD47981946F92800492B20</string>
			</array>
			<key>isa</key>
			<string>PBXVariantGroup</string>
			<key>name</key>
			<string>InfoPlist.strings</string>
			<key>sourceTree</key>
			<string>&lt;group&gt;</string>
		</dict>
		<key>EABD47981946F92800492B20</key>
		<dict>
			<key>isa</key>
			<string>PBXFileReference</string>
			<key>lastKnownFileType</key>
			<string>text.plist.strings</string>
			<key>name</key>
			<string>en</string>
			<key>path</key>
			<string>en.lproj/InfoPlist.strings</string>
			<key>sourceTree</key>
			<string>&lt;group&gt;</string>
		</dict>
		<key>EABD47991946F92800492B20</key>
		<dict>
			<key>fileRef</key>
			<string>EABD47971946F92800492B20</string>
			<key>isa</key>
			<string>PBXBuildFile</string>
		</dict>
		<key>EABD479A1946F92800492B20</key>
		<dict>
			<key>isa</key>
			<string>PBXFileReference</string>
			<key>lastKnownFileType</key>
			<string>sourcecode.c.objc</string>
			<key>path</key>
			<string>YPLoginSampleTests.m</string>
			<key>sourceTree</key>
			<string>&lt;group&gt;</string>
		</dict>
		<key>EABD479B1946F92800492B20</key>
		<dict>
			<key>fileRef</key>
			<string>EABD479A1946F92800492B20</string>
			<key>isa</key>
			<string>PBXBuildFile</string>
		</dict>
		<key>EABD479C1946F92800492B20</key>
		<dict>
			<key>buildSettings</key>
			<dict>
				<key>ALWAYS_SEARCH_USER_PATHS</key>
				<string>NO</string>
				<key>CLANG_CXX_LANGUAGE_STANDARD</key>
				<string>gnu++0x</string>
				<key>CLANG_CXX_LIBRARY</key>
				<string>libc++</string>
				<key>CLANG_ENABLE_MODULES</key>
				<string>YES</string>
				<key>CLANG_ENABLE_OBJC_ARC</key>
				<string>YES</string>
				<key>CLANG_WARN_BOOL_CONVERSION</key>
				<string>YES</string>
				<key>CLANG_WARN_CONSTANT_CONVERSION</key>
				<string>YES</string>
				<key>CLANG_WARN_DIRECT_OBJC_ISA_USAGE</key>
				<string>YES_ERROR</string>
				<key>CLANG_WARN_EMPTY_BODY</key>
				<string>YES</string>
				<key>CLANG_WARN_ENUM_CONVERSION</key>
				<string>YES</string>
				<key>CLANG_WARN_INT_CONVERSION</key>
				<string>YES</string>
				<key>CLANG_WARN_OBJC_ROOT_CLASS</key>
				<string>YES_ERROR</string>
				<key>CLANG_WARN__DUPLICATE_METHOD_MATCH</key>
				<string>YES</string>
				<key>CODE_SIGN_IDENTITY[sdk=iphoneos*]</key>
				<string>iPhone Developer</string>
				<key>COPY_PHASE_STRIP</key>
				<string>NO</string>
				<key>GCC_C_LANGUAGE_STANDARD</key>
				<string>gnu99</string>
				<key>GCC_DYNAMIC_NO_PIC</key>
				<string>NO</string>
				<key>GCC_OPTIMIZATION_LEVEL</key>
				<string>0</string>
				<key>GCC_PREPROCESSOR_DEFINITIONS</key>
				<array>
					<string>DEBUG=1</string>
					<string>$(inherited)</string>
				</array>
				<key>GCC_SYMBOLS_PRIVATE_EXTERN</key>
				<string>NO</string>
				<key>GCC_WARN_64_TO_32_BIT_CONVERSION</key>
				<string>YES</string>
				<key>GCC_WARN_ABOUT_RETURN_TYPE</key>
				<string>YES_ERROR</string>
				<key>GCC_WARN_UNDECLARED_SELECTOR</key>
				<string>YES</string>
				<key>GCC_WARN_UNINITIALIZED_AUTOS</key>
				<string>YES_AGGRESSIVE</string>
				<key>GCC_WARN_UNUSED_FUNCTION</key>
				<string>YES</string>
				<key>GCC_WARN_UNUSED_VARIABLE</key>
				<string>YES</string>
				<key>IPHONEOS_DEPLOYMENT_TARGET</key>
				<string>7.1</string>
				<key>ONLY_ACTIVE_ARCH</key>
				<string>YES</string>
				<key>SDKROOT</key>
				<string>iphoneos</string>
				<key>TARGETED_DEVICE_FAMILY</key>
				<string>1,2</string>
			</dict>
			<key>isa</key>
			<string>XCBuildConfiguration</string>
			<key>name</key>
			<string>Debug</string>
		</dict>
		<key>EABD479D1946F92800492B20</key>
		<dict>
			<key>buildSettings</key>
			<dict>
				<key>ALWAYS_SEARCH_USER_PATHS</key>
				<string>NO</string>
				<key>CLANG_CXX_LANGUAGE_STANDARD</key>
				<string>gnu++0x</string>
				<key>CLANG_CXX_LIBRARY</key>
				<string>libc++</string>
				<key>CLANG_ENABLE_MODULES</key>
				<string>YES</string>
				<key>CLANG_ENABLE_OBJC_ARC</key>
				<string>YES</string>
				<key>CLANG_WARN_BOOL_CONVERSION</key>
				<string>YES</string>
				<key>CLANG_WARN_CONSTANT_CONVERSION</key>
				<string>YES</string>
				<key>CLANG_WARN_DIRECT_OBJC_ISA_USAGE</key>
				<string>YES_ERROR</string>
				<key>CLANG_WARN_EMPTY_BODY</key>
				<string>YES</string>
				<key>CLANG_WARN_ENUM_CONVERSION</key>
				<string>YES</string>
				<key>CLANG_WARN_INT_CONVERSION</key>
				<string>YES</string>
				<key>CLANG_WARN_OBJC_ROOT_CLASS</key>
				<string>YES_ERROR</string>
				<key>CLANG_WARN__DUPLICATE_METHOD_MATCH</key>
				<string>YES</string>
				<key>CODE_SIGN_IDENTITY[sdk=iphoneos*]</key>
				<string>iPhone Developer</string>
				<key>COPY_PHASE_STRIP</key>
				<string>YES</string>
				<key>ENABLE_NS_ASSERTIONS</key>
				<string>NO</string>
				<key>GCC_C_LANGUAGE_STANDARD</key>
				<string>gnu99</string>
				<key>GCC_WARN_64_TO_32_BIT_CONVERSION</key>
				<string>YES</string>
				<key>GCC_WARN_ABOUT_RETURN_TYPE</key>
				<string>YES_ERROR</string>
				<key>GCC_WARN_UNDECLARED_SELECTOR</key>
				<string>YES</string>
				<key>GCC_WARN_UNINITIALIZED_AUTOS</key>
				<string>YES_AGGRESSIVE</string>
				<key>GCC_WARN_UNUSED_FUNCTION</key>
				<string>YES</string>
				<key>GCC_WARN_UNUSED_VARIABLE</key>
				<string>YES</string>
				<key>IPHONEOS_DEPLOYMENT_TARGET</key>
				<string>7.1</string>
				<key>SDKROOT</key>
				<string>iphoneos</string>
				<key>TARGETED_DEVICE_FAMILY</key>
				<string>1,2</string>
				<key>VALIDATE_PRODUCT</key>
				<string>YES</string>
			</dict>
			<key>isa</key>
			<string>XCBuildConfiguration</string>
			<key>name</key>
			<string>Release</string>
		</dict>
		<key>EABD479E1946F92800492B20</key>
		<dict>
			<key>buildConfigurations</key>
			<array>
				<string>EABD479F1946F92800492B20</string>
				<string>EABD47A01946F92800492B20</string>
			</array>
			<key>defaultConfigurationIsVisible</key>
			<string>0</string>
			<key>isa</key>
			<string>XCConfigurationList</string>
		</dict>
		<key>EABD479F1946F92800492B20</key>
		<dict>
			<key>baseConfigurationReference</key>
			<string>CBD58A5C395D4C1B8ACB6310</string>
			<key>buildSettings</key>
			<dict>
				<key>ASSETCATALOG_COMPILER_APPICON_NAME</key>
				<string>AppIcon</string>
				<key>ASSETCATALOG_COMPILER_LAUNCHIMAGE_NAME</key>
				<string>LaunchImage</string>
				<key>GCC_PRECOMPILE_PREFIX_HEADER</key>
				<string>YES</string>
				<key>GCC_PREFIX_HEADER</key>
				<string>YPLoginSample/YPLoginSample-Prefix.pch</string>
				<key>INFOPLIST_FILE</key>
				<string>YPLoginSample/YPLoginSample-Info.plist</string>
				<key>PRODUCT_NAME</key>
				<string>$(TARGET_NAME)</string>
				<key>WRAPPER_EXTENSION</key>
				<string>app</string>
			</dict>
			<key>isa</key>
			<string>XCBuildConfiguration</string>
			<key>name</key>
			<string>Debug</string>
		</dict>
		<key>EABD47A01946F92800492B20</key>
		<dict>
			<key>baseConfigurationReference</key>
			<string>CBD58A5C395D4C1B8ACB6310</string>
			<key>buildSettings</key>
			<dict>
				<key>ASSETCATALOG_COMPILER_APPICON_NAME</key>
				<string>AppIcon</string>
				<key>ASSETCATALOG_COMPILER_LAUNCHIMAGE_NAME</key>
				<string>LaunchImage</string>
				<key>GCC_PRECOMPILE_PREFIX_HEADER</key>
				<string>YES</string>
				<key>GCC_PREFIX_HEADER</key>
				<string>YPLoginSample/YPLoginSample-Prefix.pch</string>
				<key>INFOPLIST_FILE</key>
				<string>YPLoginSample/YPLoginSample-Info.plist</string>
				<key>PRODUCT_NAME</key>
				<string>$(TARGET_NAME)</string>
				<key>WRAPPER_EXTENSION</key>
				<string>app</string>
			</dict>
			<key>isa</key>
			<string>XCBuildConfiguration</string>
			<key>name</key>
			<string>Release</string>
		</dict>
		<key>EABD47A11946F92800492B20</key>
		<dict>
			<key>buildConfigurations</key>
			<array>
				<string>EABD47A21946F92800492B20</string>
				<string>EABD47A31946F92800492B20</string>
			</array>
			<key>defaultConfigurationIsVisible</key>
			<string>0</string>
			<key>isa</key>
			<string>XCConfigurationList</string>
		</dict>
		<key>EABD47A21946F92800492B20</key>
		<dict>
			<key>buildSettings</key>
			<dict>
				<key>BUNDLE_LOADER</key>
				<string>$(BUILT_PRODUCTS_DIR)/YPLoginSample.app/YPLoginSample</string>
				<key>FRAMEWORK_SEARCH_PATHS</key>
				<array>
					<string>$(SDKROOT)/Developer/Library/Frameworks</string>
					<string>$(inherited)</string>
					<string>$(DEVELOPER_FRAMEWORKS_DIR)</string>
				</array>
				<key>GCC_PRECOMPILE_PREFIX_HEADER</key>
				<string>YES</string>
				<key>GCC_PREFIX_HEADER</key>
				<string>YPLoginSample/YPLoginSample-Prefix.pch</string>
				<key>GCC_PREPROCESSOR_DEFINITIONS</key>
				<array>
					<string>DEBUG=1</string>
					<string>$(inherited)</string>
				</array>
				<key>INFOPLIST_FILE</key>
				<string>YPLoginSampleTests/YPLoginSampleTests-Info.plist</string>
				<key>PRODUCT_NAME</key>
				<string>$(TARGET_NAME)</string>
				<key>TEST_HOST</key>
				<string>$(BUNDLE_LOADER)</string>
				<key>WRAPPER_EXTENSION</key>
				<string>xctest</string>
			</dict>
			<key>isa</key>
			<string>XCBuildConfiguration</string>
			<key>name</key>
			<string>Debug</string>
		</dict>
		<key>EABD47A31946F92800492B20</key>
		<dict>
			<key>buildSettings</key>
			<dict>
				<key>BUNDLE_LOADER</key>
				<string>$(BUILT_PRODUCTS_DIR)/YPLoginSample.app/YPLoginSample</string>
				<key>FRAMEWORK_SEARCH_PATHS</key>
				<array>
					<string>$(SDKROOT)/Developer/Library/Frameworks</string>
					<string>$(inherited)</string>
					<string>$(DEVELOPER_FRAMEWORKS_DIR)</string>
				</array>
				<key>GCC_PRECOMPILE_PREFIX_HEADER</key>
				<string>YES</string>
				<key>GCC_PREFIX_HEADER</key>
				<string>YPLoginSample/YPLoginSample-Prefix.pch</string>
				<key>INFOPLIST_FILE</key>
				<string>YPLoginSampleTests/YPLoginSampleTests-Info.plist</string>
				<key>PRODUCT_NAME</key>
				<string>$(TARGET_NAME)</string>
				<key>TEST_HOST</key>
				<string>$(BUNDLE_LOADER)</string>
				<key>WRAPPER_EXTENSION</key>
				<string>xctest</string>
			</dict>
			<key>isa</key>
			<string>XCBuildConfiguration</string>
			<key>name</key>
			<string>Release</string>
		</dict>
		<key>EABD47A51946F95A00492B20</key>
		<dict>
			<key>children</key>
			<array>
				<string>EABD47A61946F95A00492B20</string>
				<string>EABD47A71946F95A00492B20</string>
				<string>EABD47A81946F95A00492B20</string>
				<string>EABD47A91946F95A00492B20</string>
				<string>EABD47AA1946F95A00492B20</string>
				<string>EABD47AB1946F95A00492B20</string>
				<string>EABD47AC1946F95A00492B20</string>
				<string>EABD47AD1946F95A00492B20</string>
				<string>EABD47AE1946F95A00492B20</string>
				<string>EABD47AF1946F95A00492B20</string>
				<string>EABD47B01946F95A00492B20</string>
				<string>EABD47B11946F95A00492B20</string>
				<string>EABD47B21946F95A00492B20</string>
				<string>EABD47B31946F95A00492B20</string>
				<string>EABD47B41946F95A00492B20</string>
				<string>EABD47B51946F95A00492B20</string>
				<string>EABD47B61946F95A00492B20</string>
				<string>EABD47B71946F95A00492B20</string>
				<string>EABD47B81946F95A00492B20</string>
				<string>EABD47B91946F95A00492B20</string>
				<string>EABD47BA1946F95A00492B20</string>
				<string>EABD47BB1946F95A00492B20</string>
				<string>EABD47BC1946F95A00492B20</string>
				<string>EABD47BD1946F95A00492B20</string>
				<string>EABD47BE1946F95A00492B20</string>
				<string>EABD47BF1946F95A00492B20</string>
				<string>EABD47C01946F95A00492B20</string>
				<string>EABD47C11946F95A00492B20</string>
				<string>EABD47C21946F95A00492B20</string>
				<string>EABD47C31946F95A00492B20</string>
				<string>EABD47C41946F95A00492B20</string>
				<string>EABD47C51946F95A00492B20</string>
				<string>EABD47C61946F95A00492B20</string>
				<string>EABD47C71946F95A00492B20</string>
				<string>EABD47C81946F95A00492B20</string>
				<string>EABD47C91946F95A00492B20</string>
				<string>EABD47CA1946F95A00492B20</string>
				<string>EABD47CB1946F95A00492B20</string>
				<string>EABD47CC1946F95A00492B20</string>
				<string>EABD47CD1946F95A00492B20</string>
				<string>EABD47CE1946F95A00492B20</string>
				<string>EABD47CF1946F95A00492B20</string>
				<string>EABD47D01946F95A00492B20</string>
				<string>EABD47D11946F95A00492B20</string>
				<string>EABD47D21946F95A00492B20</string>
				<string>EABD47D31946F95A00492B20</string>
				<string>EABD47D41946F95A00492B20</string>
				<string>EABD47D51946F95A00492B20</string>
				<string>EABD47D61946F95A00492B20</string>
				<string>EABD47D71946F95A00492B20</string>
				<string>EABD47D81946F95A00492B20</string>
				<string>EABD47D91946F95A00492B20</string>
				<string>EABD47DA1946F95A00492B20</string>
				<string>EABD47DB1946F95A00492B20</string>
				<string>EABD47DC1946F95A00492B20</string>
				<string>EABD47DD1946F95A00492B20</string>
				<string>EABD47DE1946F95A00492B20</string>
				<string>EABD47DF1946F95A00492B20</string>
				<string>EABD47E01946F95A00492B20</string>
				<string>EABD47E11946F95A00492B20</string>
				<string>EABD47E21946F95A00492B20</string>
				<string>EABD47E31946F95A00492B20</string>
				<string>EABD47E41946F95A00492B20</string>
				<string>EABD47E51946F95A00492B20</string>
				<string>EABD47E61946F95A00492B20</string>
				<string>EABD47E71946F95A00492B20</string>
				<string>EABD47E81946F95A00492B20</string>
				<string>EABD47E91946F95A00492B20</string>
				<string>EABD47EA1946F95A00492B20</string>
				<string>EABD47EB1946F95A00492B20</string>
				<string>EABD47EC1946F95A00492B20</string>
				<string>EABD47ED1946F95A00492B20</string>
				<string>EABD47EE1946F95A00492B20</string>
				<string>EABD47EF1946F95A00492B20</string>
				<string>EABD47F01946F95A00492B20</string>
				<string>EABD47F11946F95A00492B20</string>
				<string>EABD47F21946F95A00492B20</string>
				<string>EABD47F31946F95A00492B20</string>
				<string>EABD47F41946F95A00492B20</string>
				<string>EABD47F51946F95A00492B20</string>
				<string>EABD47F61946F95A00492B20</string>
				<string>EABD47F71946F95A00492B20</string>
				<string>EABD47F81946F95A00492B20</string>
				<string>EABD47F91946F95A00492B20</string>
				<string>EABD47FA1946F95A00492B20</string>
				<string>EABD47FB1946F95A00492B20</string>
				<string>EABD47FC1946F95A00492B20</string>
				<string>EABD47FD1946F95A00492B20</string>
				<string>EABD47FE1946F95A00492B20</string>
				<string>EABD47FF1946F95A00492B20</string>
				<string>EABD48001946F95A00492B20</string>
				<string>EABD48011946F95A00492B20</string>
				<string>EABD48021946F95A00492B20</string>
				<string>EABD48031946F95A00492B20</string>
				<string>EABD48041946F95A00492B20</string>
				<string>EABD48051946F95A00492B20</string>
				<string>EABD48061946F95A00492B20</string>
				<string>EABD48071946F95A00492B20</string>
				<string>EABD48081946F95A00492B20</string>
				<string>EABD48091946F95A00492B20</string>
				<string>EABD480A1946F95A00492B20</string>
				<string>EABD480B1946F95A00492B20</string>
				<string>EABD480C1946F95A00492B20</string>
				<string>EABD480D1946F95A00492B20</string>
				<string>EABD480E1946F95A00492B20</string>
				<string>EABD480F1946F95A00492B20</string>
				<string>EABD48101946F95A00492B20</string>
				<string>EABD48111946F95A00492B20</string>
				<string>EABD48121946F95A00492B20</string>
				<string>EABD48131946F95A00492B20</string>
				<string>EABD48141946F95A00492B20</string>
				<string>EABD48151946F95A00492B20</string>
				<string>EABD48161946F95A00492B20</string>
				<string>EABD48171946F95A00492B20</string>
				<string>EABD48181946F95A00492B20</string>
				<string>EABD48191946F95A00492B20</string>
				<string>EABD481A1946F95A00492B20</string>
				<string>EABD481B1946F95A00492B20</string>
				<string>EABD481C1946F95A00492B20</string>
				<string>EABD481D1946F95A00492B20</string>
				<string>EABD481E1946F95A00492B20</string>
				<string>EABD481F1946F95A00492B20</string>
			</array>
			<key>isa</key>
			<string>PBXGroup</string>
			<key>name</key>
			<string>src</string>
			<key>path</key>
			<string>../../../src</string>
			<key>sourceTree</key>
			<string>&lt;group&gt;</string>
		</dict>
		<key>EABD47A61946F95A00492B20</key>
		<dict>
			<key>fileEncoding</key>
			<string>4</string>
			<key>isa</key>
			<string>PBXFileReference</string>
			<key>lastKnownFileType</key>
			<string>sourcecode.c.h</string>
			<key>path</key>
			<string>YPActivitiesApi.h</string>
			<key>sourceTree</key>
			<string>&lt;group&gt;</string>
		</dict>
		<key>EABD47A71946F95A00492B20</key>
		<dict>
			<key>fileEncoding</key>
			<string>4</string>
			<key>isa</key>
			<string>PBXFileReference</string>
			<key>lastKnownFileType</key>
			<string>sourcecode.c.objc</string>
			<key>path</key>
			<string>YPActivitiesApi.m</string>
			<key>sourceTree</key>
			<string>&lt;group&gt;</string>
		</dict>
		<key>EABD47A81946F95A00492B20</key>
		<dict>
			<key>fileEncoding</key>
			<string>4</string>
			<key>isa</key>
			<string>PBXFileReference</string>
			<key>lastKnownFileType</key>
			<string>sourcecode.c.h</string>
			<key>path</key>
			<string>YPActivity.h</string>
			<key>sourceTree</key>
			<string>&lt;group&gt;</string>
		</dict>
		<key>EABD47A91946F95A00492B20</key>
		<dict>
			<key>fileEncoding</key>
			<string>4</string>
			<key>isa</key>
			<string>PBXFileReference</string>
			<key>lastKnownFileType</key>
			<string>sourcecode.c.objc</string>
			<key>path</key>
			<string>YPActivity.m</string>
			<key>sourceTree</key>
			<string>&lt;group&gt;</string>
		</dict>
		<key>EABD47AA1946F95A00492B20</key>
		<dict>
			<key>fileEncoding</key>
			<string>4</string>
			<key>isa</key>
			<string>PBXFileReference</string>
			<key>lastKnownFileType</key>
			<string>sourcecode.c.h</string>
			<key>path</key>
			<string>YPActivityOffer.h</string>
			<key>sourceTree</key>
			<string>&lt;group&gt;</string>
		</dict>
		<key>EABD47AB1946F95A00492B20</key>
		<dict>
			<key>fileEncoding</key>
			<string>4</string>
			<key>isa</key>
			<string>PBXFileReference</string>
			<key>lastKnownFileType</key>
			<string>sourcecode.c.objc</string>
			<key>path</key>
			<string>YPActivityOffer.m</string>
			<key>sourceTree</key>
			<string>&lt;group&gt;</string>
		</dict>
		<key>EABD47AC1946F95A00492B20</key>
		<dict>
			<key>fileEncoding</key>
			<string>4</string>
			<key>isa</key>
			<string>PBXFileReference</string>
			<key>lastKnownFileType</key>
			<string>sourcecode.c.h</string>
			<key>path</key>
			<string>YPActivityoffersApi.h</string>
			<key>sourceTree</key>
			<string>&lt;group&gt;</string>
		</dict>
		<key>EABD47AD1946F95A00492B20</key>
		<dict>
			<key>fileEncoding</key>
			<string>4</string>
			<key>isa</key>
			<string>PBXFileReference</string>
			<key>lastKnownFileType</key>
			<string>sourcecode.c.objc</string>
			<key>path</key>
			<string>YPActivityoffersApi.m</string>
			<key>sourceTree</key>
			<string>&lt;group&gt;</string>
		</dict>
		<key>EABD47AE1946F95A00492B20</key>
		<dict>
			<key>fileEncoding</key>
			<string>4</string>
			<key>isa</key>
			<string>PBXFileReference</string>
			<key>lastKnownFileType</key>
			<string>sourcecode.c.h</string>
			<key>path</key>
			<string>YPActivityPlan.h</string>
			<key>sourceTree</key>
			<string>&lt;group&gt;</string>
		</dict>
		<key>EABD47AF1946F95A00492B20</key>
		<dict>
			<key>fileEncoding</key>
			<string>4</string>
			<key>isa</key>
			<string>PBXFileReference</string>
			<key>lastKnownFileType</key>
			<string>sourcecode.c.objc</string>
			<key>path</key>
			<string>YPActivityPlan.m</string>
			<key>sourceTree</key>
			<string>&lt;group&gt;</string>
		</dict>
		<key>EABD47B01946F95A00492B20</key>
		<dict>
			<key>fileEncoding</key>
			<string>4</string>
			<key>isa</key>
			<string>PBXFileReference</string>
			<key>lastKnownFileType</key>
			<string>sourcecode.c.h</string>
			<key>path</key>
			<string>YPActivityplansApi.h</string>
			<key>sourceTree</key>
			<string>&lt;group&gt;</string>
		</dict>
		<key>EABD47B11946F95A00492B20</key>
		<dict>
			<key>fileEncoding</key>
			<string>4</string>
			<key>isa</key>
			<string>PBXFileReference</string>
			<key>lastKnownFileType</key>
			<string>sourcecode.c.objc</string>
			<key>path</key>
			<string>YPActivityplansApi.m</string>
			<key>sourceTree</key>
			<string>&lt;group&gt;</string>
		</dict>
		<key>EABD47B21946F95A00492B20</key>
		<dict>
			<key>fileEncoding</key>
			<string>4</string>
			<key>isa</key>
			<string>PBXFileReference</string>
			<key>lastKnownFileType</key>
			<string>sourcecode.c.h</string>
			<key>path</key>
			<string>YPAddress.h</string>
			<key>sourceTree</key>
			<string>&lt;group&gt;</string>
		</dict>
		<key>EABD47B31946F95A00492B20</key>
		<dict>
			<key>fileEncoding</key>
			<string>4</string>
			<key>isa</key>
			<string>PBXFileReference</string>
			<key>lastKnownFileType</key>
			<string>sourcecode.c.objc</string>
			<key>path</key>
			<string>YPAddress.m</string>
			<key>sourceTree</key>
			<string>&lt;group&gt;</string>
		</dict>
		<key>EABD47B41946F95A00492B20</key>
		<dict>
			<key>fileEncoding</key>
			<string>4</string>
			<key>isa</key>
			<string>PBXFileReference</string>
			<key>lastKnownFileType</key>
			<string>sourcecode.c.h</string>
			<key>path</key>
			<string>YPAnswer.h</string>
			<key>sourceTree</key>
			<string>&lt;group&gt;</string>
		</dict>
		<key>EABD47B51946F95A00492B20</key>
		<dict>
			<key>fileEncoding</key>
			<string>4</string>
			<key>isa</key>
			<string>PBXFileReference</string>
			<key>lastKnownFileType</key>
			<string>sourcecode.c.objc</string>
			<key>path</key>
			<string>YPAnswer.m</string>
			<key>sourceTree</key>
			<string>&lt;group&gt;</string>
		</dict>
		<key>EABD47B61946F95A00492B20</key>
		<dict>
			<key>fileEncoding</key>
			<string>4</string>
			<key>isa</key>
			<string>PBXFileReference</string>
			<key>lastKnownFileType</key>
			<string>sourcecode.c.h</string>
			<key>path</key>
			<string>YPApiClient.h</string>
			<key>sourceTree</key>
			<string>&lt;group&gt;</string>
		</dict>
		<key>EABD47B71946F95A00492B20</key>
		<dict>
			<key>fileEncoding</key>
			<string>4</string>
			<key>isa</key>
			<string>PBXFileReference</string>
			<key>lastKnownFileType</key>
			<string>sourcecode.c.objc</string>
			<key>path</key>
			<string>YPApiClient.m</string>
			<key>sourceTree</key>
			<string>&lt;group&gt;</string>
		</dict>
		<key>EABD47B81946F95A00492B20</key>
		<dict>
			<key>fileEncoding</key>
			<string>4</string>
			<key>isa</key>
			<string>PBXFileReference</string>
			<key>lastKnownFileType</key>
			<string>sourcecode.c.h</string>
			<key>path</key>
			<string>YPAssessment.h</string>
			<key>sourceTree</key>
			<string>&lt;group&gt;</string>
		</dict>
		<key>EABD47B91946F95A00492B20</key>
		<dict>
			<key>fileEncoding</key>
			<string>4</string>
			<key>isa</key>
			<string>PBXFileReference</string>
			<key>lastKnownFileType</key>
			<string>sourcecode.c.objc</string>
			<key>path</key>
			<string>YPAssessment.m</string>
			<key>sourceTree</key>
			<string>&lt;group&gt;</string>
		</dict>
		<key>EABD47BA1946F95A00492B20</key>
		<dict>
			<key>fileEncoding</key>
			<string>4</string>
			<key>isa</key>
			<string>PBXFileReference</string>
			<key>lastKnownFileType</key>
			<string>sourcecode.c.h</string>
			<key>path</key>
			<string>YPAssessmentQuestion.h</string>
			<key>sourceTree</key>
			<string>&lt;group&gt;</string>
		</dict>
		<key>EABD47BB1946F95A00492B20</key>
		<dict>
			<key>fileEncoding</key>
			<string>4</string>
			<key>isa</key>
			<string>PBXFileReference</string>
			<key>lastKnownFileType</key>
			<string>sourcecode.c.objc</string>
			<key>path</key>
			<string>YPAssessmentQuestion.m</string>
			<key>sourceTree</key>
			<string>&lt;group&gt;</string>
		</dict>
		<key>EABD47BC1946F95A00492B20</key>
		<dict>
			<key>fileEncoding</key>
			<string>4</string>
			<key>isa</key>
			<string>PBXFileReference</string>
			<key>lastKnownFileType</key>
			<string>sourcecode.c.h</string>
			<key>path</key>
			<string>YPAssessmentResult.h</string>
			<key>sourceTree</key>
			<string>&lt;group&gt;</string>
		</dict>
		<key>EABD47BD1946F95A00492B20</key>
		<dict>
			<key>fileEncoding</key>
			<string>4</string>
			<key>isa</key>
			<string>PBXFileReference</string>
			<key>lastKnownFileType</key>
			<string>sourcecode.c.objc</string>
			<key>path</key>
			<string>YPAssessmentResult.m</string>
			<key>sourceTree</key>
			<string>&lt;group&gt;</string>
		</dict>
		<key>EABD47BE1946F95A00492B20</key>
		<dict>
			<key>fileEncoding</key>
			<string>4</string>
			<key>isa</key>
			<string>PBXFileReference</string>
			<key>lastKnownFileType</key>
			<string>sourcecode.c.h</string>
			<key>path</key>
			<string>YPAssessmentResultAnswer.h</string>
			<key>sourceTree</key>
			<string>&lt;group&gt;</string>
		</dict>
		<key>EABD47BF1946F95A00492B20</key>
		<dict>
			<key>fileEncoding</key>
			<string>4</string>
			<key>isa</key>
			<string>PBXFileReference</string>
			<key>lastKnownFileType</key>
			<string>sourcecode.c.objc</string>
			<key>path</key>
			<string>YPAssessmentResultAnswer.m</string>
			<key>sourceTree</key>
			<string>&lt;group&gt;</string>
		</dict>
		<key>EABD47C01946F95A00492B20</key>
		<dict>
			<key>fileEncoding</key>
			<string>4</string>
			<key>isa</key>
			<string>PBXFileReference</string>
			<key>lastKnownFileType</key>
			<string>sourcecode.c.h</string>
			<key>path</key>
			<string>YPAssessmentsApi.h</string>
			<key>sourceTree</key>
			<string>&lt;group&gt;</string>
		</dict>
		<key>EABD47C11946F95A00492B20</key>
		<dict>
			<key>fileEncoding</key>
			<string>4</string>
			<key>isa</key>
			<string>PBXFileReference</string>
			<key>lastKnownFileType</key>
			<string>sourcecode.c.objc</string>
			<key>path</key>
			<string>YPAssessmentsApi.m</string>
			<key>sourceTree</key>
			<string>&lt;group&gt;</string>
		</dict>
		<key>EABD47C21946F95A00492B20</key>
		<dict>
			<key>fileEncoding</key>
			<string>4</string>
			<key>isa</key>
			<string>PBXFileReference</string>
			<key>lastKnownFileType</key>
			<string>sourcecode.c.h</string>
			<key>path</key>
			<string>YPCampaign.h</string>
			<key>sourceTree</key>
			<string>&lt;group&gt;</string>
		</dict>
		<key>EABD47C31946F95A00492B20</key>
		<dict>
			<key>fileEncoding</key>
			<string>4</string>
			<key>isa</key>
			<string>PBXFileReference</string>
			<key>lastKnownFileType</key>
			<string>sourcecode.c.objc</string>
			<key>path</key>
			<string>YPCampaign.m</string>
			<key>sourceTree</key>
			<string>&lt;group&gt;</string>
		</dict>
		<key>EABD47C41946F95A00492B20</key>
		<dict>
			<key>fileEncoding</key>
			<string>4</string>
			<key>isa</key>
			<string>PBXFileReference</string>
			<key>lastKnownFileType</key>
			<string>sourcecode.c.h</string>
			<key>path</key>
			<string>YPCampaignsApi.h</string>
			<key>sourceTree</key>
			<string>&lt;group&gt;</string>
		</dict>
		<key>EABD47C51946F95A00492B20</key>
		<dict>
			<key>fileEncoding</key>
			<string>4</string>
			<key>isa</key>
			<string>PBXFileReference</string>
			<key>lastKnownFileType</key>
			<string>sourcecode.c.objc</string>
			<key>path</key>
			<string>YPCampaignsApi.m</string>
			<key>sourceTree</key>
			<string>&lt;group&gt;</string>
		</dict>
		<key>EABD47C61946F95A00492B20</key>
		<dict>
			<key>fileEncoding</key>
			<string>4</string>
			<key>isa</key>
			<string>PBXFileReference</string>
			<key>lastKnownFileType</key>
			<string>sourcecode.c.h</string>
			<key>path</key>
			<string>YPCoachmessagesApi.h</string>
			<key>sourceTree</key>
			<string>&lt;group&gt;</string>
		</dict>
		<key>EABD47C71946F95A00492B20</key>
		<dict>
			<key>fileEncoding</key>
			<string>4</string>
			<key>isa</key>
			<string>PBXFileReference</string>
			<key>lastKnownFileType</key>
			<string>sourcecode.c.objc</string>
			<key>path</key>
			<string>YPCoachmessagesApi.m</string>
			<key>sourceTree</key>
			<string>&lt;group&gt;</string>
		</dict>
		<key>EABD47C81946F95A00492B20</key>
		<dict>
			<key>fileEncoding</key>
			<string>4</string>
			<key>isa</key>
			<string>PBXFileReference</string>
			<key>lastKnownFileType</key>
			<string>sourcecode.c.h</string>
			<key>path</key>
			<string>YPComment.h</string>
			<key>sourceTree</key>
			<string>&lt;group&gt;</string>
		</dict>
		<key>EABD47C91946F95A00492B20</key>
		<dict>
			<key>fileEncoding</key>
			<string>4</string>
			<key>isa</key>
			<string>PBXFileReference</string>
			<key>lastKnownFileType</key>
			<string>sourcecode.c.objc</string>
			<key>path</key>
			<string>YPComment.m</string>
			<key>sourceTree</key>
			<string>&lt;group&gt;</string>
		</dict>
		<key>EABD47CA1946F95A00492B20</key>
		<dict>
			<key>fileEncoding</key>
			<string>4</string>
			<key>isa</key>
			<string>PBXFileReference</string>
			<key>lastKnownFileType</key>
			<string>sourcecode.c.h</string>
			<key>path</key>
			<string>YPCommentsApi.h</string>
			<key>sourceTree</key>
			<string>&lt;group&gt;</string>
		</dict>
		<key>EABD47CB1946F95A00492B20</key>
		<dict>
			<key>fileEncoding</key>
			<string>4</string>
			<key>isa</key>
			<string>PBXFileReference</string>
			<key>lastKnownFileType</key>
			<string>sourcecode.c.objc</string>
			<key>path</key>
			<string>YPCommentsApi.m</string>
			<key>sourceTree</key>
			<string>&lt;group&gt;</string>
		</dict>
		<key>EABD47CC1946F95A00492B20</key>
		<dict>
			<key>fileEncoding</key>
			<string>4</string>
			<key>isa</key>
			<string>PBXFileReference</string>
			<key>lastKnownFileType</key>
			<string>sourcecode.c.h</string>
			<key>path</key>
			<string>YPContact.h</string>
			<key>sourceTree</key>
			<string>&lt;group&gt;</string>
		</dict>
		<key>EABD47CD1946F95A00492B20</key>
		<dict>
			<key>fileEncoding</key>
			<string>4</string>
			<key>isa</key>
			<string>PBXFileReference</string>
			<key>lastKnownFileType</key>
			<string>sourcecode.c.objc</string>
			<key>path</key>
			<string>YPContact.m</string>
			<key>sourceTree</key>
			<string>&lt;group&gt;</string>
		</dict>
		<key>EABD47CE1946F95A00492B20</key>
		<dict>
			<key>fileEncoding</key>
			<string>4</string>
			<key>isa</key>
			<string>PBXFileReference</string>
			<key>lastKnownFileType</key>
			<string>sourcecode.c.h</string>
			<key>path</key>
			<string>YPDate.h</string>
			<key>sourceTree</key>
			<string>&lt;group&gt;</string>
		</dict>
		<key>EABD47CF1946F95A00492B20</key>
		<dict>
			<key>fileEncoding</key>
			<string>4</string>
			<key>isa</key>
			<string>PBXFileReference</string>
			<key>lastKnownFileType</key>
			<string>sourcecode.c.objc</string>
			<key>path</key>
			<string>YPDate.m</string>
			<key>sourceTree</key>
			<string>&lt;group&gt;</string>
		</dict>
		<key>EABD47D01946F95A00492B20</key>
		<dict>
			<key>fileEncoding</key>
			<string>4</string>
			<key>isa</key>
			<string>PBXFileReference</string>
			<key>lastKnownFileType</key>
			<string>sourcecode.c.h</string>
			<key>path</key>
			<string>YPDefaultUserWeekForScheduling.h</string>
			<key>sourceTree</key>
			<string>&lt;group&gt;</string>
		</dict>
		<key>EABD47D11946F95A00492B20</key>
		<dict>
			<key>fileEncoding</key>
			<string>4</string>
			<key>isa</key>
			<string>PBXFileReference</string>
			<key>lastKnownFileType</key>
			<string>sourcecode.c.objc</string>
			<key>path</key>
			<string>YPDefaultUserWeekForScheduling.m</string>
			<key>sourceTree</key>
			<string>&lt;group&gt;</string>
		</dict>
		<key>EABD47D21946F95A00492B20</key>
		<dict>
			<key>fileEncoding</key>
			<string>4</string>
			<key>isa</key>
			<string>PBXFileReference</string>
			<key>lastKnownFileType</key>
			<string>sourcecode.c.h</string>
			<key>path</key>
			<string>YPDiaryentriesApi.h</string>
			<key>sourceTree</key>
			<string>&lt;group&gt;</string>
		</dict>
		<key>EABD47D31946F95A00492B20</key>
		<dict>
			<key>fileEncoding</key>
			<string>4</string>
			<key>isa</key>
			<string>PBXFileReference</string>
			<key>lastKnownFileType</key>
			<string>sourcecode.c.objc</string>
			<key>path</key>
			<string>YPDiaryentriesApi.m</string>
			<key>sourceTree</key>
			<string>&lt;group&gt;</string>
		</dict>
		<key>EABD47D41946F95A00492B20</key>
		<dict>
			<key>fileEncoding</key>
			<string>4</string>
			<key>isa</key>
			<string>PBXFileReference</string>
			<key>lastKnownFileType</key>
			<string>sourcecode.c.h</string>
			<key>path</key>
			<string>YPDiaryEntry.h</string>
			<key>sourceTree</key>
			<string>&lt;group&gt;</string>
		</dict>
		<key>EABD47D51946F95A00492B20</key>
		<dict>
			<key>fileEncoding</key>
			<string>4</string>
			<key>isa</key>
			<string>PBXFileReference</string>
			<key>lastKnownFileType</key>
			<string>sourcecode.c.objc</string>
			<key>path</key>
			<string>YPDiaryEntry.m</string>
			<key>sourceTree</key>
			<string>&lt;group&gt;</string>
		</dict>
		<key>EABD47D61946F95A00492B20</key>
		<dict>
			<key>fileEncoding</key>
			<string>4</string>
			<key>isa</key>
			<string>PBXFileReference</string>
			<key>lastKnownFileType</key>
			<string>sourcecode.c.h</string>
			<key>path</key>
			<string>YPEmail.h</string>
			<key>sourceTree</key>
			<string>&lt;group&gt;</string>
		</dict>
		<key>EABD47D71946F95A00492B20</key>
		<dict>
			<key>fileEncoding</key>
			<string>4</string>
			<key>isa</key>
			<string>PBXFileReference</string>
			<key>lastKnownFileType</key>
			<string>sourcecode.c.objc</string>
			<key>path</key>
			<string>YPEmail.m</string>
			<key>sourceTree</key>
			<string>&lt;group&gt;</string>
		</dict>
		<key>EABD47D81946F95A00492B20</key>
		<dict>
			<key>fileEncoding</key>
			<string>4</string>
			<key>isa</key>
			<string>PBXFileReference</string>
			<key>lastKnownFileType</key>
			<string>sourcecode.c.h</string>
			<key>path</key>
			<string>YPEmailObject.h</string>
			<key>sourceTree</key>
			<string>&lt;group&gt;</string>
		</dict>
		<key>EABD47D91946F95A00492B20</key>
		<dict>
			<key>fileEncoding</key>
			<string>4</string>
			<key>isa</key>
			<string>PBXFileReference</string>
			<key>lastKnownFileType</key>
			<string>sourcecode.c.objc</string>
			<key>path</key>
			<string>YPEmailObject.m</string>
			<key>sourceTree</key>
			<string>&lt;group&gt;</string>
		</dict>
		<key>EABD47DA1946F95A00492B20</key>
		<dict>
			<key>fileEncoding</key>
			<string>4</string>
			<key>isa</key>
			<string>PBXFileReference</string>
			<key>lastKnownFileType</key>
			<string>sourcecode.c.h</string>
			<key>path</key>
			<string>YPEndby.h</string>
			<key>sourceTree</key>
			<string>&lt;group&gt;</string>
		</dict>
		<key>EABD47DB1946F95A00492B20</key>
		<dict>
			<key>fileEncoding</key>
			<string>4</string>
			<key>isa</key>
			<string>PBXFileReference</string>
			<key>lastKnownFileType</key>
			<string>sourcecode.c.objc</string>
			<key>path</key>
			<string>YPEndby.m</string>
			<key>sourceTree</key>
			<string>&lt;group&gt;</string>
		</dict>
		<key>EABD47DC1946F95A00492B20</key>
		<dict>
			<key>fileEncoding</key>
			<string>4</string>
			<key>isa</key>
			<string>PBXFileReference</string>
			<key>lastKnownFileType</key>
			<string>sourcecode.c.h</string>
			<key>path</key>
			<string>YPErrorApi.h</string>
			<key>sourceTree</key>
			<string>&lt;group&gt;</string>
		</dict>
		<key>EABD47DD1946F95A00492B20</key>
		<dict>
			<key>fileEncoding</key>
			<string>4</string>
			<key>isa</key>
			<string>PBXFileReference</string>
			<key>lastKnownFileType</key>
			<string>sourcecode.c.objc</string>
			<key>path</key>
			<string>YPErrorApi.m</string>
			<key>sourceTree</key>
			<string>&lt;group&gt;</string>
		</dict>
		<key>EABD47DE1946F95A00492B20</key>
		<dict>
			<key>fileEncoding</key>
			<string>4</string>
			<key>isa</key>
			<string>PBXFileReference</string>
			<key>lastKnownFileType</key>
			<string>sourcecode.c.h</string>
			<key>path</key>
			<string>YPErrorObject.h</string>
			<key>sourceTree</key>
			<string>&lt;group&gt;</string>
		</dict>
		<key>EABD47DF1946F95A00492B20</key>
		<dict>
			<key>fileEncoding</key>
			<string>4</string>
			<key>isa</key>
			<string>PBXFileReference</string>
			<key>lastKnownFileType</key>
			<string>sourcecode.c.objc</string>
			<key>path</key>
			<string>YPErrorObject.m</string>
			<key>sourceTree</key>
			<string>&lt;group&gt;</string>
		</dict>
		<key>EABD47E01946F95A00492B20</key>
		<dict>
			<key>fileEncoding</key>
			<string>4</string>
			<key>isa</key>
			<string>PBXFileReference</string>
			<key>lastKnownFileType</key>
			<string>sourcecode.c.h</string>
			<key>path</key>
			<string>YPEvent.h</string>
			<key>sourceTree</key>
			<string>&lt;group&gt;</string>
		</dict>
		<key>EABD47E11946F95A00492B20</key>
		<dict>
			<key>fileEncoding</key>
			<string>4</string>
			<key>isa</key>
			<string>PBXFileReference</string>
			<key>lastKnownFileType</key>
			<string>sourcecode.c.objc</string>
			<key>path</key>
			<string>YPEvent.m</string>
			<key>sourceTree</key>
			<string>&lt;group&gt;</string>
		</dict>
		<key>EABD47E21946F95A00492B20</key>
		<dict>
			<key>fileEncoding</key>
			<string>4</string>
			<key>isa</key>
			<string>PBXFileReference</string>
			<key>lastKnownFileType</key>
			<string>sourcecode.c.h</string>
			<key>path</key>
			<string>YPException.h</string>
			<key>sourceTree</key>
			<string>&lt;group&gt;</string>
		</dict>
		<key>EABD47E31946F95A00492B20</key>
		<dict>
			<key>fileEncoding</key>
			<string>4</string>
			<key>isa</key>
			<string>PBXFileReference</string>
			<key>lastKnownFileType</key>
			<string>sourcecode.c.objc</string>
			<key>path</key>
			<string>YPException.m</string>
			<key>sourceTree</key>
			<string>&lt;group&gt;</string>
		</dict>
		<key>EABD47E41946F95A00492B20</key>
		<dict>
			<key>fileEncoding</key>
			<string>4</string>
			<key>isa</key>
			<string>PBXFileReference</string>
			<key>lastKnownFileType</key>
			<string>sourcecode.c.h</string>
			<key>path</key>
			<string>YPFeedback.h</string>
			<key>sourceTree</key>
			<string>&lt;group&gt;</string>
		</dict>
		<key>EABD47E51946F95A00492B20</key>
		<dict>
			<key>fileEncoding</key>
			<string>4</string>
			<key>isa</key>
			<string>PBXFileReference</string>
			<key>lastKnownFileType</key>
			<string>sourcecode.c.objc</string>
			<key>path</key>
			<string>YPFeedback.m</string>
			<key>sourceTree</key>
			<string>&lt;group&gt;</string>
		</dict>
		<key>EABD47E61946F95A00492B20</key>
		<dict>
			<key>fileEncoding</key>
			<string>4</string>
			<key>isa</key>
			<string>PBXFileReference</string>
			<key>lastKnownFileType</key>
			<string>sourcecode.c.h</string>
			<key>path</key>
			<string>YPFeedbackApi.h</string>
			<key>sourceTree</key>
			<string>&lt;group&gt;</string>
		</dict>
		<key>EABD47E71946F95A00492B20</key>
		<dict>
			<key>fileEncoding</key>
			<string>4</string>
			<key>isa</key>
			<string>PBXFileReference</string>
			<key>lastKnownFileType</key>
			<string>sourcecode.c.objc</string>
			<key>path</key>
			<string>YPFeedbackApi.m</string>
			<key>sourceTree</key>
			<string>&lt;group&gt;</string>
		</dict>
		<key>EABD47E81946F95A00492B20</key>
		<dict>
			<key>fileEncoding</key>
			<string>4</string>
			<key>isa</key>
			<string>PBXFileReference</string>
			<key>lastKnownFileType</key>
			<string>sourcecode.c.h</string>
			<key>path</key>
			<string>YPFile.h</string>
			<key>sourceTree</key>
			<string>&lt;group&gt;</string>
		</dict>
		<key>EABD47E91946F95A00492B20</key>
		<dict>
			<key>fileEncoding</key>
			<string>4</string>
			<key>isa</key>
			<string>PBXFileReference</string>
			<key>lastKnownFileType</key>
			<string>sourcecode.c.objc</string>
			<key>path</key>
			<string>YPFile.m</string>
			<key>sourceTree</key>
			<string>&lt;group&gt;</string>
		</dict>
		<key>EABD47EA1946F95A00492B20</key>
		<dict>
			<key>fileEncoding</key>
			<string>4</string>
			<key>isa</key>
			<string>PBXFileReference</string>
			<key>lastKnownFileType</key>
			<string>sourcecode.c.h</string>
			<key>path</key>
			<string>YPFocus.h</string>
			<key>sourceTree</key>
			<string>&lt;group&gt;</string>
		</dict>
		<key>EABD47EB1946F95A00492B20</key>
		<dict>
			<key>fileEncoding</key>
			<string>4</string>
			<key>isa</key>
			<string>PBXFileReference</string>
			<key>lastKnownFileType</key>
			<string>sourcecode.c.objc</string>
			<key>path</key>
			<string>YPFocus.m</string>
			<key>sourceTree</key>
			<string>&lt;group&gt;</string>
		</dict>
		<key>EABD47EC1946F95A00492B20</key>
		<dict>
			<key>fileEncoding</key>
			<string>4</string>
			<key>isa</key>
			<string>PBXFileReference</string>
			<key>lastKnownFileType</key>
			<string>sourcecode.c.h</string>
			<key>path</key>
			<string>YPHomeAddress.h</string>
			<key>sourceTree</key>
			<string>&lt;group&gt;</string>
		</dict>
		<key>EABD47ED1946F95A00492B20</key>
		<dict>
			<key>fileEncoding</key>
			<string>4</string>
			<key>isa</key>
			<string>PBXFileReference</string>
			<key>lastKnownFileType</key>
			<string>sourcecode.c.objc</string>
			<key>path</key>
			<string>YPHomeAddress.m</string>
			<key>sourceTree</key>
			<string>&lt;group&gt;</string>
		</dict>
		<key>EABD47EE1946F95A00492B20</key>
		<dict>
			<key>fileEncoding</key>
			<string>4</string>
			<key>isa</key>
			<string>PBXFileReference</string>
			<key>lastKnownFileType</key>
			<string>sourcecode.c.h</string>
			<key>path</key>
			<string>YPI18nString.h</string>
			<key>sourceTree</key>
			<string>&lt;group&gt;</string>
		</dict>
		<key>EABD47EF1946F95A00492B20</key>
		<dict>
			<key>fileEncoding</key>
			<string>4</string>
			<key>isa</key>
			<string>PBXFileReference</string>
			<key>lastKnownFileType</key>
			<string>sourcecode.c.objc</string>
			<key>path</key>
			<string>YPI18nString.m</string>
			<key>sourceTree</key>
			<string>&lt;group&gt;</string>
		</dict>
		<key>EABD47F01946F95A00492B20</key>
		<dict>
			<key>fileEncoding</key>
			<string>4</string>
			<key>isa</key>
			<string>PBXFileReference</string>
			<key>lastKnownFileType</key>
			<string>sourcecode.c.h</string>
			<key>path</key>
			<string>YPLoginApi.h</string>
			<key>sourceTree</key>
			<string>&lt;group&gt;</string>
		</dict>
		<key>EABD47F11946F95A00492B20</key>
		<dict>
			<key>fileEncoding</key>
			<string>4</string>
			<key>isa</key>
			<string>PBXFileReference</string>
			<key>lastKnownFileType</key>
			<string>sourcecode.c.objc</string>
			<key>path</key>
			<string>YPLoginApi.m</string>
			<key>sourceTree</key>
			<string>&lt;group&gt;</string>
		</dict>
		<key>EABD47F21946F95A00492B20</key>
		<dict>
			<key>fileEncoding</key>
			<string>4</string>
			<key>isa</key>
			<string>PBXFileReference</string>
			<key>lastKnownFileType</key>
			<string>sourcecode.c.h</string>
			<key>path</key>
			<string>YPMainEvent.h</string>
			<key>sourceTree</key>
			<string>&lt;group&gt;</string>
		</dict>
		<key>EABD47F31946F95A00492B20</key>
		<dict>
			<key>fileEncoding</key>
			<string>4</string>
			<key>isa</key>
			<string>PBXFileReference</string>
			<key>lastKnownFileType</key>
			<string>sourcecode.c.objc</string>
			<key>path</key>
			<string>YPMainEvent.m</string>
			<key>sourceTree</key>
			<string>&lt;group&gt;</string>
		</dict>
		<key>EABD47F41946F95A00492B20</key>
		<dict>
			<key>fileEncoding</key>
			<string>4</string>
			<key>isa</key>
			<string>PBXFileReference</string>
			<key>lastKnownFileType</key>
			<string>sourcecode.c.h</string>
			<key>path</key>
			<string>YPNotification.h</string>
			<key>sourceTree</key>
			<string>&lt;group&gt;</string>
		</dict>
		<key>EABD47F51946F95A00492B20</key>
		<dict>
			<key>fileEncoding</key>
			<string>4</string>
			<key>isa</key>
			<string>PBXFileReference</string>
			<key>lastKnownFileType</key>
			<string>sourcecode.c.objc</string>
			<key>path</key>
			<string>YPNotification.m</string>
			<key>sourceTree</key>
			<string>&lt;group&gt;</string>
		</dict>
		<key>EABD47F61946F95A00492B20</key>
		<dict>
			<key>fileEncoding</key>
			<string>4</string>
			<key>isa</key>
			<string>PBXFileReference</string>
			<key>lastKnownFileType</key>
			<string>sourcecode.c.h</string>
			<key>path</key>
			<string>YPNotificationsApi.h</string>
			<key>sourceTree</key>
			<string>&lt;group&gt;</string>
		</dict>
		<key>EABD47F71946F95A00492B20</key>
		<dict>
			<key>fileEncoding</key>
			<string>4</string>
			<key>isa</key>
			<string>PBXFileReference</string>
			<key>lastKnownFileType</key>
			<string>sourcecode.c.objc</string>
			<key>path</key>
			<string>YPNotificationsApi.m</string>
			<key>sourceTree</key>
			<string>&lt;group&gt;</string>
		</dict>
		<key>EABD47F81946F95A00492B20</key>
		<dict>
			<key>fileEncoding</key>
			<string>4</string>
			<key>isa</key>
			<string>PBXFileReference</string>
			<key>lastKnownFileType</key>
			<string>sourcecode.c.h</string>
			<key>path</key>
			<string>YPObject.h</string>
			<key>sourceTree</key>
			<string>&lt;group&gt;</string>
		</dict>
		<key>EABD47F91946F95A00492B20</key>
		<dict>
			<key>fileEncoding</key>
			<string>4</string>
			<key>isa</key>
			<string>PBXFileReference</string>
			<key>lastKnownFileType</key>
			<string>sourcecode.c.objc</string>
			<key>path</key>
			<string>YPObject.m</string>
			<key>sourceTree</key>
			<string>&lt;group&gt;</string>
		</dict>
		<key>EABD47FA1946F95A00492B20</key>
		<dict>
			<key>fileEncoding</key>
			<string>4</string>
			<key>isa</key>
			<string>PBXFileReference</string>
			<key>lastKnownFileType</key>
			<string>sourcecode.c.h</string>
			<key>path</key>
			<string>YPObjectId.h</string>
			<key>sourceTree</key>
			<string>&lt;group&gt;</string>
		</dict>
		<key>EABD47FB1946F95A00492B20</key>
		<dict>
			<key>fileEncoding</key>
			<string>4</string>
			<key>isa</key>
			<string>PBXFileReference</string>
			<key>lastKnownFileType</key>
			<string>sourcecode.c.objc</string>
			<key>path</key>
			<string>YPObjectId.m</string>
			<key>sourceTree</key>
			<string>&lt;group&gt;</string>
		</dict>
		<key>EABD47FC1946F95A00492B20</key>
		<dict>
			<key>fileEncoding</key>
			<string>4</string>
			<key>isa</key>
			<string>PBXFileReference</string>
			<key>lastKnownFileType</key>
			<string>sourcecode.c.h</string>
			<key>path</key>
			<string>YPOrganization.h</string>
			<key>sourceTree</key>
			<string>&lt;group&gt;</string>
		</dict>
		<key>EABD47FD1946F95A00492B20</key>
		<dict>
			<key>fileEncoding</key>
			<string>4</string>
			<key>isa</key>
			<string>PBXFileReference</string>
			<key>lastKnownFileType</key>
			<string>sourcecode.c.objc</string>
			<key>path</key>
			<string>YPOrganization.m</string>
			<key>sourceTree</key>
			<string>&lt;group&gt;</string>
		</dict>
		<key>EABD47FE1946F95A00492B20</key>
		<dict>
			<key>fileEncoding</key>
			<string>4</string>
			<key>isa</key>
			<string>PBXFileReference</string>
			<key>lastKnownFileType</key>
			<string>sourcecode.c.h</string>
			<key>path</key>
			<string>YPOrganizationsApi.h</string>
			<key>sourceTree</key>
			<string>&lt;group&gt;</string>
		</dict>
		<key>EABD47FF1946F95A00492B20</key>
		<dict>
			<key>fileEncoding</key>
			<string>4</string>
			<key>isa</key>
			<string>PBXFileReference</string>
			<key>lastKnownFileType</key>
			<string>sourcecode.c.objc</string>
			<key>path</key>
			<string>YPOrganizationsApi.m</string>
			<key>sourceTree</key>
			<string>&lt;group&gt;</string>
		</dict>
		<key>EABD48001946F95A00492B20</key>
		<dict>
			<key>fileEncoding</key>
			<string>4</string>
			<key>isa</key>
			<string>PBXFileReference</string>
			<key>lastKnownFileType</key>
			<string>sourcecode.c.h</string>
			<key>path</key>
			<string>YPPaymentCode.h</string>
			<key>sourceTree</key>
			<string>&lt;group&gt;</string>
		</dict>
		<key>EABD48011946F95A00492B20</key>
		<dict>
			<key>fileEncoding</key>
			<string>4</string>
			<key>isa</key>
			<string>PBXFileReference</string>
			<key>lastKnownFileType</key>
			<string>sourcecode.c.objc</string>
			<key>path</key>
			<string>YPPaymentCode.m</string>
			<key>sourceTree</key>
			<string>&lt;group&gt;</string>
		</dict>
		<key>EABD48021946F95A00492B20</key>
		<dict>
			<key>fileEncoding</key>
			<string>4</string>
			<key>isa</key>
			<string>PBXFileReference</string>
			<key>lastKnownFileType</key>
			<string>sourcecode.c.h</string>
			<key>path</key>
			<string>YPPaymentcodesApi.h</string>
			<key>sourceTree</key>
			<string>&lt;group&gt;</string>
		</dict>
		<key>EABD48031946F95A00492B20</key>
		<dict>
			<key>fileEncoding</key>
			<string>4</string>
			<key>isa</key>
			<string>PBXFileReference</string>
			<key>lastKnownFileType</key>
			<string>sourcecode.c.objc</string>
			<key>path</key>
			<string>YPPaymentcodesApi.m</string>
			<key>sourceTree</key>
			<string>&lt;group&gt;</string>
		</dict>
		<key>EABD48041946F95A00492B20</key>
		<dict>
			<key>fileEncoding</key>
			<string>4</string>
			<key>isa</key>
			<string>PBXFileReference</string>
			<key>lastKnownFileType</key>
			<string>sourcecode.c.h</string>
			<key>path</key>
			<string>YPPingApi.h</string>
			<key>sourceTree</key>
			<string>&lt;group&gt;</string>
		</dict>
		<key>EABD48051946F95A00492B20</key>
		<dict>
			<key>fileEncoding</key>
			<string>4</string>
			<key>isa</key>
			<string>PBXFileReference</string>
			<key>lastKnownFileType</key>
			<string>sourcecode.c.objc</string>
			<key>path</key>
			<string>YPPingApi.m</string>
			<key>sourceTree</key>
			<string>&lt;group&gt;</string>
		</dict>
		<key>EABD48061946F95A00492B20</key>
		<dict>
			<key>fileEncoding</key>
			<string>4</string>
			<key>isa</key>
			<string>PBXFileReference</string>
			<key>lastKnownFileType</key>
			<string>sourcecode.c.h</string>
			<key>path</key>
			<string>YPProfile.h</string>
			<key>sourceTree</key>
			<string>&lt;group&gt;</string>
		</dict>
		<key>EABD48071946F95A00492B20</key>
		<dict>
			<key>fileEncoding</key>
			<string>4</string>
			<key>isa</key>
			<string>PBXFileReference</string>
			<key>lastKnownFileType</key>
			<string>sourcecode.c.objc</string>
			<key>path</key>
			<string>YPProfile.m</string>
			<key>sourceTree</key>
			<string>&lt;group&gt;</string>
		</dict>
		<key>EABD48081946F95A00492B20</key>
		<dict>
			<key>fileEncoding</key>
			<string>4</string>
			<key>isa</key>
			<string>PBXFileReference</string>
			<key>lastKnownFileType</key>
			<string>sourcecode.c.h</string>
			<key>path</key>
			<string>YPProfilesApi.h</string>
			<key>sourceTree</key>
			<string>&lt;group&gt;</string>
		</dict>
		<key>EABD48091946F95A00492B20</key>
		<dict>
			<key>fileEncoding</key>
			<string>4</string>
			<key>isa</key>
			<string>PBXFileReference</string>
			<key>lastKnownFileType</key>
			<string>sourcecode.c.objc</string>
			<key>path</key>
			<string>YPProfilesApi.m</string>
			<key>sourceTree</key>
			<string>&lt;group&gt;</string>
		</dict>
		<key>EABD480A1946F95A00492B20</key>
		<dict>
			<key>fileEncoding</key>
			<string>4</string>
			<key>isa</key>
			<string>PBXFileReference</string>
			<key>lastKnownFileType</key>
			<string>sourcecode.c.h</string>
			<key>path</key>
			<string>YPRecurrence.h</string>
			<key>sourceTree</key>
			<string>&lt;group&gt;</string>
		</dict>
		<key>EABD480B1946F95A00492B20</key>
		<dict>
			<key>fileEncoding</key>
			<string>4</string>
			<key>isa</key>
			<string>PBXFileReference</string>
			<key>lastKnownFileType</key>
			<string>sourcecode.c.objc</string>
			<key>path</key>
			<string>YPRecurrence.m</string>
			<key>sourceTree</key>
			<string>&lt;group&gt;</string>
		</dict>
		<key>EABD480C1946F95A00492B20</key>
		<dict>
			<key>fileEncoding</key>
			<string>4</string>
			<key>isa</key>
			<string>PBXFileReference</string>
			<key>lastKnownFileType</key>
			<string>sourcecode.c.h</string>
			<key>path</key>
			<string>YPRefDoc.h</string>
			<key>sourceTree</key>
			<string>&lt;group&gt;</string>
		</dict>
		<key>EABD480D1946F95A00492B20</key>
		<dict>
			<key>fileEncoding</key>
			<string>4</string>
			<key>isa</key>
			<string>PBXFileReference</string>
			<key>lastKnownFileType</key>
			<string>sourcecode.c.objc</string>
			<key>path</key>
			<string>YPRefDoc.m</string>
			<key>sourceTree</key>
			<string>&lt;group&gt;</string>
		</dict>
		<key>EABD480E1946F95A00492B20</key>
		<dict>
			<key>fileEncoding</key>
			<string>4</string>
			<key>isa</key>
			<string>PBXFileReference</string>
			<key>lastKnownFileType</key>
			<string>sourcecode.c.h</string>
			<key>path</key>
			<string>YPRejectedActivity.h</string>
			<key>sourceTree</key>
			<string>&lt;group&gt;</string>
		</dict>
		<key>EABD480F1946F95A00492B20</key>
		<dict>
			<key>fileEncoding</key>
			<string>4</string>
			<key>isa</key>
			<string>PBXFileReference</string>
			<key>lastKnownFileType</key>
			<string>sourcecode.c.objc</string>
			<key>path</key>
			<string>YPRejectedActivity.m</string>
			<key>sourceTree</key>
			<string>&lt;group&gt;</string>
		</dict>
		<key>EABD48101946F95A00492B20</key>
		<dict>
			<key>fileEncoding</key>
			<string>4</string>
			<key>isa</key>
			<string>PBXFileReference</string>
			<key>lastKnownFileType</key>
			<string>sourcecode.c.h</string>
			<key>path</key>
			<string>YPRejectedActivityPlan.h</string>
			<key>sourceTree</key>
			<string>&lt;group&gt;</string>
		</dict>
		<key>EABD48111946F95A00492B20</key>
		<dict>
			<key>fileEncoding</key>
			<string>4</string>
			<key>isa</key>
			<string>PBXFileReference</string>
			<key>lastKnownFileType</key>
			<string>sourcecode.c.objc</string>
			<key>path</key>
			<string>YPRejectedActivityPlan.m</string>
			<key>sourceTree</key>
			<string>&lt;group&gt;</string>
		</dict>
		<key>EABD48121946F95A00492B20</key>
		<dict>
			<key>fileEncoding</key>
			<string>4</string>
			<key>isa</key>
			<string>PBXFileReference</string>
			<key>lastKnownFileType</key>
			<string>sourcecode.c.h</string>
			<key>path</key>
			<string>YPStarredActivity.h</string>
			<key>sourceTree</key>
			<string>&lt;group&gt;</string>
		</dict>
		<key>EABD48131946F95A00492B20</key>
		<dict>
			<key>fileEncoding</key>
			<string>4</string>
			<key>isa</key>
			<string>PBXFileReference</string>
			<key>lastKnownFileType</key>
			<string>sourcecode.c.objc</string>
			<key>path</key>
			<string>YPStarredActivity.m</string>
			<key>sourceTree</key>
			<string>&lt;group&gt;</string>
		</dict>
		<key>EABD48141946F95A00492B20</key>
		<dict>
			<key>fileEncoding</key>
			<string>4</string>
			<key>isa</key>
			<string>PBXFileReference</string>
			<key>lastKnownFileType</key>
			<string>sourcecode.c.h</string>
			<key>path</key>
			<string>YPStatsApi.h</string>
			<key>sourceTree</key>
			<string>&lt;group&gt;</string>
		</dict>
		<key>EABD48151946F95A00492B20</key>
		<dict>
			<key>fileEncoding</key>
			<string>4</string>
			<key>isa</key>
			<string>PBXFileReference</string>
			<key>lastKnownFileType</key>
			<string>sourcecode.c.objc</string>
			<key>path</key>
			<string>YPStatsApi.m</string>
			<key>sourceTree</key>
			<string>&lt;group&gt;</string>
		</dict>
		<key>EABD48161946F95A00492B20</key>
		<dict>
			<key>fileEncoding</key>
			<string>4</string>
			<key>isa</key>
			<string>PBXFileReference</string>
			<key>lastKnownFileType</key>
			<string>sourcecode.c.h</string>
			<key>path</key>
			<string>YPUser.h</string>
			<key>sourceTree</key>
			<string>&lt;group&gt;</string>
		</dict>
		<key>EABD48171946F95A00492B20</key>
		<dict>
			<key>fileEncoding</key>
			<string>4</string>
			<key>isa</key>
			<string>PBXFileReference</string>
			<key>lastKnownFileType</key>
			<string>sourcecode.c.objc</string>
			<key>path</key>
			<string>YPUser.m</string>
			<key>sourceTree</key>
			<string>&lt;group&gt;</string>
		</dict>
		<key>EABD48181946F95A00492B20</key>
		<dict>
			<key>fileEncoding</key>
			<string>4</string>
			<key>isa</key>
			<string>PBXFileReference</string>
			<key>lastKnownFileType</key>
			<string>sourcecode.c.h</string>
			<key>path</key>
			<string>YPUsernameEmail.h</string>
			<key>sourceTree</key>
			<string>&lt;group&gt;</string>
		</dict>
		<key>EABD48191946F95A00492B20</key>
		<dict>
			<key>fileEncoding</key>
			<string>4</string>
			<key>isa</key>
			<string>PBXFileReference</string>
			<key>lastKnownFileType</key>
			<string>sourcecode.c.objc</string>
			<key>path</key>
			<string>YPUsernameEmail.m</string>
			<key>sourceTree</key>
			<string>&lt;group&gt;</string>
		</dict>
		<key>EABD481A1946F95A00492B20</key>
		<dict>
			<key>fileEncoding</key>
			<string>4</string>
			<key>isa</key>
			<string>PBXFileReference</string>
			<key>lastKnownFileType</key>
			<string>sourcecode.c.h</string>
			<key>path</key>
			<string>YPUserPreferences.h</string>
			<key>sourceTree</key>
			<string>&lt;group&gt;</string>
		</dict>
		<key>EABD481B1946F95A00492B20</key>
		<dict>
			<key>fileEncoding</key>
			<string>4</string>
			<key>isa</key>
			<string>PBXFileReference</string>
			<key>lastKnownFileType</key>
			<string>sourcecode.c.objc</string>
			<key>path</key>
			<string>YPUserPreferences.m</string>
			<key>sourceTree</key>
			<string>&lt;group&gt;</string>
		</dict>
		<key>EABD481C1946F95A00492B20</key>
		<dict>
			<key>fileEncoding</key>
			<string>4</string>
			<key>isa</key>
			<string>PBXFileReference</string>
			<key>lastKnownFileType</key>
			<string>sourcecode.c.h</string>
			<key>path</key>
			<string>YPUsersApi.h</string>
			<key>sourceTree</key>
			<string>&lt;group&gt;</string>
		</dict>
		<key>EABD481D1946F95A00492B20</key>
		<dict>
			<key>fileEncoding</key>
			<string>4</string>
			<key>isa</key>
			<string>PBXFileReference</string>
			<key>lastKnownFileType</key>
			<string>sourcecode.c.objc</string>
			<key>path</key>
			<string>YPUsersApi.m</string>
			<key>sourceTree</key>
			<string>&lt;group&gt;</string>
		</dict>
		<key>EABD481E1946F95A00492B20</key>
		<dict>
			<key>fileEncoding</key>
			<string>4</string>
			<key>isa</key>
			<string>PBXFileReference</string>
			<key>lastKnownFileType</key>
			<string>sourcecode.c.h</string>
			<key>path</key>
			<string>YPWorkAddress.h</string>
			<key>sourceTree</key>
			<string>&lt;group&gt;</string>
		</dict>
		<key>EABD481F1946F95A00492B20</key>
		<dict>
			<key>fileEncoding</key>
			<string>4</string>
			<key>isa</key>
			<string>PBXFileReference</string>
			<key>lastKnownFileType</key>
			<string>sourcecode.c.objc</string>
			<key>path</key>
			<string>YPWorkAddress.m</string>
			<key>sourceTree</key>
			<string>&lt;group&gt;</string>
		</dict>
		<key>EABD48201946F95A00492B20</key>
		<dict>
			<key>fileRef</key>
			<string>EABD47A71946F95A00492B20</string>
			<key>isa</key>
			<string>PBXBuildFile</string>
		</dict>
		<key>EABD48211946F95A00492B20</key>
		<dict>
			<key>fileRef</key>
			<string>EABD47A91946F95A00492B20</string>
			<key>isa</key>
			<string>PBXBuildFile</string>
		</dict>
		<key>EABD48221946F95A00492B20</key>
		<dict>
			<key>fileRef</key>
			<string>EABD47AB1946F95A00492B20</string>
			<key>isa</key>
			<string>PBXBuildFile</string>
		</dict>
		<key>EABD48231946F95A00492B20</key>
		<dict>
			<key>fileRef</key>
			<string>EABD47AD1946F95A00492B20</string>
			<key>isa</key>
			<string>PBXBuildFile</string>
		</dict>
		<key>EABD48241946F95A00492B20</key>
		<dict>
			<key>fileRef</key>
			<string>EABD47AF1946F95A00492B20</string>
			<key>isa</key>
			<string>PBXBuildFile</string>
		</dict>
		<key>EABD48251946F95A00492B20</key>
		<dict>
			<key>fileRef</key>
			<string>EABD47B11946F95A00492B20</string>
			<key>isa</key>
			<string>PBXBuildFile</string>
		</dict>
		<key>EABD48261946F95A00492B20</key>
		<dict>
			<key>fileRef</key>
			<string>EABD47B31946F95A00492B20</string>
			<key>isa</key>
			<string>PBXBuildFile</string>
		</dict>
		<key>EABD48271946F95A00492B20</key>
		<dict>
			<key>fileRef</key>
			<string>EABD47B51946F95A00492B20</string>
			<key>isa</key>
			<string>PBXBuildFile</string>
		</dict>
		<key>EABD48281946F95A00492B20</key>
		<dict>
			<key>fileRef</key>
			<string>EABD47B71946F95A00492B20</string>
			<key>isa</key>
			<string>PBXBuildFile</string>
		</dict>
		<key>EABD48291946F95A00492B20</key>
		<dict>
			<key>fileRef</key>
			<string>EABD47B91946F95A00492B20</string>
			<key>isa</key>
			<string>PBXBuildFile</string>
		</dict>
		<key>EABD482A1946F95A00492B20</key>
		<dict>
			<key>fileRef</key>
			<string>EABD47BB1946F95A00492B20</string>
			<key>isa</key>
			<string>PBXBuildFile</string>
		</dict>
		<key>EABD482B1946F95A00492B20</key>
		<dict>
			<key>fileRef</key>
			<string>EABD47BD1946F95A00492B20</string>
			<key>isa</key>
			<string>PBXBuildFile</string>
		</dict>
		<key>EABD482C1946F95A00492B20</key>
		<dict>
			<key>fileRef</key>
			<string>EABD47BF1946F95A00492B20</string>
			<key>isa</key>
			<string>PBXBuildFile</string>
		</dict>
		<key>EABD482D1946F95A00492B20</key>
		<dict>
			<key>fileRef</key>
			<string>EABD47C11946F95A00492B20</string>
			<key>isa</key>
			<string>PBXBuildFile</string>
		</dict>
		<key>EABD482E1946F95A00492B20</key>
		<dict>
			<key>fileRef</key>
			<string>EABD47C31946F95A00492B20</string>
			<key>isa</key>
			<string>PBXBuildFile</string>
		</dict>
		<key>EABD482F1946F95A00492B20</key>
		<dict>
			<key>fileRef</key>
			<string>EABD47C51946F95A00492B20</string>
			<key>isa</key>
			<string>PBXBuildFile</string>
		</dict>
		<key>EABD48301946F95A00492B20</key>
		<dict>
			<key>fileRef</key>
			<string>EABD47C71946F95A00492B20</string>
			<key>isa</key>
			<string>PBXBuildFile</string>
		</dict>
		<key>EABD48311946F95A00492B20</key>
		<dict>
			<key>fileRef</key>
			<string>EABD47C91946F95A00492B20</string>
			<key>isa</key>
			<string>PBXBuildFile</string>
		</dict>
		<key>EABD48321946F95A00492B20</key>
		<dict>
			<key>fileRef</key>
			<string>EABD47CB1946F95A00492B20</string>
			<key>isa</key>
			<string>PBXBuildFile</string>
		</dict>
		<key>EABD48331946F95A00492B20</key>
		<dict>
			<key>fileRef</key>
			<string>EABD47CD1946F95A00492B20</string>
			<key>isa</key>
			<string>PBXBuildFile</string>
		</dict>
		<key>EABD48341946F95A00492B20</key>
		<dict>
			<key>fileRef</key>
			<string>EABD47CF1946F95A00492B20</string>
			<key>isa</key>
			<string>PBXBuildFile</string>
		</dict>
		<key>EABD48351946F95A00492B20</key>
		<dict>
			<key>fileRef</key>
			<string>EABD47D11946F95A00492B20</string>
			<key>isa</key>
			<string>PBXBuildFile</string>
		</dict>
		<key>EABD48361946F95A00492B20</key>
		<dict>
			<key>fileRef</key>
			<string>EABD47D31946F95A00492B20</string>
			<key>isa</key>
			<string>PBXBuildFile</string>
		</dict>
		<key>EABD48371946F95A00492B20</key>
		<dict>
			<key>fileRef</key>
			<string>EABD47D51946F95A00492B20</string>
			<key>isa</key>
			<string>PBXBuildFile</string>
		</dict>
		<key>EABD48381946F95A00492B20</key>
		<dict>
			<key>fileRef</key>
			<string>EABD47D71946F95A00492B20</string>
			<key>isa</key>
			<string>PBXBuildFile</string>
		</dict>
		<key>EABD48391946F95A00492B20</key>
		<dict>
			<key>fileRef</key>
			<string>EABD47D91946F95A00492B20</string>
			<key>isa</key>
			<string>PBXBuildFile</string>
		</dict>
		<key>EABD483A1946F95A00492B20</key>
		<dict>
			<key>fileRef</key>
			<string>EABD47DB1946F95A00492B20</string>
			<key>isa</key>
			<string>PBXBuildFile</string>
		</dict>
		<key>EABD483B1946F95A00492B20</key>
		<dict>
			<key>fileRef</key>
			<string>EABD47DD1946F95A00492B20</string>
			<key>isa</key>
			<string>PBXBuildFile</string>
		</dict>
		<key>EABD483C1946F95A00492B20</key>
		<dict>
			<key>fileRef</key>
			<string>EABD47DF1946F95A00492B20</string>
			<key>isa</key>
			<string>PBXBuildFile</string>
		</dict>
		<key>EABD483D1946F95A00492B20</key>
		<dict>
			<key>fileRef</key>
			<string>EABD47E11946F95A00492B20</string>
			<key>isa</key>
			<string>PBXBuildFile</string>
		</dict>
		<key>EABD483E1946F95A00492B20</key>
		<dict>
			<key>fileRef</key>
			<string>EABD47E31946F95A00492B20</string>
			<key>isa</key>
			<string>PBXBuildFile</string>
		</dict>
		<key>EABD483F1946F95A00492B20</key>
		<dict>
			<key>fileRef</key>
			<string>EABD47E51946F95A00492B20</string>
			<key>isa</key>
			<string>PBXBuildFile</string>
		</dict>
		<key>EABD48401946F95A00492B20</key>
		<dict>
			<key>fileRef</key>
			<string>EABD47E71946F95A00492B20</string>
			<key>isa</key>
			<string>PBXBuildFile</string>
		</dict>
		<key>EABD48411946F95A00492B20</key>
		<dict>
			<key>fileRef</key>
			<string>EABD47E91946F95A00492B20</string>
			<key>isa</key>
			<string>PBXBuildFile</string>
		</dict>
		<key>EABD48421946F95A00492B20</key>
		<dict>
			<key>fileRef</key>
			<string>EABD47EB1946F95A00492B20</string>
			<key>isa</key>
			<string>PBXBuildFile</string>
		</dict>
		<key>EABD48431946F95A00492B20</key>
		<dict>
			<key>fileRef</key>
			<string>EABD47ED1946F95A00492B20</string>
			<key>isa</key>
			<string>PBXBuildFile</string>
		</dict>
		<key>EABD48441946F95A00492B20</key>
		<dict>
			<key>fileRef</key>
			<string>EABD47EF1946F95A00492B20</string>
			<key>isa</key>
			<string>PBXBuildFile</string>
		</dict>
		<key>EABD48451946F95A00492B20</key>
		<dict>
			<key>fileRef</key>
			<string>EABD47F11946F95A00492B20</string>
			<key>isa</key>
			<string>PBXBuildFile</string>
		</dict>
		<key>EABD48461946F95A00492B20</key>
		<dict>
			<key>fileRef</key>
			<string>EABD47F31946F95A00492B20</string>
			<key>isa</key>
			<string>PBXBuildFile</string>
		</dict>
		<key>EABD48471946F95A00492B20</key>
		<dict>
			<key>fileRef</key>
			<string>EABD47F51946F95A00492B20</string>
			<key>isa</key>
			<string>PBXBuildFile</string>
		</dict>
		<key>EABD48481946F95A00492B20</key>
		<dict>
			<key>fileRef</key>
			<string>EABD47F71946F95A00492B20</string>
			<key>isa</key>
			<string>PBXBuildFile</string>
		</dict>
		<key>EABD48491946F95A00492B20</key>
		<dict>
			<key>fileRef</key>
			<string>EABD47F91946F95A00492B20</string>
			<key>isa</key>
			<string>PBXBuildFile</string>
		</dict>
		<key>EABD484A1946F95A00492B20</key>
		<dict>
			<key>fileRef</key>
			<string>EABD47FB1946F95A00492B20</string>
			<key>isa</key>
			<string>PBXBuildFile</string>
		</dict>
		<key>EABD484B1946F95A00492B20</key>
		<dict>
			<key>fileRef</key>
			<string>EABD47FD1946F95A00492B20</string>
			<key>isa</key>
			<string>PBXBuildFile</string>
		</dict>
		<key>EABD484C1946F95A00492B20</key>
		<dict>
			<key>fileRef</key>
			<string>EABD47FF1946F95A00492B20</string>
			<key>isa</key>
			<string>PBXBuildFile</string>
		</dict>
		<key>EABD484D1946F95A00492B20</key>
		<dict>
			<key>fileRef</key>
			<string>EABD48011946F95A00492B20</string>
			<key>isa</key>
			<string>PBXBuildFile</string>
		</dict>
		<key>EABD484E1946F95A00492B20</key>
		<dict>
			<key>fileRef</key>
			<string>EABD48031946F95A00492B20</string>
			<key>isa</key>
			<string>PBXBuildFile</string>
		</dict>
		<key>EABD484F1946F95A00492B20</key>
		<dict>
			<key>fileRef</key>
			<string>EABD48051946F95A00492B20</string>
			<key>isa</key>
			<string>PBXBuildFile</string>
		</dict>
		<key>EABD48501946F95A00492B20</key>
		<dict>
			<key>fileRef</key>
			<string>EABD48071946F95A00492B20</string>
			<key>isa</key>
			<string>PBXBuildFile</string>
		</dict>
		<key>EABD48511946F95A00492B20</key>
		<dict>
			<key>fileRef</key>
			<string>EABD48091946F95A00492B20</string>
			<key>isa</key>
			<string>PBXBuildFile</string>
		</dict>
		<key>EABD48521946F95A00492B20</key>
		<dict>
			<key>fileRef</key>
			<string>EABD480B1946F95A00492B20</string>
			<key>isa</key>
			<string>PBXBuildFile</string>
		</dict>
		<key>EABD48531946F95A00492B20</key>
		<dict>
			<key>fileRef</key>
			<string>EABD480D1946F95A00492B20</string>
			<key>isa</key>
			<string>PBXBuildFile</string>
		</dict>
		<key>EABD48541946F95A00492B20</key>
		<dict>
			<key>fileRef</key>
			<string>EABD480F1946F95A00492B20</string>
			<key>isa</key>
			<string>PBXBuildFile</string>
		</dict>
		<key>EABD48551946F95A00492B20</key>
		<dict>
			<key>fileRef</key>
			<string>EABD48111946F95A00492B20</string>
			<key>isa</key>
			<string>PBXBuildFile</string>
		</dict>
		<key>EABD48561946F95A00492B20</key>
		<dict>
			<key>fileRef</key>
			<string>EABD48131946F95A00492B20</string>
			<key>isa</key>
			<string>PBXBuildFile</string>
		</dict>
		<key>EABD48571946F95A00492B20</key>
		<dict>
			<key>fileRef</key>
			<string>EABD48151946F95A00492B20</string>
			<key>isa</key>
			<string>PBXBuildFile</string>
		</dict>
		<key>EABD48581946F95A00492B20</key>
		<dict>
			<key>fileRef</key>
			<string>EABD48171946F95A00492B20</string>
			<key>isa</key>
			<string>PBXBuildFile</string>
		</dict>
		<key>EABD48591946F95A00492B20</key>
		<dict>
			<key>fileRef</key>
			<string>EABD48191946F95A00492B20</string>
			<key>isa</key>
			<string>PBXBuildFile</string>
		</dict>
		<key>EABD485A1946F95A00492B20</key>
		<dict>
			<key>fileRef</key>
			<string>EABD481B1946F95A00492B20</string>
			<key>isa</key>
			<string>PBXBuildFile</string>
		</dict>
		<key>EABD485B1946F95A00492B20</key>
		<dict>
			<key>fileRef</key>
			<string>EABD481D1946F95A00492B20</string>
			<key>isa</key>
			<string>PBXBuildFile</string>
		</dict>
		<key>EABD485C1946F95A00492B20</key>
		<dict>
			<key>fileRef</key>
			<string>EABD481F1946F95A00492B20</string>
			<key>isa</key>
			<string>PBXBuildFile</string>
		</dict>
		<key>EABD485D1946F97000492B20</key>
		<dict>
			<key>isa</key>
			<string>PBXFileReference</string>
			<key>lastKnownFileType</key>
			<string>wrapper.framework</string>
			<key>name</key>
			<string>SystemConfiguration.framework</string>
			<key>path</key>
			<string>System/Library/Frameworks/SystemConfiguration.framework</string>
			<key>sourceTree</key>
			<string>SDKROOT</string>
		</dict>
		<key>EABD485E1946F97000492B20</key>
		<dict>
			<key>fileRef</key>
			<string>EABD485D1946F97000492B20</string>
			<key>isa</key>
			<string>PBXBuildFile</string>
		</dict>
	</dict>
	<key>rootObject</key>
	<string>EABD47611946F92800492B20</string>
</dict>
</plist>
